
Microsoft Visual Studio Solution File, Format Version 12.00
# Visual Studio 15
VisualStudioVersion = 15.0.27130.2020
MinimumVisualStudioVersion = 10.0.40219.1
Project("{FAE04EC0-301F-11D3-BF4B-00C04F79EFBC}") = "Test old", "Test Projects\Test\Test old.csproj", "{E40D1949-97DE-43E0-80AE-D7EBFFD18C32}"
EndProject
Project("{FAE04EC0-301F-11D3-BF4B-00C04F79EFBC}") = "Wpf", "Test Projects\Wpf\Wpf.csproj", "{9D4A6C32-247C-42CB-B9B8-12C6AE764AD5}"
EndProject
Project("{FAE04EC0-301F-11D3-BF4B-00C04F79EFBC}") = "WinForms", "Test Projects\WinForms\WinForms.csproj", "{69DDCF66-E8ED-4706-AB52-D49B885DCFD8}"
EndProject
Project("{FAE04EC0-301F-11D3-BF4B-00C04F79EFBC}") = "ScriptClass", "Test Projects\ScriptClass\ScriptClass.csproj", "{373AE121-FC34-421C-B4B5-E083C0C1037F}"
EndProject
Project("{2150E333-8FDC-42A3-9474-1A3956D46DE8}") = "Test Projects", "Test Projects", "{A237D0C7-1BDE-4828-AAF9-E4B2579DAA92}"
EndProject
Project("{2150E333-8FDC-42A3-9474-1A3956D46DE8}") = "App", "App", "{82D5A236-3610-446D-95BA-3888BF6E8F25}"
EndProject
Project("{2150E333-8FDC-42A3-9474-1A3956D46DE8}") = "Dll", "Dll", "{0C880B80-8ECC-4252-A9C9-00BAF5C58A3C}"
EndProject
Project("{F184B08F-C81C-45F6-A57F-5ABD9991F28F}") = "VB", "Test Projects\VB\VB.vbproj", "{F1667046-D7D6-4983-BBD3-B39F8D257592}"
EndProject
Project("{FAE04EC0-301F-11D3-BF4B-00C04F79EFBC}") = "Au.HI", "Other\HI\Au.HI.csproj", "{A868D5B1-56FF-4179-A2EF-8C54F9C156D3}"
EndProject
Project("{FAE04EC0-301F-11D3-BF4B-00C04F79EFBC}") = "Au", "Au\Au.csproj", "{D3087FAC-A12D-4365-A620-7574CD89B17F}"
	ProjectSection(ProjectDependencies) = postProject
		{10559875-C9A1-484C-BCFA-8DC53A428F1C} = {10559875-C9A1-484C-BCFA-8DC53A428F1C}
	EndProjectSection
EndProject
Project("{2150E333-8FDC-42A3-9474-1A3956D46DE8}") = "Other", "Other", "{4B65F34E-129D-46F9-9464-25737BC43029}"
EndProject
Project("{FAE04EC0-301F-11D3-BF4B-00C04F79EFBC}") = "SdkConverter", "Other\SdkConverter\SdkConverter.csproj", "{9EEBC1D8-E069-460B-8D45-DEFB49BF83C2}"
EndProject
Project("{8BC9CEB8-8B4A-11D0-8D11-00A0C91BC942}") = "SdkConverter C++ code test", "Other\SdkPreprocess\SdkPreprocess.vcxproj", "{E6C47AA1-8569-455C-B06E-F22D0D2BBD1F}"
EndProject
Project("{FAE04EC0-301F-11D3-BF4B-00C04F79EFBC}") = "Tests", "Tests\Tests.csproj", "{55C9E760-5732-4623-B30B-A9D8BA01D3AE}"
	ProjectSection(ProjectDependencies) = postProject
		{10559875-C9A1-484C-BCFA-8DC53A428F1C} = {10559875-C9A1-484C-BCFA-8DC53A428F1C}
	EndProjectSection
EndProject
Project("{FAE04EC0-301F-11D3-BF4B-00C04F79EFBC}") = "Au.Editor", "Editor\Au.Editor.csproj", "{466DE975-A615-4871-98BA-07C13E192953}"
	ProjectSection(ProjectDependencies) = postProject
		{FBE04237-9C7B-4973-9C60-505975998B39} = {FBE04237-9C7B-4973-9C60-505975998B39}
		{A868D5B1-56FF-4179-A2EF-8C54F9C156D3} = {A868D5B1-56FF-4179-A2EF-8C54F9C156D3}
		{152DACC0-C50D-4779-A556-8834ADD06595} = {152DACC0-C50D-4779-A556-8834ADD06595}
	EndProjectSection
EndProject
Project("{FAE04EC0-301F-11D3-BF4B-00C04F79EFBC}") = "Au.Controls", "Controls\Au.Controls.csproj", "{4C53EA3E-D770-41AC-9A19-381B840CD14A}"
EndProject
Project("{FAE04EC0-301F-11D3-BF4B-00C04F79EFBC}") = "TreeList", "Libraries\TreeList\TreeList.csproj", "{E73BB233-D88B-44A7-A98F-D71EE158381D}"
EndProject
Project("{8BC9CEB8-8B4A-11D0-8D11-00A0C91BC942}") = "SciLexer", "Libraries\SciLexer\win32\SciLexer.vcxproj", "{FBE04237-9C7B-4973-9C60-505975998B39}"
EndProject
Project("{FAE04EC0-301F-11D3-BF4B-00C04F79EFBC}") = "Simple", "Test Projects\Simple\Simple.csproj", "{168C7B27-3B32-4F3E-B8E6-99382C8E601C}"
EndProject
Project("{8BC9CEB8-8B4A-11D0-8D11-00A0C91BC942}") = "UnmanagedExe", "Test Projects\UnmanagedExe\UnmanagedExe.vcxproj", "{2C19F8F2-6D71-4209-B5C7-B153AAFDAC59}"
EndProject
Project("{8BC9CEB8-8B4A-11D0-8D11-00A0C91BC942}") = "Cpp", "Cpp\Cpp.vcxproj", "{10559875-C9A1-484C-BCFA-8DC53A428F1C}"
EndProject
Project("{8BC9CEB8-8B4A-11D0-8D11-00A0C91BC942}") = "UnmanagedDll", "Test Projects\UnmanagedDll\UnmanagedDll.vcxproj", "{9763935B-D7BB-4111-8C86-F8619124985F}"
EndProject
Project("{2150E333-8FDC-42A3-9474-1A3956D46DE8}") = "Libraries", "Libraries", "{016834A7-5E0C-4356-81F4-E4034CD56BBD}"
EndProject
Project("{8BC9CEB8-8B4A-11D0-8D11-00A0C91BC942}") = "PCRE", "Libraries\PCRE\PCRE.vcxproj", "{190BC611-EE00-4B10-87F2-A7E73B639E59}"
EndProject
Project("{FAE04EC0-301F-11D3-BF4B-00C04F79EFBC}") = "SimpleLib", "Test Projects\SimpleLib\SimpleLib.csproj", "{417FF287-D121-46DA-BE0D-A6E6019A5B7B}"
EndProject
Project("{FAE04EC0-301F-11D3-BF4B-00C04F79EFBC}") = "Unused", "Test Projects\Unused\Unused.csproj", "{FC071F03-B2EB-4895-A8BF-F29D1F209155}"
EndProject
Project("{FAE04EC0-301F-11D3-BF4B-00C04F79EFBC}") = "Au.Tools", "Tools\Au.Tools.csproj", "{11859729-3AAB-41AE-9F28-571A11F1F029}"
EndProject
Project("{FAE04EC0-301F-11D3-BF4B-00C04F79EFBC}") = "SourceGrid", "Libraries\SourceGrid\SourceGrid.csproj", "{2A5A1657-DBA8-4117-8E2A-9F1236ACE9E2}"
EndProject
Project("{FAE04EC0-301F-11D3-BF4B-00C04F79EFBC}") = "AuTo", "Other\AuTo\AuTo.csproj", "{99763C5A-4F8A-455E-80A4-8760CB149290}"
EndProject
Project("{FAE04EC0-301F-11D3-BF4B-00C04F79EFBC}") = "Au.Setup", "Au.Setup\Au.Setup.csproj", "{1C32F408-052B-45E6-9167-3D673FC58516}"
EndProject
Project("{FAE04EC0-301F-11D3-BF4B-00C04F79EFBC}") = "Au.Compiler", "Au.Compiler\Au.Compiler.csproj", "{F296FD5D-8399-4BB3-B01C-82AD96A50B44}"
EndProject
Project("{FAE04EC0-301F-11D3-BF4B-00C04F79EFBC}") = "Au.Task", "Au.Task\Au.Task.csproj", "{152DACC0-C50D-4779-A556-8834ADD06595}"
EndProject
Project("{FAE04EC0-301F-11D3-BF4B-00C04F79EFBC}") = "Au.Triggers", "Au.Triggers\Au.Triggers.csproj", "{50642350-24D7-42C9-9916-D7F01F6BC16B}"
EndProject
Project("{8BC9CEB8-8B4A-11D0-8D11-00A0C91BC942}") = "Au.CL", "Au.CL\Au.CL.vcxproj", "{90405A15-35EC-41F6-AB6A-7F2B9AE54B53}"
EndProject
Project("{2150E333-8FDC-42A3-9474-1A3956D46DE8}") = "Small", "Small", "{EC35AA9D-EAEC-4472-B134-C754B21C96C8}"
EndProject
Project("{FAE04EC0-301F-11D3-BF4B-00C04F79EFBC}") = "DocFX", "Other\DocFX\DocFX.csproj", "{C84FD40F-6D87-43FA-BBAD-5CA3C8B98E44}"
EndProject
Global
	GlobalSection(SolutionConfigurationPlatforms) = preSolution
		Debug|Any CPU = Debug|Any CPU
		Debug|x64 = Debug|x64
		Debug|x86 = Debug|x86
		Release|Any CPU = Release|Any CPU
		Release|x64 = Release|x64
		Release|x86 = Release|x86
	EndGlobalSection
	GlobalSection(ProjectConfigurationPlatforms) = postSolution
		{E40D1949-97DE-43E0-80AE-D7EBFFD18C32}.Debug|Any CPU.ActiveCfg = Debug|Any CPU
		{E40D1949-97DE-43E0-80AE-D7EBFFD18C32}.Debug|x64.ActiveCfg = Debug|Any CPU
		{E40D1949-97DE-43E0-80AE-D7EBFFD18C32}.Debug|x86.ActiveCfg = Debug|Any CPU
		{E40D1949-97DE-43E0-80AE-D7EBFFD18C32}.Release|Any CPU.ActiveCfg = Release|Any CPU
		{E40D1949-97DE-43E0-80AE-D7EBFFD18C32}.Release|x64.ActiveCfg = Release|Any CPU
		{E40D1949-97DE-43E0-80AE-D7EBFFD18C32}.Release|x86.ActiveCfg = Release|Any CPU
		{9D4A6C32-247C-42CB-B9B8-12C6AE764AD5}.Debug|Any CPU.ActiveCfg = Debug|Any CPU
		{9D4A6C32-247C-42CB-B9B8-12C6AE764AD5}.Debug|x64.ActiveCfg = Debug|Any CPU
		{9D4A6C32-247C-42CB-B9B8-12C6AE764AD5}.Debug|x86.ActiveCfg = Debug|Any CPU
		{9D4A6C32-247C-42CB-B9B8-12C6AE764AD5}.Release|Any CPU.ActiveCfg = Release|Any CPU
		{9D4A6C32-247C-42CB-B9B8-12C6AE764AD5}.Release|x64.ActiveCfg = Release|Any CPU
		{9D4A6C32-247C-42CB-B9B8-12C6AE764AD5}.Release|x86.ActiveCfg = Release|Any CPU
		{69DDCF66-E8ED-4706-AB52-D49B885DCFD8}.Debug|Any CPU.ActiveCfg = Debug|Any CPU
		{69DDCF66-E8ED-4706-AB52-D49B885DCFD8}.Debug|Any CPU.Build.0 = Debug|Any CPU
		{69DDCF66-E8ED-4706-AB52-D49B885DCFD8}.Debug|x64.ActiveCfg = Debug|Any CPU
		{69DDCF66-E8ED-4706-AB52-D49B885DCFD8}.Debug|x86.ActiveCfg = Debug|Any CPU
		{69DDCF66-E8ED-4706-AB52-D49B885DCFD8}.Release|Any CPU.ActiveCfg = Release|Any CPU
		{69DDCF66-E8ED-4706-AB52-D49B885DCFD8}.Release|Any CPU.Build.0 = Release|Any CPU
		{69DDCF66-E8ED-4706-AB52-D49B885DCFD8}.Release|x64.ActiveCfg = Release|Any CPU
		{69DDCF66-E8ED-4706-AB52-D49B885DCFD8}.Release|x86.ActiveCfg = Release|Any CPU
		{373AE121-FC34-421C-B4B5-E083C0C1037F}.Debug|Any CPU.ActiveCfg = Debug|Any CPU
		{373AE121-FC34-421C-B4B5-E083C0C1037F}.Debug|Any CPU.Build.0 = Debug|Any CPU
		{373AE121-FC34-421C-B4B5-E083C0C1037F}.Debug|x64.ActiveCfg = Debug|Any CPU
		{373AE121-FC34-421C-B4B5-E083C0C1037F}.Debug|x86.ActiveCfg = Debug|Any CPU
		{373AE121-FC34-421C-B4B5-E083C0C1037F}.Release|Any CPU.ActiveCfg = Release|Any CPU
		{373AE121-FC34-421C-B4B5-E083C0C1037F}.Release|x64.ActiveCfg = Release|Any CPU
		{373AE121-FC34-421C-B4B5-E083C0C1037F}.Release|x86.ActiveCfg = Release|Any CPU
		{F1667046-D7D6-4983-BBD3-B39F8D257592}.Debug|Any CPU.ActiveCfg = Debug|Any CPU
		{F1667046-D7D6-4983-BBD3-B39F8D257592}.Debug|x64.ActiveCfg = Debug|Any CPU
		{F1667046-D7D6-4983-BBD3-B39F8D257592}.Debug|x86.ActiveCfg = Debug|Any CPU
		{F1667046-D7D6-4983-BBD3-B39F8D257592}.Release|Any CPU.ActiveCfg = Release|Any CPU
		{F1667046-D7D6-4983-BBD3-B39F8D257592}.Release|x64.ActiveCfg = Release|Any CPU
		{F1667046-D7D6-4983-BBD3-B39F8D257592}.Release|x86.ActiveCfg = Release|Any CPU
		{A868D5B1-56FF-4179-A2EF-8C54F9C156D3}.Debug|Any CPU.ActiveCfg = Debug|Any CPU
		{A868D5B1-56FF-4179-A2EF-8C54F9C156D3}.Debug|Any CPU.Build.0 = Debug|Any CPU
		{A868D5B1-56FF-4179-A2EF-8C54F9C156D3}.Debug|x64.ActiveCfg = Debug|Any CPU
		{A868D5B1-56FF-4179-A2EF-8C54F9C156D3}.Debug|x64.Build.0 = Debug|Any CPU
		{A868D5B1-56FF-4179-A2EF-8C54F9C156D3}.Debug|x86.ActiveCfg = Debug|Any CPU
		{A868D5B1-56FF-4179-A2EF-8C54F9C156D3}.Debug|x86.Build.0 = Debug|Any CPU
		{A868D5B1-56FF-4179-A2EF-8C54F9C156D3}.Release|Any CPU.ActiveCfg = Release|Any CPU
		{A868D5B1-56FF-4179-A2EF-8C54F9C156D3}.Release|Any CPU.Build.0 = Release|Any CPU
		{A868D5B1-56FF-4179-A2EF-8C54F9C156D3}.Release|x64.ActiveCfg = Release|Any CPU
		{A868D5B1-56FF-4179-A2EF-8C54F9C156D3}.Release|x64.Build.0 = Release|Any CPU
		{A868D5B1-56FF-4179-A2EF-8C54F9C156D3}.Release|x86.ActiveCfg = Release|Any CPU
		{A868D5B1-56FF-4179-A2EF-8C54F9C156D3}.Release|x86.Build.0 = Release|Any CPU
		{D3087FAC-A12D-4365-A620-7574CD89B17F}.Debug|Any CPU.ActiveCfg = Debug|Any CPU
		{D3087FAC-A12D-4365-A620-7574CD89B17F}.Debug|Any CPU.Build.0 = Debug|Any CPU
		{D3087FAC-A12D-4365-A620-7574CD89B17F}.Debug|x64.ActiveCfg = Debug|Any CPU
		{D3087FAC-A12D-4365-A620-7574CD89B17F}.Debug|x64.Build.0 = Debug|Any CPU
		{D3087FAC-A12D-4365-A620-7574CD89B17F}.Debug|x86.ActiveCfg = Debug|Any CPU
		{D3087FAC-A12D-4365-A620-7574CD89B17F}.Debug|x86.Build.0 = Debug|Any CPU
		{D3087FAC-A12D-4365-A620-7574CD89B17F}.Release|Any CPU.ActiveCfg = Release|Any CPU
		{D3087FAC-A12D-4365-A620-7574CD89B17F}.Release|Any CPU.Build.0 = Release|Any CPU
		{D3087FAC-A12D-4365-A620-7574CD89B17F}.Release|x64.ActiveCfg = Release|Any CPU
		{D3087FAC-A12D-4365-A620-7574CD89B17F}.Release|x64.Build.0 = Release|Any CPU
		{D3087FAC-A12D-4365-A620-7574CD89B17F}.Release|x86.ActiveCfg = Release|Any CPU
		{D3087FAC-A12D-4365-A620-7574CD89B17F}.Release|x86.Build.0 = Release|Any CPU
		{9EEBC1D8-E069-460B-8D45-DEFB49BF83C2}.Debug|Any CPU.ActiveCfg = Debug|Any CPU
		{9EEBC1D8-E069-460B-8D45-DEFB49BF83C2}.Debug|x64.ActiveCfg = Debug|Any CPU
		{9EEBC1D8-E069-460B-8D45-DEFB49BF83C2}.Debug|x86.ActiveCfg = Debug|Any CPU
		{9EEBC1D8-E069-460B-8D45-DEFB49BF83C2}.Debug|x86.Build.0 = Debug|Any CPU
		{9EEBC1D8-E069-460B-8D45-DEFB49BF83C2}.Release|Any CPU.ActiveCfg = Release|Any CPU
		{9EEBC1D8-E069-460B-8D45-DEFB49BF83C2}.Release|x64.ActiveCfg = Release|Any CPU
		{9EEBC1D8-E069-460B-8D45-DEFB49BF83C2}.Release|x86.ActiveCfg = Release|Any CPU
		{9EEBC1D8-E069-460B-8D45-DEFB49BF83C2}.Release|x86.Build.0 = Release|Any CPU
		{E6C47AA1-8569-455C-B06E-F22D0D2BBD1F}.Debug|Any CPU.ActiveCfg = Debug|Win32
		{E6C47AA1-8569-455C-B06E-F22D0D2BBD1F}.Debug|x64.ActiveCfg = Debug|Win32
		{E6C47AA1-8569-455C-B06E-F22D0D2BBD1F}.Debug|x86.ActiveCfg = Debug|Win32
		{E6C47AA1-8569-455C-B06E-F22D0D2BBD1F}.Release|Any CPU.ActiveCfg = Release|Win32
		{E6C47AA1-8569-455C-B06E-F22D0D2BBD1F}.Release|x64.ActiveCfg = Release|Win32
		{E6C47AA1-8569-455C-B06E-F22D0D2BBD1F}.Release|x86.ActiveCfg = Release|Win32
		{55C9E760-5732-4623-B30B-A9D8BA01D3AE}.Debug|Any CPU.ActiveCfg = Debug|Any CPU
		{55C9E760-5732-4623-B30B-A9D8BA01D3AE}.Debug|Any CPU.Build.0 = Debug|Any CPU
		{55C9E760-5732-4623-B30B-A9D8BA01D3AE}.Debug|x64.ActiveCfg = Debug|Any CPU
		{55C9E760-5732-4623-B30B-A9D8BA01D3AE}.Debug|x64.Build.0 = Debug|Any CPU
		{55C9E760-5732-4623-B30B-A9D8BA01D3AE}.Debug|x86.ActiveCfg = Debug|Any CPU
		{55C9E760-5732-4623-B30B-A9D8BA01D3AE}.Debug|x86.Build.0 = Debug|Any CPU
		{55C9E760-5732-4623-B30B-A9D8BA01D3AE}.Release|Any CPU.ActiveCfg = Release|Any CPU
		{55C9E760-5732-4623-B30B-A9D8BA01D3AE}.Release|Any CPU.Build.0 = Release|Any CPU
		{55C9E760-5732-4623-B30B-A9D8BA01D3AE}.Release|x64.ActiveCfg = Release|Any CPU
		{55C9E760-5732-4623-B30B-A9D8BA01D3AE}.Release|x64.Build.0 = Release|Any CPU
		{55C9E760-5732-4623-B30B-A9D8BA01D3AE}.Release|x86.ActiveCfg = Release|Any CPU
		{55C9E760-5732-4623-B30B-A9D8BA01D3AE}.Release|x86.Build.0 = Release|Any CPU
		{466DE975-A615-4871-98BA-07C13E192953}.Debug|Any CPU.ActiveCfg = Debug|Any CPU
		{466DE975-A615-4871-98BA-07C13E192953}.Debug|Any CPU.Build.0 = Debug|Any CPU
		{466DE975-A615-4871-98BA-07C13E192953}.Debug|x64.ActiveCfg = Debug|Any CPU
		{466DE975-A615-4871-98BA-07C13E192953}.Debug|x64.Build.0 = Debug|Any CPU
		{466DE975-A615-4871-98BA-07C13E192953}.Debug|x86.ActiveCfg = Debug|Any CPU
		{466DE975-A615-4871-98BA-07C13E192953}.Debug|x86.Build.0 = Debug|Any CPU
		{466DE975-A615-4871-98BA-07C13E192953}.Release|Any CPU.ActiveCfg = Release|Any CPU
		{466DE975-A615-4871-98BA-07C13E192953}.Release|Any CPU.Build.0 = Release|Any CPU
		{466DE975-A615-4871-98BA-07C13E192953}.Release|x64.ActiveCfg = Release|Any CPU
		{466DE975-A615-4871-98BA-07C13E192953}.Release|x64.Build.0 = Release|Any CPU
		{466DE975-A615-4871-98BA-07C13E192953}.Release|x86.ActiveCfg = Release|Any CPU
		{466DE975-A615-4871-98BA-07C13E192953}.Release|x86.Build.0 = Release|Any CPU
		{4C53EA3E-D770-41AC-9A19-381B840CD14A}.Debug|Any CPU.ActiveCfg = Debug|Any CPU
		{4C53EA3E-D770-41AC-9A19-381B840CD14A}.Debug|Any CPU.Build.0 = Debug|Any CPU
		{4C53EA3E-D770-41AC-9A19-381B840CD14A}.Debug|x64.ActiveCfg = Debug|Any CPU
		{4C53EA3E-D770-41AC-9A19-381B840CD14A}.Debug|x64.Build.0 = Debug|Any CPU
		{4C53EA3E-D770-41AC-9A19-381B840CD14A}.Debug|x86.ActiveCfg = Debug|Any CPU
		{4C53EA3E-D770-41AC-9A19-381B840CD14A}.Debug|x86.Build.0 = Debug|Any CPU
		{4C53EA3E-D770-41AC-9A19-381B840CD14A}.Release|Any CPU.ActiveCfg = Release|Any CPU
		{4C53EA3E-D770-41AC-9A19-381B840CD14A}.Release|Any CPU.Build.0 = Release|Any CPU
		{4C53EA3E-D770-41AC-9A19-381B840CD14A}.Release|x64.ActiveCfg = Release|Any CPU
		{4C53EA3E-D770-41AC-9A19-381B840CD14A}.Release|x64.Build.0 = Release|Any CPU
		{4C53EA3E-D770-41AC-9A19-381B840CD14A}.Release|x86.ActiveCfg = Release|Any CPU
		{4C53EA3E-D770-41AC-9A19-381B840CD14A}.Release|x86.Build.0 = Release|Any CPU
		{E73BB233-D88B-44A7-A98F-D71EE158381D}.Debug|Any CPU.ActiveCfg = Debug|Any CPU
		{E73BB233-D88B-44A7-A98F-D71EE158381D}.Debug|Any CPU.Build.0 = Debug|Any CPU
		{E73BB233-D88B-44A7-A98F-D71EE158381D}.Debug|x64.ActiveCfg = Debug|Any CPU
		{E73BB233-D88B-44A7-A98F-D71EE158381D}.Debug|x64.Build.0 = Debug|Any CPU
		{E73BB233-D88B-44A7-A98F-D71EE158381D}.Debug|x86.ActiveCfg = Debug|Any CPU
		{E73BB233-D88B-44A7-A98F-D71EE158381D}.Debug|x86.Build.0 = Debug|Any CPU
		{E73BB233-D88B-44A7-A98F-D71EE158381D}.Release|Any CPU.ActiveCfg = Release|Any CPU
		{E73BB233-D88B-44A7-A98F-D71EE158381D}.Release|Any CPU.Build.0 = Release|Any CPU
		{E73BB233-D88B-44A7-A98F-D71EE158381D}.Release|x64.ActiveCfg = Release|Any CPU
		{E73BB233-D88B-44A7-A98F-D71EE158381D}.Release|x64.Build.0 = Release|Any CPU
		{E73BB233-D88B-44A7-A98F-D71EE158381D}.Release|x86.ActiveCfg = Release|Any CPU
		{E73BB233-D88B-44A7-A98F-D71EE158381D}.Release|x86.Build.0 = Release|Any CPU
		{FBE04237-9C7B-4973-9C60-505975998B39}.Debug|Any CPU.ActiveCfg = Release|x64
		{FBE04237-9C7B-4973-9C60-505975998B39}.Debug|Any CPU.Build.0 = Release|x64
		{FBE04237-9C7B-4973-9C60-505975998B39}.Debug|x64.ActiveCfg = Debug|x64
		{FBE04237-9C7B-4973-9C60-505975998B39}.Debug|x64.Build.0 = Debug|x64
		{FBE04237-9C7B-4973-9C60-505975998B39}.Debug|x86.ActiveCfg = Release|Win32
		{FBE04237-9C7B-4973-9C60-505975998B39}.Debug|x86.Build.0 = Release|Win32
		{FBE04237-9C7B-4973-9C60-505975998B39}.Release|Any CPU.ActiveCfg = Release|x64
		{FBE04237-9C7B-4973-9C60-505975998B39}.Release|Any CPU.Build.0 = Release|x64
		{FBE04237-9C7B-4973-9C60-505975998B39}.Release|x64.ActiveCfg = Release|x64
		{FBE04237-9C7B-4973-9C60-505975998B39}.Release|x64.Build.0 = Release|x64
		{FBE04237-9C7B-4973-9C60-505975998B39}.Release|x86.ActiveCfg = Release|Win32
		{168C7B27-3B32-4F3E-B8E6-99382C8E601C}.Debug|Any CPU.ActiveCfg = Debug|Any CPU
		{168C7B27-3B32-4F3E-B8E6-99382C8E601C}.Debug|Any CPU.Build.0 = Debug|Any CPU
		{168C7B27-3B32-4F3E-B8E6-99382C8E601C}.Debug|x64.ActiveCfg = Debug|Any CPU
		{168C7B27-3B32-4F3E-B8E6-99382C8E601C}.Debug|x86.ActiveCfg = Debug|Any CPU
		{168C7B27-3B32-4F3E-B8E6-99382C8E601C}.Debug|x86.Build.0 = Debug|Any CPU
		{168C7B27-3B32-4F3E-B8E6-99382C8E601C}.Release|Any CPU.ActiveCfg = Release|Any CPU
		{168C7B27-3B32-4F3E-B8E6-99382C8E601C}.Release|Any CPU.Build.0 = Release|Any CPU
		{168C7B27-3B32-4F3E-B8E6-99382C8E601C}.Release|x64.ActiveCfg = Release|Any CPU
		{168C7B27-3B32-4F3E-B8E6-99382C8E601C}.Release|x86.ActiveCfg = Release|Any CPU
		{168C7B27-3B32-4F3E-B8E6-99382C8E601C}.Release|x86.Build.0 = Release|Any CPU
		{2C19F8F2-6D71-4209-B5C7-B153AAFDAC59}.Debug|Any CPU.ActiveCfg = Debug|Win32
		{2C19F8F2-6D71-4209-B5C7-B153AAFDAC59}.Debug|x64.ActiveCfg = Debug|Win32
		{2C19F8F2-6D71-4209-B5C7-B153AAFDAC59}.Debug|x86.ActiveCfg = Debug|Win32
		{2C19F8F2-6D71-4209-B5C7-B153AAFDAC59}.Debug|x86.Build.0 = Debug|Win32
		{2C19F8F2-6D71-4209-B5C7-B153AAFDAC59}.Release|Any CPU.ActiveCfg = Release|Win32
		{2C19F8F2-6D71-4209-B5C7-B153AAFDAC59}.Release|x64.ActiveCfg = Release|Win32
		{2C19F8F2-6D71-4209-B5C7-B153AAFDAC59}.Release|x86.ActiveCfg = Release|Win32
		{2C19F8F2-6D71-4209-B5C7-B153AAFDAC59}.Release|x86.Build.0 = Release|Win32
		{10559875-C9A1-484C-BCFA-8DC53A428F1C}.Debug|Any CPU.ActiveCfg = Debug|x64
		{10559875-C9A1-484C-BCFA-8DC53A428F1C}.Debug|Any CPU.Build.0 = Debug|x64
		{10559875-C9A1-484C-BCFA-8DC53A428F1C}.Debug|x64.ActiveCfg = Debug|x64
		{10559875-C9A1-484C-BCFA-8DC53A428F1C}.Debug|x64.Build.0 = Debug|x64
		{10559875-C9A1-484C-BCFA-8DC53A428F1C}.Debug|x86.ActiveCfg = Debug|Win32
		{10559875-C9A1-484C-BCFA-8DC53A428F1C}.Debug|x86.Build.0 = Debug|Win32
		{10559875-C9A1-484C-BCFA-8DC53A428F1C}.Release|Any CPU.ActiveCfg = Release|x64
		{10559875-C9A1-484C-BCFA-8DC53A428F1C}.Release|Any CPU.Build.0 = Release|x64
		{10559875-C9A1-484C-BCFA-8DC53A428F1C}.Release|x64.ActiveCfg = Release|x64
		{10559875-C9A1-484C-BCFA-8DC53A428F1C}.Release|x64.Build.0 = Release|x64
		{10559875-C9A1-484C-BCFA-8DC53A428F1C}.Release|x86.ActiveCfg = Release|Win32
		{10559875-C9A1-484C-BCFA-8DC53A428F1C}.Release|x86.Build.0 = Release|Win32
		{9763935B-D7BB-4111-8C86-F8619124985F}.Debug|Any CPU.ActiveCfg = Debug|Win32
		{9763935B-D7BB-4111-8C86-F8619124985F}.Debug|x64.ActiveCfg = Debug|Win32
		{9763935B-D7BB-4111-8C86-F8619124985F}.Debug|x86.ActiveCfg = Debug|Win32
		{9763935B-D7BB-4111-8C86-F8619124985F}.Debug|x86.Build.0 = Debug|Win32
		{9763935B-D7BB-4111-8C86-F8619124985F}.Release|Any CPU.ActiveCfg = Release|Win32
		{9763935B-D7BB-4111-8C86-F8619124985F}.Release|x64.ActiveCfg = Release|Win32
		{9763935B-D7BB-4111-8C86-F8619124985F}.Release|x86.ActiveCfg = Release|Win32
		{9763935B-D7BB-4111-8C86-F8619124985F}.Release|x86.Build.0 = Release|Win32
		{190BC611-EE00-4B10-87F2-A7E73B639E59}.Debug|Any CPU.ActiveCfg = Release|x64
		{190BC611-EE00-4B10-87F2-A7E73B639E59}.Debug|Any CPU.Build.0 = Release|x64
		{190BC611-EE00-4B10-87F2-A7E73B639E59}.Debug|Any CPU.Deploy.0 = Release|x64
		{190BC611-EE00-4B10-87F2-A7E73B639E59}.Debug|x64.ActiveCfg = Debug|x64
		{190BC611-EE00-4B10-87F2-A7E73B639E59}.Debug|x64.Build.0 = Debug|x64
		{190BC611-EE00-4B10-87F2-A7E73B639E59}.Debug|x86.ActiveCfg = Release|Win32
		{190BC611-EE00-4B10-87F2-A7E73B639E59}.Debug|x86.Build.0 = Release|Win32
		{190BC611-EE00-4B10-87F2-A7E73B639E59}.Release|Any CPU.ActiveCfg = Release|x64
		{190BC611-EE00-4B10-87F2-A7E73B639E59}.Release|Any CPU.Build.0 = Release|x64
		{190BC611-EE00-4B10-87F2-A7E73B639E59}.Release|x64.ActiveCfg = Release|x64
		{190BC611-EE00-4B10-87F2-A7E73B639E59}.Release|x64.Build.0 = Release|x64
		{190BC611-EE00-4B10-87F2-A7E73B639E59}.Release|x86.ActiveCfg = Release|Win32
		{190BC611-EE00-4B10-87F2-A7E73B639E59}.Release|x86.Build.0 = Release|Win32
		{417FF287-D121-46DA-BE0D-A6E6019A5B7B}.Debug|Any CPU.ActiveCfg = Debug|Any CPU
		{417FF287-D121-46DA-BE0D-A6E6019A5B7B}.Debug|Any CPU.Build.0 = Debug|Any CPU
		{417FF287-D121-46DA-BE0D-A6E6019A5B7B}.Debug|x64.ActiveCfg = Debug|Any CPU
		{417FF287-D121-46DA-BE0D-A6E6019A5B7B}.Debug|x86.ActiveCfg = Debug|Any CPU
		{417FF287-D121-46DA-BE0D-A6E6019A5B7B}.Debug|x86.Build.0 = Debug|Any CPU
		{417FF287-D121-46DA-BE0D-A6E6019A5B7B}.Release|Any CPU.ActiveCfg = Release|Any CPU
		{417FF287-D121-46DA-BE0D-A6E6019A5B7B}.Release|Any CPU.Build.0 = Release|Any CPU
		{417FF287-D121-46DA-BE0D-A6E6019A5B7B}.Release|x64.ActiveCfg = Release|Any CPU
		{417FF287-D121-46DA-BE0D-A6E6019A5B7B}.Release|x86.ActiveCfg = Release|Any CPU
		{417FF287-D121-46DA-BE0D-A6E6019A5B7B}.Release|x86.Build.0 = Release|Any CPU
		{FC071F03-B2EB-4895-A8BF-F29D1F209155}.Debug|Any CPU.ActiveCfg = Debug|Any CPU
		{FC071F03-B2EB-4895-A8BF-F29D1F209155}.Debug|Any CPU.Build.0 = Debug|Any CPU
		{FC071F03-B2EB-4895-A8BF-F29D1F209155}.Debug|x64.ActiveCfg = Debug|Any CPU
		{FC071F03-B2EB-4895-A8BF-F29D1F209155}.Debug|x86.ActiveCfg = Debug|Any CPU
		{FC071F03-B2EB-4895-A8BF-F29D1F209155}.Debug|x86.Build.0 = Debug|Any CPU
		{FC071F03-B2EB-4895-A8BF-F29D1F209155}.Release|Any CPU.ActiveCfg = Release|Any CPU
		{FC071F03-B2EB-4895-A8BF-F29D1F209155}.Release|Any CPU.Build.0 = Release|Any CPU
		{FC071F03-B2EB-4895-A8BF-F29D1F209155}.Release|x64.ActiveCfg = Release|Any CPU
		{FC071F03-B2EB-4895-A8BF-F29D1F209155}.Release|x86.ActiveCfg = Release|Any CPU
		{FC071F03-B2EB-4895-A8BF-F29D1F209155}.Release|x86.Build.0 = Release|Any CPU
		{11859729-3AAB-41AE-9F28-571A11F1F029}.Debug|Any CPU.ActiveCfg = Debug|Any CPU
		{11859729-3AAB-41AE-9F28-571A11F1F029}.Debug|Any CPU.Build.0 = Debug|Any CPU
		{11859729-3AAB-41AE-9F28-571A11F1F029}.Debug|x64.ActiveCfg = Debug|Any CPU
		{11859729-3AAB-41AE-9F28-571A11F1F029}.Debug|x64.Build.0 = Debug|Any CPU
		{11859729-3AAB-41AE-9F28-571A11F1F029}.Debug|x86.ActiveCfg = Debug|Any CPU
		{11859729-3AAB-41AE-9F28-571A11F1F029}.Debug|x86.Build.0 = Debug|Any CPU
		{11859729-3AAB-41AE-9F28-571A11F1F029}.Release|Any CPU.ActiveCfg = Release|Any CPU
		{11859729-3AAB-41AE-9F28-571A11F1F029}.Release|Any CPU.Build.0 = Release|Any CPU
		{11859729-3AAB-41AE-9F28-571A11F1F029}.Release|x64.ActiveCfg = Release|Any CPU
		{11859729-3AAB-41AE-9F28-571A11F1F029}.Release|x64.Build.0 = Release|Any CPU
		{11859729-3AAB-41AE-9F28-571A11F1F029}.Release|x86.ActiveCfg = Release|Any CPU
		{11859729-3AAB-41AE-9F28-571A11F1F029}.Release|x86.Build.0 = Release|Any CPU
		{2A5A1657-DBA8-4117-8E2A-9F1236ACE9E2}.Debug|Any CPU.ActiveCfg = Debug|Any CPU
		{2A5A1657-DBA8-4117-8E2A-9F1236ACE9E2}.Debug|Any CPU.Build.0 = Debug|Any CPU
		{2A5A1657-DBA8-4117-8E2A-9F1236ACE9E2}.Debug|x64.ActiveCfg = Debug|Any CPU
		{2A5A1657-DBA8-4117-8E2A-9F1236ACE9E2}.Debug|x64.Build.0 = Debug|Any CPU
		{2A5A1657-DBA8-4117-8E2A-9F1236ACE9E2}.Debug|x86.ActiveCfg = Debug|Any CPU
		{2A5A1657-DBA8-4117-8E2A-9F1236ACE9E2}.Debug|x86.Build.0 = Debug|Any CPU
		{2A5A1657-DBA8-4117-8E2A-9F1236ACE9E2}.Release|Any CPU.ActiveCfg = Release|Any CPU
		{2A5A1657-DBA8-4117-8E2A-9F1236ACE9E2}.Release|Any CPU.Build.0 = Release|Any CPU
		{2A5A1657-DBA8-4117-8E2A-9F1236ACE9E2}.Release|x64.ActiveCfg = Release|Any CPU
		{2A5A1657-DBA8-4117-8E2A-9F1236ACE9E2}.Release|x64.Build.0 = Release|Any CPU
		{2A5A1657-DBA8-4117-8E2A-9F1236ACE9E2}.Release|x86.ActiveCfg = Release|Any CPU
		{2A5A1657-DBA8-4117-8E2A-9F1236ACE9E2}.Release|x86.Build.0 = Release|Any CPU
		{99763C5A-4F8A-455E-80A4-8760CB149290}.Debug|Any CPU.ActiveCfg = Debug|Any CPU
		{99763C5A-4F8A-455E-80A4-8760CB149290}.Debug|Any CPU.Build.0 = Debug|Any CPU
		{99763C5A-4F8A-455E-80A4-8760CB149290}.Debug|x64.ActiveCfg = Debug|Any CPU
		{99763C5A-4F8A-455E-80A4-8760CB149290}.Debug|x64.Build.0 = Debug|Any CPU
		{99763C5A-4F8A-455E-80A4-8760CB149290}.Debug|x86.ActiveCfg = Debug|Any CPU
		{99763C5A-4F8A-455E-80A4-8760CB149290}.Debug|x86.Build.0 = Debug|Any CPU
		{99763C5A-4F8A-455E-80A4-8760CB149290}.Release|Any CPU.ActiveCfg = Release|Any CPU
		{99763C5A-4F8A-455E-80A4-8760CB149290}.Release|Any CPU.Build.0 = Release|Any CPU
		{99763C5A-4F8A-455E-80A4-8760CB149290}.Release|x64.ActiveCfg = Release|Any CPU
		{99763C5A-4F8A-455E-80A4-8760CB149290}.Release|x64.Build.0 = Release|Any CPU
		{99763C5A-4F8A-455E-80A4-8760CB149290}.Release|x86.ActiveCfg = Release|Any CPU
		{99763C5A-4F8A-455E-80A4-8760CB149290}.Release|x86.Build.0 = Release|Any CPU
		{1C32F408-052B-45E6-9167-3D673FC58516}.Debug|Any CPU.ActiveCfg = Debug|Any CPU
		{1C32F408-052B-45E6-9167-3D673FC58516}.Debug|Any CPU.Build.0 = Debug|Any CPU
		{1C32F408-052B-45E6-9167-3D673FC58516}.Debug|x64.ActiveCfg = Debug|Any CPU
		{1C32F408-052B-45E6-9167-3D673FC58516}.Debug|x64.Build.0 = Debug|Any CPU
		{1C32F408-052B-45E6-9167-3D673FC58516}.Debug|x86.ActiveCfg = Debug|Any CPU
		{1C32F408-052B-45E6-9167-3D673FC58516}.Debug|x86.Build.0 = Debug|Any CPU
		{1C32F408-052B-45E6-9167-3D673FC58516}.Release|Any CPU.ActiveCfg = Release|Any CPU
		{1C32F408-052B-45E6-9167-3D673FC58516}.Release|Any CPU.Build.0 = Release|Any CPU
		{1C32F408-052B-45E6-9167-3D673FC58516}.Release|x64.ActiveCfg = Release|Any CPU
		{1C32F408-052B-45E6-9167-3D673FC58516}.Release|x64.Build.0 = Release|Any CPU
		{1C32F408-052B-45E6-9167-3D673FC58516}.Release|x86.ActiveCfg = Release|Any CPU
		{1C32F408-052B-45E6-9167-3D673FC58516}.Release|x86.Build.0 = Release|Any CPU
		{F296FD5D-8399-4BB3-B01C-82AD96A50B44}.Debug|Any CPU.ActiveCfg = Debug|Any CPU
		{F296FD5D-8399-4BB3-B01C-82AD96A50B44}.Debug|Any CPU.Build.0 = Debug|Any CPU
		{F296FD5D-8399-4BB3-B01C-82AD96A50B44}.Debug|x64.ActiveCfg = Debug|Any CPU
		{F296FD5D-8399-4BB3-B01C-82AD96A50B44}.Debug|x64.Build.0 = Debug|Any CPU
		{F296FD5D-8399-4BB3-B01C-82AD96A50B44}.Debug|x86.ActiveCfg = Debug|Any CPU
		{F296FD5D-8399-4BB3-B01C-82AD96A50B44}.Debug|x86.Build.0 = Debug|Any CPU
		{F296FD5D-8399-4BB3-B01C-82AD96A50B44}.Release|Any CPU.ActiveCfg = Release|Any CPU
		{F296FD5D-8399-4BB3-B01C-82AD96A50B44}.Release|Any CPU.Build.0 = Release|Any CPU
		{F296FD5D-8399-4BB3-B01C-82AD96A50B44}.Release|x64.ActiveCfg = Release|Any CPU
		{F296FD5D-8399-4BB3-B01C-82AD96A50B44}.Release|x64.Build.0 = Release|Any CPU
		{F296FD5D-8399-4BB3-B01C-82AD96A50B44}.Release|x86.ActiveCfg = Release|Any CPU
		{F296FD5D-8399-4BB3-B01C-82AD96A50B44}.Release|x86.Build.0 = Release|Any CPU
		{152DACC0-C50D-4779-A556-8834ADD06595}.Debug|Any CPU.ActiveCfg = Release|Any CPU
		{152DACC0-C50D-4779-A556-8834ADD06595}.Debug|Any CPU.Build.0 = Release|Any CPU
		{152DACC0-C50D-4779-A556-8834ADD06595}.Debug|x64.ActiveCfg = Release|Any CPU
		{152DACC0-C50D-4779-A556-8834ADD06595}.Debug|x64.Build.0 = Release|Any CPU
		{152DACC0-C50D-4779-A556-8834ADD06595}.Debug|x86.ActiveCfg = Release|x86
		{152DACC0-C50D-4779-A556-8834ADD06595}.Debug|x86.Build.0 = Release|x86
		{152DACC0-C50D-4779-A556-8834ADD06595}.Release|Any CPU.ActiveCfg = Release|Any CPU
		{152DACC0-C50D-4779-A556-8834ADD06595}.Release|Any CPU.Build.0 = Release|Any CPU
		{152DACC0-C50D-4779-A556-8834ADD06595}.Release|x64.ActiveCfg = Release|Any CPU
		{152DACC0-C50D-4779-A556-8834ADD06595}.Release|x64.Build.0 = Release|Any CPU
		{152DACC0-C50D-4779-A556-8834ADD06595}.Release|x86.ActiveCfg = Release|x86
		{152DACC0-C50D-4779-A556-8834ADD06595}.Release|x86.Build.0 = Release|x86
		{50642350-24D7-42C9-9916-D7F01F6BC16B}.Debug|Any CPU.ActiveCfg = Debug|Any CPU
		{50642350-24D7-42C9-9916-D7F01F6BC16B}.Debug|Any CPU.Build.0 = Debug|Any CPU
		{50642350-24D7-42C9-9916-D7F01F6BC16B}.Debug|x64.ActiveCfg = Debug|Any CPU
		{50642350-24D7-42C9-9916-D7F01F6BC16B}.Debug|x64.Build.0 = Debug|Any CPU
		{50642350-24D7-42C9-9916-D7F01F6BC16B}.Debug|x86.ActiveCfg = Debug|Any CPU
		{50642350-24D7-42C9-9916-D7F01F6BC16B}.Debug|x86.Build.0 = Debug|Any CPU
		{50642350-24D7-42C9-9916-D7F01F6BC16B}.Release|Any CPU.ActiveCfg = Release|Any CPU
		{50642350-24D7-42C9-9916-D7F01F6BC16B}.Release|Any CPU.Build.0 = Release|Any CPU
		{50642350-24D7-42C9-9916-D7F01F6BC16B}.Release|x64.ActiveCfg = Release|Any CPU
		{50642350-24D7-42C9-9916-D7F01F6BC16B}.Release|x64.Build.0 = Release|Any CPU
		{50642350-24D7-42C9-9916-D7F01F6BC16B}.Release|x86.ActiveCfg = Release|Any CPU
		{50642350-24D7-42C9-9916-D7F01F6BC16B}.Release|x86.Build.0 = Release|Any CPU
		{90405A15-35EC-41F6-AB6A-7F2B9AE54B53}.Debug|Any CPU.ActiveCfg = Release|Win32
		{90405A15-35EC-41F6-AB6A-7F2B9AE54B53}.Debug|Any CPU.Build.0 = Release|Win32
		{90405A15-35EC-41F6-AB6A-7F2B9AE54B53}.Debug|x64.ActiveCfg = Release|Win32
		{90405A15-35EC-41F6-AB6A-7F2B9AE54B53}.Debug|x64.Build.0 = Release|Win32
		{90405A15-35EC-41F6-AB6A-7F2B9AE54B53}.Debug|x86.ActiveCfg = Release|Win32
		{90405A15-35EC-41F6-AB6A-7F2B9AE54B53}.Debug|x86.Build.0 = Release|Win32
		{90405A15-35EC-41F6-AB6A-7F2B9AE54B53}.Release|Any CPU.ActiveCfg = Release|Win32
		{90405A15-35EC-41F6-AB6A-7F2B9AE54B53}.Release|Any CPU.Build.0 = Release|Win32
		{90405A15-35EC-41F6-AB6A-7F2B9AE54B53}.Release|x64.ActiveCfg = Release|Win32
		{90405A15-35EC-41F6-AB6A-7F2B9AE54B53}.Release|x86.ActiveCfg = Release|Win32
		{90405A15-35EC-41F6-AB6A-7F2B9AE54B53}.Release|x86.Build.0 = Release|Win32
		{C84FD40F-6D87-43FA-BBAD-5CA3C8B98E44}.Debug|Any CPU.ActiveCfg = Debug|Any CPU
		{C84FD40F-6D87-43FA-BBAD-5CA3C8B98E44}.Debug|Any CPU.Build.0 = Debug|Any CPU
		{C84FD40F-6D87-43FA-BBAD-5CA3C8B98E44}.Debug|x64.ActiveCfg = Debug|Any CPU
		{C84FD40F-6D87-43FA-BBAD-5CA3C8B98E44}.Debug|x64.Build.0 = Debug|Any CPU
		{C84FD40F-6D87-43FA-BBAD-5CA3C8B98E44}.Debug|x86.ActiveCfg = Debug|Any CPU
		{C84FD40F-6D87-43FA-BBAD-5CA3C8B98E44}.Debug|x86.Build.0 = Debug|Any CPU
		{C84FD40F-6D87-43FA-BBAD-5CA3C8B98E44}.Release|Any CPU.ActiveCfg = Release|Any CPU
		{C84FD40F-6D87-43FA-BBAD-5CA3C8B98E44}.Release|Any CPU.Build.0 = Release|Any CPU
		{C84FD40F-6D87-43FA-BBAD-5CA3C8B98E44}.Release|x64.ActiveCfg = Release|Any CPU
		{C84FD40F-6D87-43FA-BBAD-5CA3C8B98E44}.Release|x64.Build.0 = Release|Any CPU
		{C84FD40F-6D87-43FA-BBAD-5CA3C8B98E44}.Release|x86.ActiveCfg = Release|Any CPU
		{C84FD40F-6D87-43FA-BBAD-5CA3C8B98E44}.Release|x86.Build.0 = Release|Any CPU
	EndGlobalSection
	GlobalSection(SolutionProperties) = preSolution
		HideSolutionNode = FALSE
	EndGlobalSection
	GlobalSection(NestedProjects) = preSolution
		{E40D1949-97DE-43E0-80AE-D7EBFFD18C32} = {A237D0C7-1BDE-4828-AAF9-E4B2579DAA92}
		{9D4A6C32-247C-42CB-B9B8-12C6AE764AD5} = {A237D0C7-1BDE-4828-AAF9-E4B2579DAA92}
		{69DDCF66-E8ED-4706-AB52-D49B885DCFD8} = {A237D0C7-1BDE-4828-AAF9-E4B2579DAA92}
		{373AE121-FC34-421C-B4B5-E083C0C1037F} = {A237D0C7-1BDE-4828-AAF9-E4B2579DAA92}
		{F1667046-D7D6-4983-BBD3-B39F8D257592} = {A237D0C7-1BDE-4828-AAF9-E4B2579DAA92}
		{A868D5B1-56FF-4179-A2EF-8C54F9C156D3} = {A237D0C7-1BDE-4828-AAF9-E4B2579DAA92}
		{D3087FAC-A12D-4365-A620-7574CD89B17F} = {0C880B80-8ECC-4252-A9C9-00BAF5C58A3C}
		{9EEBC1D8-E069-460B-8D45-DEFB49BF83C2} = {4B65F34E-129D-46F9-9464-25737BC43029}
		{E6C47AA1-8569-455C-B06E-F22D0D2BBD1F} = {4B65F34E-129D-46F9-9464-25737BC43029}
		{55C9E760-5732-4623-B30B-A9D8BA01D3AE} = {82D5A236-3610-446D-95BA-3888BF6E8F25}
		{466DE975-A615-4871-98BA-07C13E192953} = {82D5A236-3610-446D-95BA-3888BF6E8F25}
		{4C53EA3E-D770-41AC-9A19-381B840CD14A} = {0C880B80-8ECC-4252-A9C9-00BAF5C58A3C}
		{E73BB233-D88B-44A7-A98F-D71EE158381D} = {016834A7-5E0C-4356-81F4-E4034CD56BBD}
		{FBE04237-9C7B-4973-9C60-505975998B39} = {016834A7-5E0C-4356-81F4-E4034CD56BBD}
		{168C7B27-3B32-4F3E-B8E6-99382C8E601C} = {A237D0C7-1BDE-4828-AAF9-E4B2579DAA92}
		{2C19F8F2-6D71-4209-B5C7-B153AAFDAC59} = {A237D0C7-1BDE-4828-AAF9-E4B2579DAA92}
		{10559875-C9A1-484C-BCFA-8DC53A428F1C} = {0C880B80-8ECC-4252-A9C9-00BAF5C58A3C}
		{9763935B-D7BB-4111-8C86-F8619124985F} = {A237D0C7-1BDE-4828-AAF9-E4B2579DAA92}
		{190BC611-EE00-4B10-87F2-A7E73B639E59} = {016834A7-5E0C-4356-81F4-E4034CD56BBD}
		{417FF287-D121-46DA-BE0D-A6E6019A5B7B} = {A237D0C7-1BDE-4828-AAF9-E4B2579DAA92}
		{FC071F03-B2EB-4895-A8BF-F29D1F209155} = {A237D0C7-1BDE-4828-AAF9-E4B2579DAA92}
		{11859729-3AAB-41AE-9F28-571A11F1F029} = {0C880B80-8ECC-4252-A9C9-00BAF5C58A3C}
		{2A5A1657-DBA8-4117-8E2A-9F1236ACE9E2} = {016834A7-5E0C-4356-81F4-E4034CD56BBD}
		{99763C5A-4F8A-455E-80A4-8760CB149290} = {4B65F34E-129D-46F9-9464-25737BC43029}
		{1C32F408-052B-45E6-9167-3D673FC58516} = {EC35AA9D-EAEC-4472-B134-C754B21C96C8}
		{F296FD5D-8399-4BB3-B01C-82AD96A50B44} = {0C880B80-8ECC-4252-A9C9-00BAF5C58A3C}
		{152DACC0-C50D-4779-A556-8834ADD06595} = {EC35AA9D-EAEC-4472-B134-C754B21C96C8}
		{50642350-24D7-42C9-9916-D7F01F6BC16B} = {0C880B80-8ECC-4252-A9C9-00BAF5C58A3C}
		{90405A15-35EC-41F6-AB6A-7F2B9AE54B53} = {EC35AA9D-EAEC-4472-B134-C754B21C96C8}
		{EC35AA9D-EAEC-4472-B134-C754B21C96C8} = {82D5A236-3610-446D-95BA-3888BF6E8F25}
		{C84FD40F-6D87-43FA-BBAD-5CA3C8B98E44} = {4B65F34E-129D-46F9-9464-25737BC43029}
	EndGlobalSection
	GlobalSection(ExtensibilityGlobals) = postSolution
		SolutionGuid = {F4DC626A-22DF-4C8A-9686-8A694050B23E}
	EndGlobalSection
EndGlobal
