
Microsoft Visual Studio Solution File, Format Version 12.00
# Visual Studio Version 17
VisualStudioVersion = 17.0.31612.314
MinimumVisualStudioVersion = 10.0.40219.1
Project("{2150E333-8FDC-42A3-9474-1A3956D46DE8}") = "App", "App", "{82D5A236-3610-446D-95BA-3888BF6E8F25}"
EndProject
Project("{2150E333-8FDC-42A3-9474-1A3956D46DE8}") = "Dll", "Dll", "{0C880B80-8ECC-4252-A9C9-00BAF5C58A3C}"
EndProject
Project("{2150E333-8FDC-42A3-9474-1A3956D46DE8}") = "Libraries", "Libraries", "{016834A7-5E0C-4356-81F4-E4034CD56BBD}"
EndProject
Project("{2150E333-8FDC-42A3-9474-1A3956D46DE8}") = "Other", "Other", "{4B65F34E-129D-46F9-9464-25737BC43029}"
EndProject
Project("{2150E333-8FDC-42A3-9474-1A3956D46DE8}") = "Test Projects", "Test Projects", "{A237D0C7-1BDE-4828-AAF9-E4B2579DAA92}"
EndProject
Project("{2150E333-8FDC-42A3-9474-1A3956D46DE8}") = "solution", "solution", "{2C03BC9E-C857-44FF-8585-08DF42C687A3}"
	ProjectSection(SolutionItems) = preProject
		.gitignore = .gitignore
		Au.snk = Au.snk
		LICENSE.txt = LICENSE.txt
		Notes.txt = Notes.txt
		README.md = README.md
	EndProjectSection
EndProject
Project("{9A19103F-16F7-4668-BE54-9A1E7A4F7556}") = "Au.Editor", "Au.Editor\Au.Editor.csproj", "{4B47A184-5CB7-4E78-8EAD-E458FB11A7EF}"
	ProjectSection(ProjectDependencies) = postProject
		{190BC611-EE00-4B10-87F2-A7E73B639E59} = {190BC611-EE00-4B10-87F2-A7E73B639E59}
		{90405A15-35EC-41F6-AB6A-7F2B9AE54B53} = {90405A15-35EC-41F6-AB6A-7F2B9AE54B53}
		{FBE04237-9C7B-4973-9C60-505975998B39} = {FBE04237-9C7B-4973-9C60-505975998B39}
		{2157BC47-A5E1-405C-A003-F44970DC3718} = {2157BC47-A5E1-405C-A003-F44970DC3718}
		{10559875-C9A1-484C-BCFA-8DC53A428F1C} = {10559875-C9A1-484C-BCFA-8DC53A428F1C}
		{5DCF20C5-9BBD-44E2-96BE-323A845B99F4} = {5DCF20C5-9BBD-44E2-96BE-323A845B99F4}
	EndProjectSection
EndProject
Project("{9A19103F-16F7-4668-BE54-9A1E7A4F7556}") = "Au", "Au\Au.csproj", "{B014973F-FCBB-4BC4-92E7-97AE684EA4F7}"
EndProject
Project("{9A19103F-16F7-4668-BE54-9A1E7A4F7556}") = "Au.Controls", "Au.Controls\Au.Controls.csproj", "{7A27F221-F05C-4545-B6BB-3DB0F6B9A50E}"
EndProject
Project("{9A19103F-16F7-4668-BE54-9A1E7A4F7556}") = "Tests", "Tests\Tests.csproj", "{EA4503BE-27A4-464A-B22B-9103A1297898}"
	ProjectSection(ProjectDependencies) = postProject
		{4B47A184-5CB7-4E78-8EAD-E458FB11A7EF} = {4B47A184-5CB7-4E78-8EAD-E458FB11A7EF}
	EndProjectSection
EndProject
Project("{8BC9CEB8-8B4A-11D0-8D11-00A0C91BC942}") = "Cpp", "Cpp\Cpp.vcxproj", "{10559875-C9A1-484C-BCFA-8DC53A428F1C}"
EndProject
Project("{8BC9CEB8-8B4A-11D0-8D11-00A0C91BC942}") = "PCRE", "Libraries\PCRE\PCRE.vcxproj", "{190BC611-EE00-4B10-87F2-A7E73B639E59}"
EndProject
Project("{8BC9CEB8-8B4A-11D0-8D11-00A0C91BC942}") = "SciLexer", "Libraries\scintilla\win32\SciLexer.vcxproj", "{FBE04237-9C7B-4973-9C60-505975998B39}"
EndProject
Project("{8BC9CEB8-8B4A-11D0-8D11-00A0C91BC942}") = "Au.AppHost", "Au.AppHost\Au.AppHost.vcxproj", "{5DCF20C5-9BBD-44E2-96BE-323A845B99F4}"
EndProject
Project("{9A19103F-16F7-4668-BE54-9A1E7A4F7556}") = "DocFX", "Other\DocFX\DocFX.csproj", "{C84FD40F-6D87-43FA-BBAD-5CA3C8B98E44}"
EndProject
Project("{9A19103F-16F7-4668-BE54-9A1E7A4F7556}") = "CompilerDlls", "Other\CompilerDlls\CompilerDlls.csproj", "{A55580DD-000F-4D1A-848F-6259541283A7}"
EndProject
Project("{FAE04EC0-301F-11D3-BF4B-00C04F79EFBC}") = "Au.Net45", "Other\Au.Net45\Au.Net45.csproj", "{2157BC47-A5E1-405C-A003-F44970DC3718}"
EndProject
Project("{8BC9CEB8-8B4A-11D0-8D11-00A0C91BC942}") = "Setup32", "Other\Setup32\Setup32.vcxproj", "{AD66B0A1-725E-4833-8AB9-DE1B5D4C8505}"
EndProject
Project("{9A19103F-16F7-4668-BE54-9A1E7A4F7556}") = "SdkConverter", "Other\SdkConverter\SdkConverter.csproj", "{9EEBC1D8-E069-460B-8D45-DEFB49BF83C2}"
EndProject
Project("{8BC9CEB8-8B4A-11D0-8D11-00A0C91BC942}") = "UnmanagedDll", "Test Projects\UnmanagedDll\UnmanagedDll.vcxproj", "{9763935B-D7BB-4111-8C86-F8619124985F}"
EndProject
Project("{FAE04EC0-301F-11D3-BF4B-00C04F79EFBC}") = "SimpleLib", "Test Projects\SimpleLib\SimpleLib.csproj", "{417FF287-D121-46DA-BE0D-A6E6019A5B7B}"
EndProject
Project("{FAE04EC0-301F-11D3-BF4B-00C04F79EFBC}") = "Unused", "Test Projects\Unused\Unused.csproj", "{FC071F03-B2EB-4895-A8BF-F29D1F209155}"
EndProject
Project("{9A19103F-16F7-4668-BE54-9A1E7A4F7556}") = "AppHostTestApp", "Test Projects\AppHostTestApp\AppHostTestApp.csproj", "{1A8A8590-2D47-44E1-820E-28ED976688DD}"
EndProject
Project("{FAE04EC0-301F-11D3-BF4B-00C04F79EFBC}") = "TestFramework", "Test Projects\TestFramework\TestFramework.csproj", "{48FE3170-3687-4894-94C3-E886B911EAA0}"
EndProject
Project("{FAE04EC0-301F-11D3-BF4B-00C04F79EFBC}") = "Tests", "Test Projects\Tests\Tests.csproj", "{55C9E760-5732-4623-B30B-A9D8BA01D3AE}"
EndProject
Project("{FAE04EC0-301F-11D3-BF4B-00C04F79EFBC}") = "AuTo", "Test Projects\AuTo\AuTo.csproj", "{99763C5A-4F8A-455E-80A4-8760CB149290}"
EndProject
Project("{8BC9CEB8-8B4A-11D0-8D11-00A0C91BC942}") = "SdkConverter C++ code test", "Test Projects\SdkPreprocess\SdkPreprocess.vcxproj", "{E6C47AA1-8569-455C-B06E-F22D0D2BBD1F}"
EndProject
Project("{FAE04EC0-301F-11D3-BF4B-00C04F79EFBC}") = "Test old", "Test Projects\Test\Test old.csproj", "{E40D1949-97DE-43E0-80AE-D7EBFFD18C32}"
EndProject
Project("{FAE04EC0-301F-11D3-BF4B-00C04F79EFBC}") = "Wpf", "Test Projects\Wpf\Wpf.csproj", "{9D4A6C32-247C-42CB-B9B8-12C6AE764AD5}"
EndProject
Project("{FAE04EC0-301F-11D3-BF4B-00C04F79EFBC}") = "WinForms", "Test Projects\WinForms\WinForms.csproj", "{69DDCF66-E8ED-4706-AB52-D49B885DCFD8}"
EndProject
Project("{FAE04EC0-301F-11D3-BF4B-00C04F79EFBC}") = "ScriptClass", "Test Projects\ScriptClass\ScriptClass.csproj", "{373AE121-FC34-421C-B4B5-E083C0C1037F}"
EndProject
Project("{F184B08F-C81C-45F6-A57F-5ABD9991F28F}") = "VB", "Test Projects\VB\VB.vbproj", "{F1667046-D7D6-4983-BBD3-B39F8D257592}"
EndProject
Project("{FAE04EC0-301F-11D3-BF4B-00C04F79EFBC}") = "Simple", "Test Projects\Simple\Simple.csproj", "{168C7B27-3B32-4F3E-B8E6-99382C8E601C}"
EndProject
Project("{8BC9CEB8-8B4A-11D0-8D11-00A0C91BC942}") = "UnmanagedExe", "Test Projects\UnmanagedExe\UnmanagedExe.vcxproj", "{2C19F8F2-6D71-4209-B5C7-B153AAFDAC59}"
EndProject
Project("{FAE04EC0-301F-11D3-BF4B-00C04F79EFBC}") = "CoreForms", "Test Projects\CoreForms\CoreForms.csproj", "{46F8DDFA-40DD-4CC0-BDE8-079E5DF038A4}"
EndProject
Project("{9A19103F-16F7-4668-BE54-9A1E7A4F7556}") = "WpfAppNet5", "Test Projects\WpfAppNet5\WpfAppNet5.csproj", "{364DE14A-3808-4326-A943-20E9FDF5CB67}"
EndProject
Project("{FAE04EC0-301F-11D3-BF4B-00C04F79EFBC}") = "WpfUserControlLibrary", "Test Projects\WpfUserControlLibrary\WpfUserControlLibrary.csproj", "{EE23ABB8-7B07-456F-80D4-DE3EE9E19CB5}"
EndProject
Project("{9A19103F-16F7-4668-BE54-9A1E7A4F7556}") = "WpfCustomControlLibrary", "Test Projects\WpfCustomControlLibrary\WpfCustomControlLibrary.csproj", "{35D1BF34-6884-4F52-A152-A79A6737F0DB}"
EndProject
Project("{FAE04EC0-301F-11D3-BF4B-00C04F79EFBC}") = "CsWin32", "Test Projects\CsWin32\CsWin32.csproj", "{961DA435-5800-4CEE-928D-4928B3D3CB2A}"
EndProject
Project("{9A19103F-16F7-4668-BE54-9A1E7A4F7556}") = "Icons", "Other\Icons\Icons.csproj", "{7FCC730B-79F3-4ED1-B9EC-2BF330CD9D3B}"
EndProject
Project("{8BC9CEB8-8B4A-11D0-8D11-00A0C91BC942}") = "Au.CL", "Test Projects\Au.CL\Au.CL.vcxproj", "{90405A15-35EC-41F6-AB6A-7F2B9AE54B53}"
EndProject
Project("{FAE04EC0-301F-11D3-BF4B-00C04F79EFBC}") = "AppNet5", "Test Projects\AppNet5\AppNet5.csproj", "{C5576992-E356-49BB-BC3F-0F3D4153D42B}"
EndProject
Global
	GlobalSection(SolutionConfigurationPlatforms) = preSolution
		Debug|Any CPU = Debug|Any CPU
		Debug|x64 = Debug|x64
		Debug|x86 = Debug|x86
		Release|Any CPU = Release|Any CPU
		Release|x64 = Release|x64
		Release|x86 = Release|x86
	EndGlobalSection
	GlobalSection(ProjectConfigurationPlatforms) = postSolution
		{4B47A184-5CB7-4E78-8EAD-E458FB11A7EF}.Debug|Any CPU.ActiveCfg = Debug|Any CPU
		{4B47A184-5CB7-4E78-8EAD-E458FB11A7EF}.Debug|Any CPU.Build.0 = Debug|Any CPU
		{4B47A184-5CB7-4E78-8EAD-E458FB11A7EF}.Debug|x64.ActiveCfg = Debug|Any CPU
		{4B47A184-5CB7-4E78-8EAD-E458FB11A7EF}.Debug|x64.Build.0 = Debug|Any CPU
		{4B47A184-5CB7-4E78-8EAD-E458FB11A7EF}.Debug|x86.ActiveCfg = Debug|Any CPU
		{4B47A184-5CB7-4E78-8EAD-E458FB11A7EF}.Release|Any CPU.ActiveCfg = Release|Any CPU
		{4B47A184-5CB7-4E78-8EAD-E458FB11A7EF}.Release|Any CPU.Build.0 = Release|Any CPU
		{4B47A184-5CB7-4E78-8EAD-E458FB11A7EF}.Release|x64.ActiveCfg = Release|Any CPU
		{4B47A184-5CB7-4E78-8EAD-E458FB11A7EF}.Release|x64.Build.0 = Release|Any CPU
		{4B47A184-5CB7-4E78-8EAD-E458FB11A7EF}.Release|x86.ActiveCfg = Release|Any CPU
		{B014973F-FCBB-4BC4-92E7-97AE684EA4F7}.Debug|Any CPU.ActiveCfg = Debug|Any CPU
		{B014973F-FCBB-4BC4-92E7-97AE684EA4F7}.Debug|Any CPU.Build.0 = Debug|Any CPU
		{B014973F-FCBB-4BC4-92E7-97AE684EA4F7}.Debug|x64.ActiveCfg = Debug|Any CPU
		{B014973F-FCBB-4BC4-92E7-97AE684EA4F7}.Debug|x64.Build.0 = Debug|Any CPU
		{B014973F-FCBB-4BC4-92E7-97AE684EA4F7}.Debug|x86.ActiveCfg = Debug|Any CPU
		{B014973F-FCBB-4BC4-92E7-97AE684EA4F7}.Release|Any CPU.ActiveCfg = Release|Any CPU
		{B014973F-FCBB-4BC4-92E7-97AE684EA4F7}.Release|Any CPU.Build.0 = Release|Any CPU
		{B014973F-FCBB-4BC4-92E7-97AE684EA4F7}.Release|x64.ActiveCfg = Release|Any CPU
		{B014973F-FCBB-4BC4-92E7-97AE684EA4F7}.Release|x64.Build.0 = Release|Any CPU
		{B014973F-FCBB-4BC4-92E7-97AE684EA4F7}.Release|x86.ActiveCfg = Release|Any CPU
		{7A27F221-F05C-4545-B6BB-3DB0F6B9A50E}.Debug|Any CPU.ActiveCfg = Debug|Any CPU
		{7A27F221-F05C-4545-B6BB-3DB0F6B9A50E}.Debug|Any CPU.Build.0 = Debug|Any CPU
		{7A27F221-F05C-4545-B6BB-3DB0F6B9A50E}.Debug|x64.ActiveCfg = Debug|Any CPU
		{7A27F221-F05C-4545-B6BB-3DB0F6B9A50E}.Debug|x64.Build.0 = Debug|Any CPU
		{7A27F221-F05C-4545-B6BB-3DB0F6B9A50E}.Debug|x86.ActiveCfg = Debug|Any CPU
		{7A27F221-F05C-4545-B6BB-3DB0F6B9A50E}.Release|Any CPU.ActiveCfg = Release|Any CPU
		{7A27F221-F05C-4545-B6BB-3DB0F6B9A50E}.Release|Any CPU.Build.0 = Release|Any CPU
		{7A27F221-F05C-4545-B6BB-3DB0F6B9A50E}.Release|x64.ActiveCfg = Release|Any CPU
		{7A27F221-F05C-4545-B6BB-3DB0F6B9A50E}.Release|x64.Build.0 = Release|Any CPU
		{7A27F221-F05C-4545-B6BB-3DB0F6B9A50E}.Release|x86.ActiveCfg = Release|Any CPU
		{EA4503BE-27A4-464A-B22B-9103A1297898}.Debug|Any CPU.ActiveCfg = Debug|Any CPU
		{EA4503BE-27A4-464A-B22B-9103A1297898}.Debug|Any CPU.Build.0 = Debug|Any CPU
		{EA4503BE-27A4-464A-B22B-9103A1297898}.Debug|x64.ActiveCfg = Debug|Any CPU
		{EA4503BE-27A4-464A-B22B-9103A1297898}.Debug|x64.Build.0 = Debug|Any CPU
		{EA4503BE-27A4-464A-B22B-9103A1297898}.Debug|x86.ActiveCfg = Debug|Any CPU
		{EA4503BE-27A4-464A-B22B-9103A1297898}.Release|Any CPU.ActiveCfg = Release|Any CPU
		{EA4503BE-27A4-464A-B22B-9103A1297898}.Release|Any CPU.Build.0 = Release|Any CPU
		{EA4503BE-27A4-464A-B22B-9103A1297898}.Release|x64.ActiveCfg = Release|Any CPU
		{EA4503BE-27A4-464A-B22B-9103A1297898}.Release|x64.Build.0 = Release|Any CPU
		{EA4503BE-27A4-464A-B22B-9103A1297898}.Release|x86.ActiveCfg = Release|Any CPU
		{10559875-C9A1-484C-BCFA-8DC53A428F1C}.Debug|Any CPU.ActiveCfg = Debug|x64
		{10559875-C9A1-484C-BCFA-8DC53A428F1C}.Debug|Any CPU.Build.0 = Debug|x64
		{10559875-C9A1-484C-BCFA-8DC53A428F1C}.Debug|x64.ActiveCfg = Debug|x64
		{10559875-C9A1-484C-BCFA-8DC53A428F1C}.Debug|x64.Build.0 = Debug|x64
		{10559875-C9A1-484C-BCFA-8DC53A428F1C}.Debug|x86.ActiveCfg = Debug|Win32
		{10559875-C9A1-484C-BCFA-8DC53A428F1C}.Debug|x86.Build.0 = Debug|Win32
		{10559875-C9A1-484C-BCFA-8DC53A428F1C}.Release|Any CPU.ActiveCfg = Release|x64
		{10559875-C9A1-484C-BCFA-8DC53A428F1C}.Release|Any CPU.Build.0 = Release|x64
		{10559875-C9A1-484C-BCFA-8DC53A428F1C}.Release|x64.ActiveCfg = Release|x64
		{10559875-C9A1-484C-BCFA-8DC53A428F1C}.Release|x64.Build.0 = Release|x64
		{10559875-C9A1-484C-BCFA-8DC53A428F1C}.Release|x86.ActiveCfg = Release|Win32
		{10559875-C9A1-484C-BCFA-8DC53A428F1C}.Release|x86.Build.0 = Release|Win32
		{190BC611-EE00-4B10-87F2-A7E73B639E59}.Debug|Any CPU.ActiveCfg = Release|x64
		{190BC611-EE00-4B10-87F2-A7E73B639E59}.Debug|Any CPU.Build.0 = Release|x64
		{190BC611-EE00-4B10-87F2-A7E73B639E59}.Debug|Any CPU.Deploy.0 = Release|x64
		{190BC611-EE00-4B10-87F2-A7E73B639E59}.Debug|x64.ActiveCfg = Debug|x64
		{190BC611-EE00-4B10-87F2-A7E73B639E59}.Debug|x64.Build.0 = Debug|x64
		{190BC611-EE00-4B10-87F2-A7E73B639E59}.Debug|x86.ActiveCfg = Release|Win32
		{190BC611-EE00-4B10-87F2-A7E73B639E59}.Debug|x86.Build.0 = Release|Win32
		{190BC611-EE00-4B10-87F2-A7E73B639E59}.Release|Any CPU.ActiveCfg = Release|x64
		{190BC611-EE00-4B10-87F2-A7E73B639E59}.Release|Any CPU.Build.0 = Release|x64
		{190BC611-EE00-4B10-87F2-A7E73B639E59}.Release|x64.ActiveCfg = Release|x64
		{190BC611-EE00-4B10-87F2-A7E73B639E59}.Release|x64.Build.0 = Release|x64
		{190BC611-EE00-4B10-87F2-A7E73B639E59}.Release|x86.ActiveCfg = Release|Win32
		{190BC611-EE00-4B10-87F2-A7E73B639E59}.Release|x86.Build.0 = Release|Win32
		{FBE04237-9C7B-4973-9C60-505975998B39}.Debug|Any CPU.ActiveCfg = Debug|x64
		{FBE04237-9C7B-4973-9C60-505975998B39}.Debug|Any CPU.Build.0 = Debug|x64
		{FBE04237-9C7B-4973-9C60-505975998B39}.Debug|x64.ActiveCfg = Debug|x64
		{FBE04237-9C7B-4973-9C60-505975998B39}.Debug|x64.Build.0 = Debug|x64
		{FBE04237-9C7B-4973-9C60-505975998B39}.Debug|x86.ActiveCfg = Release|Win32
		{FBE04237-9C7B-4973-9C60-505975998B39}.Release|Any CPU.ActiveCfg = Release|x64
		{FBE04237-9C7B-4973-9C60-505975998B39}.Release|Any CPU.Build.0 = Release|x64
		{FBE04237-9C7B-4973-9C60-505975998B39}.Release|x64.ActiveCfg = Release|x64
		{FBE04237-9C7B-4973-9C60-505975998B39}.Release|x64.Build.0 = Release|x64
		{FBE04237-9C7B-4973-9C60-505975998B39}.Release|x86.ActiveCfg = Release|Win32
		{5DCF20C5-9BBD-44E2-96BE-323A845B99F4}.Debug|Any CPU.ActiveCfg = Release|x64
		{5DCF20C5-9BBD-44E2-96BE-323A845B99F4}.Debug|Any CPU.Build.0 = Release|x64
		{5DCF20C5-9BBD-44E2-96BE-323A845B99F4}.Debug|x64.ActiveCfg = Release|x64
		{5DCF20C5-9BBD-44E2-96BE-323A845B99F4}.Debug|x64.Build.0 = Release|x64
		{5DCF20C5-9BBD-44E2-96BE-323A845B99F4}.Debug|x86.ActiveCfg = Release|Win32
		{5DCF20C5-9BBD-44E2-96BE-323A845B99F4}.Debug|x86.Build.0 = Release|Win32
		{5DCF20C5-9BBD-44E2-96BE-323A845B99F4}.Release|Any CPU.ActiveCfg = Release|x64
		{5DCF20C5-9BBD-44E2-96BE-323A845B99F4}.Release|Any CPU.Build.0 = Release|x64
		{5DCF20C5-9BBD-44E2-96BE-323A845B99F4}.Release|x64.ActiveCfg = Release|x64
		{5DCF20C5-9BBD-44E2-96BE-323A845B99F4}.Release|x64.Build.0 = Release|x64
		{5DCF20C5-9BBD-44E2-96BE-323A845B99F4}.Release|x86.ActiveCfg = Release|Win32
		{5DCF20C5-9BBD-44E2-96BE-323A845B99F4}.Release|x86.Build.0 = Release|Win32
		{C84FD40F-6D87-43FA-BBAD-5CA3C8B98E44}.Debug|Any CPU.ActiveCfg = Debug|Any CPU
		{C84FD40F-6D87-43FA-BBAD-5CA3C8B98E44}.Debug|Any CPU.Build.0 = Debug|Any CPU
		{C84FD40F-6D87-43FA-BBAD-5CA3C8B98E44}.Debug|x64.ActiveCfg = Debug|Any CPU
		{C84FD40F-6D87-43FA-BBAD-5CA3C8B98E44}.Debug|x64.Build.0 = Debug|Any CPU
		{C84FD40F-6D87-43FA-BBAD-5CA3C8B98E44}.Debug|x86.ActiveCfg = Debug|Any CPU
		{C84FD40F-6D87-43FA-BBAD-5CA3C8B98E44}.Release|Any CPU.ActiveCfg = Release|Any CPU
		{C84FD40F-6D87-43FA-BBAD-5CA3C8B98E44}.Release|Any CPU.Build.0 = Release|Any CPU
		{C84FD40F-6D87-43FA-BBAD-5CA3C8B98E44}.Release|x64.ActiveCfg = Release|Any CPU
		{C84FD40F-6D87-43FA-BBAD-5CA3C8B98E44}.Release|x64.Build.0 = Release|Any CPU
		{C84FD40F-6D87-43FA-BBAD-5CA3C8B98E44}.Release|x86.ActiveCfg = Release|Any CPU
		{A55580DD-000F-4D1A-848F-6259541283A7}.Debug|Any CPU.ActiveCfg = Debug|Any CPU
		{A55580DD-000F-4D1A-848F-6259541283A7}.Debug|Any CPU.Build.0 = Debug|Any CPU
		{A55580DD-000F-4D1A-848F-6259541283A7}.Debug|x64.ActiveCfg = Debug|Any CPU
		{A55580DD-000F-4D1A-848F-6259541283A7}.Debug|x64.Build.0 = Debug|Any CPU
		{A55580DD-000F-4D1A-848F-6259541283A7}.Debug|x86.ActiveCfg = Debug|Any CPU
		{A55580DD-000F-4D1A-848F-6259541283A7}.Release|Any CPU.ActiveCfg = Release|Any CPU
		{A55580DD-000F-4D1A-848F-6259541283A7}.Release|x64.ActiveCfg = Release|Any CPU
		{A55580DD-000F-4D1A-848F-6259541283A7}.Release|x64.Build.0 = Release|Any CPU
		{A55580DD-000F-4D1A-848F-6259541283A7}.Release|x86.ActiveCfg = Release|Any CPU
		{2157BC47-A5E1-405C-A003-F44970DC3718}.Debug|Any CPU.ActiveCfg = Release|Any CPU
		{2157BC47-A5E1-405C-A003-F44970DC3718}.Debug|Any CPU.Build.0 = Release|Any CPU
		{2157BC47-A5E1-405C-A003-F44970DC3718}.Debug|x64.ActiveCfg = Debug|Any CPU
		{2157BC47-A5E1-405C-A003-F44970DC3718}.Debug|x64.Build.0 = Debug|Any CPU
		{2157BC47-A5E1-405C-A003-F44970DC3718}.Debug|x86.ActiveCfg = Debug|Any CPU
		{2157BC47-A5E1-405C-A003-F44970DC3718}.Release|Any CPU.ActiveCfg = Release|Any CPU
		{2157BC47-A5E1-405C-A003-F44970DC3718}.Release|Any CPU.Build.0 = Release|Any CPU
		{2157BC47-A5E1-405C-A003-F44970DC3718}.Release|x64.ActiveCfg = Release|Any CPU
		{2157BC47-A5E1-405C-A003-F44970DC3718}.Release|x64.Build.0 = Release|Any CPU
		{2157BC47-A5E1-405C-A003-F44970DC3718}.Release|x86.ActiveCfg = Release|Any CPU
		{AD66B0A1-725E-4833-8AB9-DE1B5D4C8505}.Debug|Any CPU.ActiveCfg = Release|Win32
		{AD66B0A1-725E-4833-8AB9-DE1B5D4C8505}.Debug|Any CPU.Build.0 = Release|Win32
		{AD66B0A1-725E-4833-8AB9-DE1B5D4C8505}.Debug|x64.ActiveCfg = Release|Win32
		{AD66B0A1-725E-4833-8AB9-DE1B5D4C8505}.Debug|x64.Build.0 = Release|Win32
		{AD66B0A1-725E-4833-8AB9-DE1B5D4C8505}.Debug|x86.ActiveCfg = Release|Win32
		{AD66B0A1-725E-4833-8AB9-DE1B5D4C8505}.Release|Any CPU.ActiveCfg = Release|Win32
		{AD66B0A1-725E-4833-8AB9-DE1B5D4C8505}.Release|Any CPU.Build.0 = Release|Win32
		{AD66B0A1-725E-4833-8AB9-DE1B5D4C8505}.Release|x64.ActiveCfg = Release|Win32
		{AD66B0A1-725E-4833-8AB9-DE1B5D4C8505}.Release|x86.ActiveCfg = Release|Win32
		{9EEBC1D8-E069-460B-8D45-DEFB49BF83C2}.Debug|Any CPU.ActiveCfg = Debug|Any CPU
		{9EEBC1D8-E069-460B-8D45-DEFB49BF83C2}.Debug|Any CPU.Build.0 = Debug|Any CPU
		{9EEBC1D8-E069-460B-8D45-DEFB49BF83C2}.Debug|x64.ActiveCfg = Debug|Any CPU
		{9EEBC1D8-E069-460B-8D45-DEFB49BF83C2}.Debug|x86.ActiveCfg = Debug|Any CPU
		{9EEBC1D8-E069-460B-8D45-DEFB49BF83C2}.Release|Any CPU.ActiveCfg = Release|Any CPU
		{9EEBC1D8-E069-460B-8D45-DEFB49BF83C2}.Release|x64.ActiveCfg = Release|Any CPU
		{9EEBC1D8-E069-460B-8D45-DEFB49BF83C2}.Release|x86.ActiveCfg = Release|Any CPU
		{9763935B-D7BB-4111-8C86-F8619124985F}.Debug|Any CPU.ActiveCfg = Debug|x64
		{9763935B-D7BB-4111-8C86-F8619124985F}.Debug|Any CPU.Build.0 = Debug|x64
		{9763935B-D7BB-4111-8C86-F8619124985F}.Debug|x64.ActiveCfg = Debug|Win32
		{9763935B-D7BB-4111-8C86-F8619124985F}.Debug|x86.ActiveCfg = Debug|Win32
		{9763935B-D7BB-4111-8C86-F8619124985F}.Debug|x86.Build.0 = Debug|Win32
		{9763935B-D7BB-4111-8C86-F8619124985F}.Release|Any CPU.ActiveCfg = Release|Win32
		{9763935B-D7BB-4111-8C86-F8619124985F}.Release|x64.ActiveCfg = Release|Win32
		{9763935B-D7BB-4111-8C86-F8619124985F}.Release|x86.ActiveCfg = Release|Win32
		{9763935B-D7BB-4111-8C86-F8619124985F}.Release|x86.Build.0 = Release|Win32
		{417FF287-D121-46DA-BE0D-A6E6019A5B7B}.Debug|Any CPU.ActiveCfg = Debug|Any CPU
		{417FF287-D121-46DA-BE0D-A6E6019A5B7B}.Debug|Any CPU.Build.0 = Debug|Any CPU
		{417FF287-D121-46DA-BE0D-A6E6019A5B7B}.Debug|x64.ActiveCfg = Debug|Any CPU
		{417FF287-D121-46DA-BE0D-A6E6019A5B7B}.Debug|x86.ActiveCfg = Debug|Any CPU
		{417FF287-D121-46DA-BE0D-A6E6019A5B7B}.Debug|x86.Build.0 = Debug|Any CPU
		{417FF287-D121-46DA-BE0D-A6E6019A5B7B}.Release|Any CPU.ActiveCfg = Release|Any CPU
		{417FF287-D121-46DA-BE0D-A6E6019A5B7B}.Release|Any CPU.Build.0 = Release|Any CPU
		{417FF287-D121-46DA-BE0D-A6E6019A5B7B}.Release|x64.ActiveCfg = Release|Any CPU
		{417FF287-D121-46DA-BE0D-A6E6019A5B7B}.Release|x86.ActiveCfg = Release|Any CPU
		{417FF287-D121-46DA-BE0D-A6E6019A5B7B}.Release|x86.Build.0 = Release|Any CPU
		{FC071F03-B2EB-4895-A8BF-F29D1F209155}.Debug|Any CPU.ActiveCfg = Debug|Any CPU
		{FC071F03-B2EB-4895-A8BF-F29D1F209155}.Debug|Any CPU.Build.0 = Debug|Any CPU
		{FC071F03-B2EB-4895-A8BF-F29D1F209155}.Debug|x64.ActiveCfg = Debug|Any CPU
		{FC071F03-B2EB-4895-A8BF-F29D1F209155}.Debug|x86.ActiveCfg = Debug|Any CPU
		{FC071F03-B2EB-4895-A8BF-F29D1F209155}.Debug|x86.Build.0 = Debug|Any CPU
		{FC071F03-B2EB-4895-A8BF-F29D1F209155}.Release|Any CPU.ActiveCfg = Release|Any CPU
		{FC071F03-B2EB-4895-A8BF-F29D1F209155}.Release|Any CPU.Build.0 = Release|Any CPU
		{FC071F03-B2EB-4895-A8BF-F29D1F209155}.Release|x64.ActiveCfg = Release|Any CPU
		{FC071F03-B2EB-4895-A8BF-F29D1F209155}.Release|x86.ActiveCfg = Release|Any CPU
		{FC071F03-B2EB-4895-A8BF-F29D1F209155}.Release|x86.Build.0 = Release|Any CPU
		{1A8A8590-2D47-44E1-820E-28ED976688DD}.Debug|Any CPU.ActiveCfg = Debug|Any CPU
		{1A8A8590-2D47-44E1-820E-28ED976688DD}.Debug|Any CPU.Build.0 = Debug|Any CPU
		{1A8A8590-2D47-44E1-820E-28ED976688DD}.Debug|x64.ActiveCfg = Debug|Any CPU
		{1A8A8590-2D47-44E1-820E-28ED976688DD}.Debug|x64.Build.0 = Debug|Any CPU
		{1A8A8590-2D47-44E1-820E-28ED976688DD}.Debug|x86.ActiveCfg = Debug|Any CPU
		{1A8A8590-2D47-44E1-820E-28ED976688DD}.Debug|x86.Build.0 = Debug|Any CPU
		{1A8A8590-2D47-44E1-820E-28ED976688DD}.Release|Any CPU.ActiveCfg = Release|Any CPU
		{1A8A8590-2D47-44E1-820E-28ED976688DD}.Release|Any CPU.Build.0 = Release|Any CPU
		{1A8A8590-2D47-44E1-820E-28ED976688DD}.Release|x64.ActiveCfg = Release|Any CPU
		{1A8A8590-2D47-44E1-820E-28ED976688DD}.Release|x64.Build.0 = Release|Any CPU
		{1A8A8590-2D47-44E1-820E-28ED976688DD}.Release|x86.ActiveCfg = Release|Any CPU
		{1A8A8590-2D47-44E1-820E-28ED976688DD}.Release|x86.Build.0 = Release|Any CPU
		{48FE3170-3687-4894-94C3-E886B911EAA0}.Debug|Any CPU.ActiveCfg = Debug|Any CPU
		{48FE3170-3687-4894-94C3-E886B911EAA0}.Debug|Any CPU.Build.0 = Debug|Any CPU
		{48FE3170-3687-4894-94C3-E886B911EAA0}.Debug|x64.ActiveCfg = Debug|Any CPU
		{48FE3170-3687-4894-94C3-E886B911EAA0}.Debug|x64.Build.0 = Debug|Any CPU
		{48FE3170-3687-4894-94C3-E886B911EAA0}.Debug|x86.ActiveCfg = Debug|Any CPU
		{48FE3170-3687-4894-94C3-E886B911EAA0}.Debug|x86.Build.0 = Debug|Any CPU
		{48FE3170-3687-4894-94C3-E886B911EAA0}.Release|Any CPU.ActiveCfg = Release|Any CPU
		{48FE3170-3687-4894-94C3-E886B911EAA0}.Release|Any CPU.Build.0 = Release|Any CPU
		{48FE3170-3687-4894-94C3-E886B911EAA0}.Release|x64.ActiveCfg = Release|Any CPU
		{48FE3170-3687-4894-94C3-E886B911EAA0}.Release|x64.Build.0 = Release|Any CPU
		{48FE3170-3687-4894-94C3-E886B911EAA0}.Release|x86.ActiveCfg = Release|Any CPU
		{48FE3170-3687-4894-94C3-E886B911EAA0}.Release|x86.Build.0 = Release|Any CPU
		{55C9E760-5732-4623-B30B-A9D8BA01D3AE}.Debug|Any CPU.ActiveCfg = Debug|Any CPU
		{55C9E760-5732-4623-B30B-A9D8BA01D3AE}.Debug|Any CPU.Build.0 = Debug|Any CPU
		{55C9E760-5732-4623-B30B-A9D8BA01D3AE}.Debug|x64.ActiveCfg = Debug|x64
		{55C9E760-5732-4623-B30B-A9D8BA01D3AE}.Debug|x64.Build.0 = Debug|x64
		{55C9E760-5732-4623-B30B-A9D8BA01D3AE}.Debug|x86.ActiveCfg = Debug|Any CPU
		{55C9E760-5732-4623-B30B-A9D8BA01D3AE}.Debug|x86.Build.0 = Debug|Any CPU
		{55C9E760-5732-4623-B30B-A9D8BA01D3AE}.Release|Any CPU.ActiveCfg = Release|Any CPU
		{55C9E760-5732-4623-B30B-A9D8BA01D3AE}.Release|Any CPU.Build.0 = Release|Any CPU
		{55C9E760-5732-4623-B30B-A9D8BA01D3AE}.Release|x64.ActiveCfg = Release|x64
		{55C9E760-5732-4623-B30B-A9D8BA01D3AE}.Release|x64.Build.0 = Release|x64
		{55C9E760-5732-4623-B30B-A9D8BA01D3AE}.Release|x86.ActiveCfg = Release|Any CPU
		{55C9E760-5732-4623-B30B-A9D8BA01D3AE}.Release|x86.Build.0 = Release|Any CPU
		{99763C5A-4F8A-455E-80A4-8760CB149290}.Debug|Any CPU.ActiveCfg = Debug|Any CPU
		{99763C5A-4F8A-455E-80A4-8760CB149290}.Debug|Any CPU.Build.0 = Debug|Any CPU
		{99763C5A-4F8A-455E-80A4-8760CB149290}.Debug|x64.ActiveCfg = Debug|Any CPU
		{99763C5A-4F8A-455E-80A4-8760CB149290}.Debug|x64.Build.0 = Debug|Any CPU
		{99763C5A-4F8A-455E-80A4-8760CB149290}.Debug|x86.ActiveCfg = Debug|Any CPU
		{99763C5A-4F8A-455E-80A4-8760CB149290}.Debug|x86.Build.0 = Debug|Any CPU
		{99763C5A-4F8A-455E-80A4-8760CB149290}.Release|Any CPU.ActiveCfg = Release|Any CPU
		{99763C5A-4F8A-455E-80A4-8760CB149290}.Release|Any CPU.Build.0 = Release|Any CPU
		{99763C5A-4F8A-455E-80A4-8760CB149290}.Release|x64.ActiveCfg = Release|Any CPU
		{99763C5A-4F8A-455E-80A4-8760CB149290}.Release|x64.Build.0 = Release|Any CPU
		{99763C5A-4F8A-455E-80A4-8760CB149290}.Release|x86.ActiveCfg = Release|Any CPU
		{99763C5A-4F8A-455E-80A4-8760CB149290}.Release|x86.Build.0 = Release|Any CPU
		{E6C47AA1-8569-455C-B06E-F22D0D2BBD1F}.Debug|Any CPU.ActiveCfg = Debug|Win32
		{E6C47AA1-8569-455C-B06E-F22D0D2BBD1F}.Debug|x64.ActiveCfg = Debug|x64
		{E6C47AA1-8569-455C-B06E-F22D0D2BBD1F}.Debug|x64.Build.0 = Debug|x64
		{E6C47AA1-8569-455C-B06E-F22D0D2BBD1F}.Debug|x86.ActiveCfg = Debug|Win32
		{E6C47AA1-8569-455C-B06E-F22D0D2BBD1F}.Debug|x86.Build.0 = Debug|Win32
		{E6C47AA1-8569-455C-B06E-F22D0D2BBD1F}.Release|Any CPU.ActiveCfg = Release|Win32
		{E6C47AA1-8569-455C-B06E-F22D0D2BBD1F}.Release|x64.ActiveCfg = Release|x64
		{E6C47AA1-8569-455C-B06E-F22D0D2BBD1F}.Release|x64.Build.0 = Release|x64
		{E6C47AA1-8569-455C-B06E-F22D0D2BBD1F}.Release|x86.ActiveCfg = Release|Win32
		{E6C47AA1-8569-455C-B06E-F22D0D2BBD1F}.Release|x86.Build.0 = Release|Win32
		{E40D1949-97DE-43E0-80AE-D7EBFFD18C32}.Debug|Any CPU.ActiveCfg = Debug|Any CPU
		{E40D1949-97DE-43E0-80AE-D7EBFFD18C32}.Debug|x64.ActiveCfg = Debug|Any CPU
		{E40D1949-97DE-43E0-80AE-D7EBFFD18C32}.Debug|x86.ActiveCfg = Debug|Any CPU
		{E40D1949-97DE-43E0-80AE-D7EBFFD18C32}.Release|Any CPU.ActiveCfg = Release|Any CPU
		{E40D1949-97DE-43E0-80AE-D7EBFFD18C32}.Release|x64.ActiveCfg = Release|Any CPU
		{E40D1949-97DE-43E0-80AE-D7EBFFD18C32}.Release|x86.ActiveCfg = Release|Any CPU
		{9D4A6C32-247C-42CB-B9B8-12C6AE764AD5}.Debug|Any CPU.ActiveCfg = Debug|Any CPU
		{9D4A6C32-247C-42CB-B9B8-12C6AE764AD5}.Debug|x64.ActiveCfg = Debug|Any CPU
		{9D4A6C32-247C-42CB-B9B8-12C6AE764AD5}.Debug|x86.ActiveCfg = Debug|Any CPU
		{9D4A6C32-247C-42CB-B9B8-12C6AE764AD5}.Release|Any CPU.ActiveCfg = Release|Any CPU
		{9D4A6C32-247C-42CB-B9B8-12C6AE764AD5}.Release|x64.ActiveCfg = Release|Any CPU
		{9D4A6C32-247C-42CB-B9B8-12C6AE764AD5}.Release|x86.ActiveCfg = Release|Any CPU
		{69DDCF66-E8ED-4706-AB52-D49B885DCFD8}.Debug|Any CPU.ActiveCfg = Debug|Any CPU
		{69DDCF66-E8ED-4706-AB52-D49B885DCFD8}.Debug|Any CPU.Build.0 = Debug|Any CPU
		{69DDCF66-E8ED-4706-AB52-D49B885DCFD8}.Debug|x64.ActiveCfg = Debug|Any CPU
		{69DDCF66-E8ED-4706-AB52-D49B885DCFD8}.Debug|x86.ActiveCfg = Debug|Any CPU
		{69DDCF66-E8ED-4706-AB52-D49B885DCFD8}.Release|Any CPU.ActiveCfg = Release|Any CPU
		{69DDCF66-E8ED-4706-AB52-D49B885DCFD8}.Release|Any CPU.Build.0 = Release|Any CPU
		{69DDCF66-E8ED-4706-AB52-D49B885DCFD8}.Release|x64.ActiveCfg = Release|Any CPU
		{69DDCF66-E8ED-4706-AB52-D49B885DCFD8}.Release|x86.ActiveCfg = Release|Any CPU
		{373AE121-FC34-421C-B4B5-E083C0C1037F}.Debug|Any CPU.ActiveCfg = Debug|Any CPU
		{373AE121-FC34-421C-B4B5-E083C0C1037F}.Debug|Any CPU.Build.0 = Debug|Any CPU
		{373AE121-FC34-421C-B4B5-E083C0C1037F}.Debug|x64.ActiveCfg = Debug|Any CPU
		{373AE121-FC34-421C-B4B5-E083C0C1037F}.Debug|x86.ActiveCfg = Debug|Any CPU
		{373AE121-FC34-421C-B4B5-E083C0C1037F}.Release|Any CPU.ActiveCfg = Release|Any CPU
		{373AE121-FC34-421C-B4B5-E083C0C1037F}.Release|x64.ActiveCfg = Release|Any CPU
		{373AE121-FC34-421C-B4B5-E083C0C1037F}.Release|x86.ActiveCfg = Release|Any CPU
		{F1667046-D7D6-4983-BBD3-B39F8D257592}.Debug|Any CPU.ActiveCfg = Debug|Any CPU
		{F1667046-D7D6-4983-BBD3-B39F8D257592}.Debug|x64.ActiveCfg = Debug|Any CPU
		{F1667046-D7D6-4983-BBD3-B39F8D257592}.Debug|x86.ActiveCfg = Debug|Any CPU
		{F1667046-D7D6-4983-BBD3-B39F8D257592}.Release|Any CPU.ActiveCfg = Release|Any CPU
		{F1667046-D7D6-4983-BBD3-B39F8D257592}.Release|x64.ActiveCfg = Release|Any CPU
		{F1667046-D7D6-4983-BBD3-B39F8D257592}.Release|x86.ActiveCfg = Release|Any CPU
		{168C7B27-3B32-4F3E-B8E6-99382C8E601C}.Debug|Any CPU.ActiveCfg = Debug|Any CPU
		{168C7B27-3B32-4F3E-B8E6-99382C8E601C}.Debug|Any CPU.Build.0 = Debug|Any CPU
		{168C7B27-3B32-4F3E-B8E6-99382C8E601C}.Debug|x64.ActiveCfg = Debug|Any CPU
		{168C7B27-3B32-4F3E-B8E6-99382C8E601C}.Debug|x86.ActiveCfg = Debug|Any CPU
		{168C7B27-3B32-4F3E-B8E6-99382C8E601C}.Debug|x86.Build.0 = Debug|Any CPU
		{168C7B27-3B32-4F3E-B8E6-99382C8E601C}.Release|Any CPU.ActiveCfg = Release|Any CPU
		{168C7B27-3B32-4F3E-B8E6-99382C8E601C}.Release|Any CPU.Build.0 = Release|Any CPU
		{168C7B27-3B32-4F3E-B8E6-99382C8E601C}.Release|x64.ActiveCfg = Release|Any CPU
		{168C7B27-3B32-4F3E-B8E6-99382C8E601C}.Release|x86.ActiveCfg = Release|Any CPU
		{168C7B27-3B32-4F3E-B8E6-99382C8E601C}.Release|x86.Build.0 = Release|Any CPU
		{2C19F8F2-6D71-4209-B5C7-B153AAFDAC59}.Debug|Any CPU.ActiveCfg = Debug|Win32
		{2C19F8F2-6D71-4209-B5C7-B153AAFDAC59}.Debug|x64.ActiveCfg = Debug|Win32
		{2C19F8F2-6D71-4209-B5C7-B153AAFDAC59}.Debug|x86.ActiveCfg = Debug|Win32
		{2C19F8F2-6D71-4209-B5C7-B153AAFDAC59}.Debug|x86.Build.0 = Debug|Win32
		{2C19F8F2-6D71-4209-B5C7-B153AAFDAC59}.Release|Any CPU.ActiveCfg = Release|Win32
		{2C19F8F2-6D71-4209-B5C7-B153AAFDAC59}.Release|x64.ActiveCfg = Release|Win32
		{2C19F8F2-6D71-4209-B5C7-B153AAFDAC59}.Release|x86.ActiveCfg = Release|Win32
		{2C19F8F2-6D71-4209-B5C7-B153AAFDAC59}.Release|x86.Build.0 = Release|Win32
		{46F8DDFA-40DD-4CC0-BDE8-079E5DF038A4}.Debug|Any CPU.ActiveCfg = Debug|Any CPU
		{46F8DDFA-40DD-4CC0-BDE8-079E5DF038A4}.Debug|Any CPU.Build.0 = Debug|Any CPU
		{46F8DDFA-40DD-4CC0-BDE8-079E5DF038A4}.Debug|x64.ActiveCfg = Debug|Any CPU
		{46F8DDFA-40DD-4CC0-BDE8-079E5DF038A4}.Debug|x64.Build.0 = Debug|Any CPU
		{46F8DDFA-40DD-4CC0-BDE8-079E5DF038A4}.Debug|x86.ActiveCfg = Debug|Any CPU
		{46F8DDFA-40DD-4CC0-BDE8-079E5DF038A4}.Debug|x86.Build.0 = Debug|Any CPU
		{46F8DDFA-40DD-4CC0-BDE8-079E5DF038A4}.Release|Any CPU.ActiveCfg = Release|Any CPU
		{46F8DDFA-40DD-4CC0-BDE8-079E5DF038A4}.Release|Any CPU.Build.0 = Release|Any CPU
		{46F8DDFA-40DD-4CC0-BDE8-079E5DF038A4}.Release|x64.ActiveCfg = Release|Any CPU
		{46F8DDFA-40DD-4CC0-BDE8-079E5DF038A4}.Release|x64.Build.0 = Release|Any CPU
		{46F8DDFA-40DD-4CC0-BDE8-079E5DF038A4}.Release|x86.ActiveCfg = Release|Any CPU
		{46F8DDFA-40DD-4CC0-BDE8-079E5DF038A4}.Release|x86.Build.0 = Release|Any CPU
		{364DE14A-3808-4326-A943-20E9FDF5CB67}.Debug|Any CPU.ActiveCfg = Debug|Any CPU
		{364DE14A-3808-4326-A943-20E9FDF5CB67}.Debug|Any CPU.Build.0 = Debug|Any CPU
		{364DE14A-3808-4326-A943-20E9FDF5CB67}.Debug|x64.ActiveCfg = Debug|Any CPU
		{364DE14A-3808-4326-A943-20E9FDF5CB67}.Debug|x64.Build.0 = Debug|Any CPU
		{364DE14A-3808-4326-A943-20E9FDF5CB67}.Debug|x86.ActiveCfg = Debug|Any CPU
		{364DE14A-3808-4326-A943-20E9FDF5CB67}.Debug|x86.Build.0 = Debug|Any CPU
		{364DE14A-3808-4326-A943-20E9FDF5CB67}.Release|Any CPU.ActiveCfg = Release|Any CPU
		{364DE14A-3808-4326-A943-20E9FDF5CB67}.Release|Any CPU.Build.0 = Release|Any CPU
		{364DE14A-3808-4326-A943-20E9FDF5CB67}.Release|x64.ActiveCfg = Release|Any CPU
		{364DE14A-3808-4326-A943-20E9FDF5CB67}.Release|x64.Build.0 = Release|Any CPU
		{364DE14A-3808-4326-A943-20E9FDF5CB67}.Release|x86.ActiveCfg = Release|Any CPU
		{364DE14A-3808-4326-A943-20E9FDF5CB67}.Release|x86.Build.0 = Release|Any CPU
		{EE23ABB8-7B07-456F-80D4-DE3EE9E19CB5}.Debug|Any CPU.ActiveCfg = Debug|Any CPU
		{EE23ABB8-7B07-456F-80D4-DE3EE9E19CB5}.Debug|Any CPU.Build.0 = Debug|Any CPU
		{EE23ABB8-7B07-456F-80D4-DE3EE9E19CB5}.Debug|x64.ActiveCfg = Debug|Any CPU
		{EE23ABB8-7B07-456F-80D4-DE3EE9E19CB5}.Debug|x64.Build.0 = Debug|Any CPU
		{EE23ABB8-7B07-456F-80D4-DE3EE9E19CB5}.Debug|x86.ActiveCfg = Debug|Any CPU
		{EE23ABB8-7B07-456F-80D4-DE3EE9E19CB5}.Debug|x86.Build.0 = Debug|Any CPU
		{EE23ABB8-7B07-456F-80D4-DE3EE9E19CB5}.Release|Any CPU.ActiveCfg = Release|Any CPU
		{EE23ABB8-7B07-456F-80D4-DE3EE9E19CB5}.Release|Any CPU.Build.0 = Release|Any CPU
		{EE23ABB8-7B07-456F-80D4-DE3EE9E19CB5}.Release|x64.ActiveCfg = Release|Any CPU
		{EE23ABB8-7B07-456F-80D4-DE3EE9E19CB5}.Release|x64.Build.0 = Release|Any CPU
		{EE23ABB8-7B07-456F-80D4-DE3EE9E19CB5}.Release|x86.ActiveCfg = Release|Any CPU
		{EE23ABB8-7B07-456F-80D4-DE3EE9E19CB5}.Release|x86.Build.0 = Release|Any CPU
		{35D1BF34-6884-4F52-A152-A79A6737F0DB}.Debug|Any CPU.ActiveCfg = Debug|Any CPU
		{35D1BF34-6884-4F52-A152-A79A6737F0DB}.Debug|Any CPU.Build.0 = Debug|Any CPU
		{35D1BF34-6884-4F52-A152-A79A6737F0DB}.Debug|x64.ActiveCfg = Debug|Any CPU
		{35D1BF34-6884-4F52-A152-A79A6737F0DB}.Debug|x64.Build.0 = Debug|Any CPU
		{35D1BF34-6884-4F52-A152-A79A6737F0DB}.Debug|x86.ActiveCfg = Debug|Any CPU
		{35D1BF34-6884-4F52-A152-A79A6737F0DB}.Debug|x86.Build.0 = Debug|Any CPU
		{35D1BF34-6884-4F52-A152-A79A6737F0DB}.Release|Any CPU.ActiveCfg = Release|Any CPU
		{35D1BF34-6884-4F52-A152-A79A6737F0DB}.Release|Any CPU.Build.0 = Release|Any CPU
		{35D1BF34-6884-4F52-A152-A79A6737F0DB}.Release|x64.ActiveCfg = Release|Any CPU
		{35D1BF34-6884-4F52-A152-A79A6737F0DB}.Release|x64.Build.0 = Release|Any CPU
		{35D1BF34-6884-4F52-A152-A79A6737F0DB}.Release|x86.ActiveCfg = Release|Any CPU
		{35D1BF34-6884-4F52-A152-A79A6737F0DB}.Release|x86.Build.0 = Release|Any CPU
		{961DA435-5800-4CEE-928D-4928B3D3CB2A}.Debug|Any CPU.ActiveCfg = Debug|Any CPU
		{961DA435-5800-4CEE-928D-4928B3D3CB2A}.Debug|Any CPU.Build.0 = Debug|Any CPU
		{961DA435-5800-4CEE-928D-4928B3D3CB2A}.Debug|x64.ActiveCfg = Debug|Any CPU
		{961DA435-5800-4CEE-928D-4928B3D3CB2A}.Debug|x64.Build.0 = Debug|Any CPU
		{961DA435-5800-4CEE-928D-4928B3D3CB2A}.Debug|x86.ActiveCfg = Debug|Any CPU
		{961DA435-5800-4CEE-928D-4928B3D3CB2A}.Debug|x86.Build.0 = Debug|Any CPU
		{961DA435-5800-4CEE-928D-4928B3D3CB2A}.Release|Any CPU.ActiveCfg = Release|Any CPU
		{961DA435-5800-4CEE-928D-4928B3D3CB2A}.Release|Any CPU.Build.0 = Release|Any CPU
		{961DA435-5800-4CEE-928D-4928B3D3CB2A}.Release|x64.ActiveCfg = Release|Any CPU
		{961DA435-5800-4CEE-928D-4928B3D3CB2A}.Release|x64.Build.0 = Release|Any CPU
		{961DA435-5800-4CEE-928D-4928B3D3CB2A}.Release|x86.ActiveCfg = Release|Any CPU
		{961DA435-5800-4CEE-928D-4928B3D3CB2A}.Release|x86.Build.0 = Release|Any CPU
		{7FCC730B-79F3-4ED1-B9EC-2BF330CD9D3B}.Debug|Any CPU.ActiveCfg = Debug|Any CPU
		{7FCC730B-79F3-4ED1-B9EC-2BF330CD9D3B}.Debug|Any CPU.Build.0 = Debug|Any CPU
		{7FCC730B-79F3-4ED1-B9EC-2BF330CD9D3B}.Debug|x64.ActiveCfg = Debug|Any CPU
		{7FCC730B-79F3-4ED1-B9EC-2BF330CD9D3B}.Debug|x64.Build.0 = Debug|Any CPU
		{7FCC730B-79F3-4ED1-B9EC-2BF330CD9D3B}.Debug|x86.ActiveCfg = Debug|Any CPU
		{7FCC730B-79F3-4ED1-B9EC-2BF330CD9D3B}.Release|Any CPU.ActiveCfg = Release|Any CPU
		{7FCC730B-79F3-4ED1-B9EC-2BF330CD9D3B}.Release|x64.ActiveCfg = Release|Any CPU
		{7FCC730B-79F3-4ED1-B9EC-2BF330CD9D3B}.Release|x64.Build.0 = Release|Any CPU
		{7FCC730B-79F3-4ED1-B9EC-2BF330CD9D3B}.Release|x86.ActiveCfg = Release|Any CPU
		{90405A15-35EC-41F6-AB6A-7F2B9AE54B53}.Debug|Any CPU.ActiveCfg = Release|Win32
		{90405A15-35EC-41F6-AB6A-7F2B9AE54B53}.Debug|Any CPU.Build.0 = Release|Win32
		{90405A15-35EC-41F6-AB6A-7F2B9AE54B53}.Debug|x64.ActiveCfg = Release|Win32
		{90405A15-35EC-41F6-AB6A-7F2B9AE54B53}.Debug|x64.Build.0 = Release|Win32
		{90405A15-35EC-41F6-AB6A-7F2B9AE54B53}.Debug|x86.ActiveCfg = Release|Win32
		{90405A15-35EC-41F6-AB6A-7F2B9AE54B53}.Debug|x86.Build.0 = Release|Win32
		{90405A15-35EC-41F6-AB6A-7F2B9AE54B53}.Release|Any CPU.ActiveCfg = Release|Win32
		{90405A15-35EC-41F6-AB6A-7F2B9AE54B53}.Release|x64.ActiveCfg = Release|Win32
		{90405A15-35EC-41F6-AB6A-7F2B9AE54B53}.Release|x86.ActiveCfg = Release|Win32
		{90405A15-35EC-41F6-AB6A-7F2B9AE54B53}.Release|x86.Build.0 = Release|Win32
		{C5576992-E356-49BB-BC3F-0F3D4153D42B}.Debug|Any CPU.ActiveCfg = Debug|Any CPU
		{C5576992-E356-49BB-BC3F-0F3D4153D42B}.Debug|Any CPU.Build.0 = Debug|Any CPU
		{C5576992-E356-49BB-BC3F-0F3D4153D42B}.Debug|x64.ActiveCfg = Debug|Any CPU
		{C5576992-E356-49BB-BC3F-0F3D4153D42B}.Debug|x64.Build.0 = Debug|Any CPU
		{C5576992-E356-49BB-BC3F-0F3D4153D42B}.Debug|x86.ActiveCfg = Debug|Any CPU
		{C5576992-E356-49BB-BC3F-0F3D4153D42B}.Debug|x86.Build.0 = Debug|Any CPU
		{C5576992-E356-49BB-BC3F-0F3D4153D42B}.Release|Any CPU.ActiveCfg = Release|Any CPU
		{C5576992-E356-49BB-BC3F-0F3D4153D42B}.Release|Any CPU.Build.0 = Release|Any CPU
		{C5576992-E356-49BB-BC3F-0F3D4153D42B}.Release|x64.ActiveCfg = Release|Any CPU
		{C5576992-E356-49BB-BC3F-0F3D4153D42B}.Release|x64.Build.0 = Release|Any CPU
		{C5576992-E356-49BB-BC3F-0F3D4153D42B}.Release|x86.ActiveCfg = Release|Any CPU
		{C5576992-E356-49BB-BC3F-0F3D4153D42B}.Release|x86.Build.0 = Release|Any CPU
	EndGlobalSection
	GlobalSection(SolutionProperties) = preSolution
		HideSolutionNode = FALSE
	EndGlobalSection
	GlobalSection(NestedProjects) = preSolution
		{4B47A184-5CB7-4E78-8EAD-E458FB11A7EF} = {82D5A236-3610-446D-95BA-3888BF6E8F25}
		{B014973F-FCBB-4BC4-92E7-97AE684EA4F7} = {0C880B80-8ECC-4252-A9C9-00BAF5C58A3C}
		{7A27F221-F05C-4545-B6BB-3DB0F6B9A50E} = {0C880B80-8ECC-4252-A9C9-00BAF5C58A3C}
		{EA4503BE-27A4-464A-B22B-9103A1297898} = {82D5A236-3610-446D-95BA-3888BF6E8F25}
		{10559875-C9A1-484C-BCFA-8DC53A428F1C} = {0C880B80-8ECC-4252-A9C9-00BAF5C58A3C}
		{190BC611-EE00-4B10-87F2-A7E73B639E59} = {016834A7-5E0C-4356-81F4-E4034CD56BBD}
		{FBE04237-9C7B-4973-9C60-505975998B39} = {016834A7-5E0C-4356-81F4-E4034CD56BBD}
		{5DCF20C5-9BBD-44E2-96BE-323A845B99F4} = {82D5A236-3610-446D-95BA-3888BF6E8F25}
		{C84FD40F-6D87-43FA-BBAD-5CA3C8B98E44} = {4B65F34E-129D-46F9-9464-25737BC43029}
		{A55580DD-000F-4D1A-848F-6259541283A7} = {4B65F34E-129D-46F9-9464-25737BC43029}
		{2157BC47-A5E1-405C-A003-F44970DC3718} = {4B65F34E-129D-46F9-9464-25737BC43029}
		{AD66B0A1-725E-4833-8AB9-DE1B5D4C8505} = {4B65F34E-129D-46F9-9464-25737BC43029}
		{9EEBC1D8-E069-460B-8D45-DEFB49BF83C2} = {4B65F34E-129D-46F9-9464-25737BC43029}
		{9763935B-D7BB-4111-8C86-F8619124985F} = {A237D0C7-1BDE-4828-AAF9-E4B2579DAA92}
		{417FF287-D121-46DA-BE0D-A6E6019A5B7B} = {A237D0C7-1BDE-4828-AAF9-E4B2579DAA92}
		{FC071F03-B2EB-4895-A8BF-F29D1F209155} = {4B65F34E-129D-46F9-9464-25737BC43029}
		{1A8A8590-2D47-44E1-820E-28ED976688DD} = {A237D0C7-1BDE-4828-AAF9-E4B2579DAA92}
		{48FE3170-3687-4894-94C3-E886B911EAA0} = {A237D0C7-1BDE-4828-AAF9-E4B2579DAA92}
		{55C9E760-5732-4623-B30B-A9D8BA01D3AE} = {A237D0C7-1BDE-4828-AAF9-E4B2579DAA92}
		{99763C5A-4F8A-455E-80A4-8760CB149290} = {A237D0C7-1BDE-4828-AAF9-E4B2579DAA92}
		{E6C47AA1-8569-455C-B06E-F22D0D2BBD1F} = {A237D0C7-1BDE-4828-AAF9-E4B2579DAA92}
		{E40D1949-97DE-43E0-80AE-D7EBFFD18C32} = {A237D0C7-1BDE-4828-AAF9-E4B2579DAA92}
		{9D4A6C32-247C-42CB-B9B8-12C6AE764AD5} = {A237D0C7-1BDE-4828-AAF9-E4B2579DAA92}
		{69DDCF66-E8ED-4706-AB52-D49B885DCFD8} = {A237D0C7-1BDE-4828-AAF9-E4B2579DAA92}
		{373AE121-FC34-421C-B4B5-E083C0C1037F} = {A237D0C7-1BDE-4828-AAF9-E4B2579DAA92}
		{F1667046-D7D6-4983-BBD3-B39F8D257592} = {A237D0C7-1BDE-4828-AAF9-E4B2579DAA92}
		{168C7B27-3B32-4F3E-B8E6-99382C8E601C} = {A237D0C7-1BDE-4828-AAF9-E4B2579DAA92}
		{2C19F8F2-6D71-4209-B5C7-B153AAFDAC59} = {A237D0C7-1BDE-4828-AAF9-E4B2579DAA92}
		{46F8DDFA-40DD-4CC0-BDE8-079E5DF038A4} = {A237D0C7-1BDE-4828-AAF9-E4B2579DAA92}
		{364DE14A-3808-4326-A943-20E9FDF5CB67} = {A237D0C7-1BDE-4828-AAF9-E4B2579DAA92}
		{EE23ABB8-7B07-456F-80D4-DE3EE9E19CB5} = {A237D0C7-1BDE-4828-AAF9-E4B2579DAA92}
		{35D1BF34-6884-4F52-A152-A79A6737F0DB} = {A237D0C7-1BDE-4828-AAF9-E4B2579DAA92}
		{961DA435-5800-4CEE-928D-4928B3D3CB2A} = {A237D0C7-1BDE-4828-AAF9-E4B2579DAA92}
		{7FCC730B-79F3-4ED1-B9EC-2BF330CD9D3B} = {4B65F34E-129D-46F9-9464-25737BC43029}
		{90405A15-35EC-41F6-AB6A-7F2B9AE54B53} = {A237D0C7-1BDE-4828-AAF9-E4B2579DAA92}
		{C5576992-E356-49BB-BC3F-0F3D4153D42B} = {A237D0C7-1BDE-4828-AAF9-E4B2579DAA92}
	EndGlobalSection
	GlobalSection(ExtensibilityGlobals) = postSolution
		SolutionGuid = {F4DC626A-22DF-4C8A-9686-8A694050B23E}
	EndGlobalSection
EndGlobal
