
Microsoft Visual Studio Solution File, Format Version 12.00
# Visual Studio Version 16
VisualStudioVersion = 16.0.28803.352
MinimumVisualStudioVersion = 10.0.40219.1
Project("{FAE04EC0-301F-11D3-BF4B-00C04F79EFBC}") = "Test old", "Test Projects\Test\Test old.csproj", "{E40D1949-97DE-43E0-80AE-D7EBFFD18C32}"
EndProject
Project("{FAE04EC0-301F-11D3-BF4B-00C04F79EFBC}") = "Wpf", "Test Projects\Wpf\Wpf.csproj", "{9D4A6C32-247C-42CB-B9B8-12C6AE764AD5}"
EndProject
Project("{FAE04EC0-301F-11D3-BF4B-00C04F79EFBC}") = "WinForms", "Test Projects\WinForms\WinForms.csproj", "{69DDCF66-E8ED-4706-AB52-D49B885DCFD8}"
EndProject
Project("{FAE04EC0-301F-11D3-BF4B-00C04F79EFBC}") = "ScriptClass", "Test Projects\ScriptClass\ScriptClass.csproj", "{373AE121-FC34-421C-B4B5-E083C0C1037F}"
EndProject
Project("{2150E333-8FDC-42A3-9474-1A3956D46DE8}") = "Test Projects", "Test Projects", "{A237D0C7-1BDE-4828-AAF9-E4B2579DAA92}"
EndProject
Project("{2150E333-8FDC-42A3-9474-1A3956D46DE8}") = "App", "App", "{82D5A236-3610-446D-95BA-3888BF6E8F25}"
EndProject
Project("{2150E333-8FDC-42A3-9474-1A3956D46DE8}") = "Dll", "Dll", "{0C880B80-8ECC-4252-A9C9-00BAF5C58A3C}"
EndProject
Project("{F184B08F-C81C-45F6-A57F-5ABD9991F28F}") = "VB", "Test Projects\VB\VB.vbproj", "{F1667046-D7D6-4983-BBD3-B39F8D257592}"
EndProject
Project("{2150E333-8FDC-42A3-9474-1A3956D46DE8}") = "Other", "Other", "{4B65F34E-129D-46F9-9464-25737BC43029}"
EndProject
Project("{9A19103F-16F7-4668-BE54-9A1E7A4F7556}") = "SdkConverter", "Other\SdkConverter\SdkConverter.csproj", "{9EEBC1D8-E069-460B-8D45-DEFB49BF83C2}"
EndProject
Project("{8BC9CEB8-8B4A-11D0-8D11-00A0C91BC942}") = "SdkConverter C++ code test", "Other\SdkPreprocess\SdkPreprocess.vcxproj", "{E6C47AA1-8569-455C-B06E-F22D0D2BBD1F}"
EndProject
Project("{FAE04EC0-301F-11D3-BF4B-00C04F79EFBC}") = "Simple", "Test Projects\Simple\Simple.csproj", "{168C7B27-3B32-4F3E-B8E6-99382C8E601C}"
EndProject
Project("{8BC9CEB8-8B4A-11D0-8D11-00A0C91BC942}") = "UnmanagedExe", "Test Projects\UnmanagedExe\UnmanagedExe.vcxproj", "{2C19F8F2-6D71-4209-B5C7-B153AAFDAC59}"
EndProject
Project("{8BC9CEB8-8B4A-11D0-8D11-00A0C91BC942}") = "Cpp", "Cpp\Cpp.vcxproj", "{10559875-C9A1-484C-BCFA-8DC53A428F1C}"
EndProject
Project("{8BC9CEB8-8B4A-11D0-8D11-00A0C91BC942}") = "UnmanagedDll", "Test Projects\UnmanagedDll\UnmanagedDll.vcxproj", "{9763935B-D7BB-4111-8C86-F8619124985F}"
EndProject
Project("{2150E333-8FDC-42A3-9474-1A3956D46DE8}") = "Libraries", "Libraries", "{016834A7-5E0C-4356-81F4-E4034CD56BBD}"
EndProject
Project("{8BC9CEB8-8B4A-11D0-8D11-00A0C91BC942}") = "PCRE", "Libraries\PCRE\PCRE.vcxproj", "{190BC611-EE00-4B10-87F2-A7E73B639E59}"
EndProject
Project("{FAE04EC0-301F-11D3-BF4B-00C04F79EFBC}") = "SimpleLib", "Test Projects\SimpleLib\SimpleLib.csproj", "{417FF287-D121-46DA-BE0D-A6E6019A5B7B}"
EndProject
Project("{FAE04EC0-301F-11D3-BF4B-00C04F79EFBC}") = "Unused", "Test Projects\Unused\Unused.csproj", "{FC071F03-B2EB-4895-A8BF-F29D1F209155}"
EndProject
Project("{8BC9CEB8-8B4A-11D0-8D11-00A0C91BC942}") = "Au.CL", "Au.CL\Au.CL.vcxproj", "{90405A15-35EC-41F6-AB6A-7F2B9AE54B53}"
EndProject
Project("{2150E333-8FDC-42A3-9474-1A3956D46DE8}") = "Small", "Small", "{EC35AA9D-EAEC-4472-B134-C754B21C96C8}"
EndProject
Project("{9A19103F-16F7-4668-BE54-9A1E7A4F7556}") = "DocFX", "Other\DocFX\DocFX.csproj", "{C84FD40F-6D87-43FA-BBAD-5CA3C8B98E44}"
EndProject
Project("{2150E333-8FDC-42A3-9474-1A3956D46DE8}") = "solution", "solution", "{2C03BC9E-C857-44FF-8585-08DF42C687A3}"
	ProjectSection(SolutionItems) = preProject
		.gitignore = .gitignore
	EndProjectSection
EndProject
Project("{8BC9CEB8-8B4A-11D0-8D11-00A0C91BC942}") = "SciLexer", "Libraries\scintilla\win32\SciLexer.vcxproj", "{FBE04237-9C7B-4973-9C60-505975998B39}"
EndProject
Project("{9A19103F-16F7-4668-BE54-9A1E7A4F7556}") = "CompilerDlls", "Other\CompilerDlls\CompilerDlls.csproj", "{A55580DD-000F-4D1A-848F-6259541283A7}"
EndProject
Project("{9A19103F-16F7-4668-BE54-9A1E7A4F7556}") = "_Au", "_Au\_Au.csproj", "{C5AA84F9-BBE8-45AA-9E7A-E2BD14729E69}"
	ProjectSection(ProjectDependencies) = postProject
		{10559875-C9A1-484C-BCFA-8DC53A428F1C} = {10559875-C9A1-484C-BCFA-8DC53A428F1C}
	EndProjectSection
EndProject
Project("{9A19103F-16F7-4668-BE54-9A1E7A4F7556}") = "_TreeList", "Libraries\_TreeList\_TreeList.csproj", "{558F9F62-2162-424B-B4E9-81FB15CCB333}"
EndProject
Project("{9A19103F-16F7-4668-BE54-9A1E7A4F7556}") = "_SourceGrid", "Libraries\_SourceGrid\_SourceGrid.csproj", "{A894075F-9B2D-46C9-9B75-2721313402E6}"
EndProject
Project("{9A19103F-16F7-4668-BE54-9A1E7A4F7556}") = "_Au.Controls", "_Au.Controls\_Au.Controls.csproj", "{C33E7E9C-C8BD-4986-B57C-B6DC587F1659}"
	ProjectSection(ProjectDependencies) = postProject
		{FBE04237-9C7B-4973-9C60-505975998B39} = {FBE04237-9C7B-4973-9C60-505975998B39}
	EndProjectSection
EndProject
Project("{9A19103F-16F7-4668-BE54-9A1E7A4F7556}") = "_Au.Task", "_Au.Task\_Au.Task.csproj", "{12BD5B1F-8293-4633-9A70-2D2847F79F72}"
EndProject
Project("{9A19103F-16F7-4668-BE54-9A1E7A4F7556}") = "_Au.Editor", "_Au.Editor\_Au.Editor.csproj", "{114577ED-CA38-4EA9-9460-ACCE3839B613}"
	ProjectSection(ProjectDependencies) = postProject
		{90405A15-35EC-41F6-AB6A-7F2B9AE54B53} = {90405A15-35EC-41F6-AB6A-7F2B9AE54B53}
		{12BD5B1F-8293-4633-9A70-2D2847F79F72} = {12BD5B1F-8293-4633-9A70-2D2847F79F72}
	EndProjectSection
EndProject
Project("{9A19103F-16F7-4668-BE54-9A1E7A4F7556}") = "_Au.Tests", "_Au.Tests\_Au.Tests.csproj", "{4AD4FBAB-3A07-4736-A7C1-742F059F611D}"
EndProject
Project("{9A19103F-16F7-4668-BE54-9A1E7A4F7556}") = "_HtmlRenderer", "Libraries\_HtmlRenderer\_HtmlRenderer.csproj", "{26889614-06D2-43D3-999F-340AEF54D68E}"
EndProject
Project("{9A19103F-16F7-4668-BE54-9A1E7A4F7556}") = "AppHostTestApp", "Test Projects\AppHostTestApp\AppHostTestApp.csproj", "{1A8A8590-2D47-44E1-820E-28ED976688DD}"
EndProject
Project("{8BC9CEB8-8B4A-11D0-8D11-00A0C91BC942}") = "Au.AppHost", "Au.AppHost\Au.AppHost.vcxproj", "{5DCF20C5-9BBD-44E2-96BE-323A845B99F4}"
EndProject
Project("{9A19103F-16F7-4668-BE54-9A1E7A4F7556}") = "TestCore", "Test Projects\TestCore\TestCore.csproj", "{F0A6D0C8-4158-4D83-8AFD-10576BD7D859}"
EndProject
Project("{FAE04EC0-301F-11D3-BF4B-00C04F79EFBC}") = "TestFramework", "Test Projects\TestFramework\TestFramework.csproj", "{48FE3170-3687-4894-94C3-E886B911EAA0}"
EndProject
Project("{FAE04EC0-301F-11D3-BF4B-00C04F79EFBC}") = "Tests", "Test Projects\Tests\Tests.csproj", "{55C9E760-5732-4623-B30B-A9D8BA01D3AE}"
EndProject
Project("{FAE04EC0-301F-11D3-BF4B-00C04F79EFBC}") = "AuTo", "Test Projects\AuTo\AuTo.csproj", "{99763C5A-4F8A-455E-80A4-8760CB149290}"
EndProject
Global
	GlobalSection(SolutionConfigurationPlatforms) = preSolution
		Debug|Any CPU = Debug|Any CPU
		Debug|x64 = Debug|x64
		Debug|x86 = Debug|x86
		Release|Any CPU = Release|Any CPU
		Release|x64 = Release|x64
		Release|x86 = Release|x86
	EndGlobalSection
	GlobalSection(ProjectConfigurationPlatforms) = postSolution
		{E40D1949-97DE-43E0-80AE-D7EBFFD18C32}.Debug|Any CPU.ActiveCfg = Debug|Any CPU
		{E40D1949-97DE-43E0-80AE-D7EBFFD18C32}.Debug|x64.ActiveCfg = Debug|Any CPU
		{E40D1949-97DE-43E0-80AE-D7EBFFD18C32}.Debug|x86.ActiveCfg = Debug|Any CPU
		{E40D1949-97DE-43E0-80AE-D7EBFFD18C32}.Release|Any CPU.ActiveCfg = Release|Any CPU
		{E40D1949-97DE-43E0-80AE-D7EBFFD18C32}.Release|x64.ActiveCfg = Release|Any CPU
		{E40D1949-97DE-43E0-80AE-D7EBFFD18C32}.Release|x86.ActiveCfg = Release|Any CPU
		{9D4A6C32-247C-42CB-B9B8-12C6AE764AD5}.Debug|Any CPU.ActiveCfg = Debug|Any CPU
		{9D4A6C32-247C-42CB-B9B8-12C6AE764AD5}.Debug|x64.ActiveCfg = Debug|Any CPU
		{9D4A6C32-247C-42CB-B9B8-12C6AE764AD5}.Debug|x86.ActiveCfg = Debug|Any CPU
		{9D4A6C32-247C-42CB-B9B8-12C6AE764AD5}.Release|Any CPU.ActiveCfg = Release|Any CPU
		{9D4A6C32-247C-42CB-B9B8-12C6AE764AD5}.Release|x64.ActiveCfg = Release|Any CPU
		{9D4A6C32-247C-42CB-B9B8-12C6AE764AD5}.Release|x86.ActiveCfg = Release|Any CPU
		{69DDCF66-E8ED-4706-AB52-D49B885DCFD8}.Debug|Any CPU.ActiveCfg = Debug|Any CPU
		{69DDCF66-E8ED-4706-AB52-D49B885DCFD8}.Debug|Any CPU.Build.0 = Debug|Any CPU
		{69DDCF66-E8ED-4706-AB52-D49B885DCFD8}.Debug|x64.ActiveCfg = Debug|Any CPU
		{69DDCF66-E8ED-4706-AB52-D49B885DCFD8}.Debug|x86.ActiveCfg = Debug|Any CPU
		{69DDCF66-E8ED-4706-AB52-D49B885DCFD8}.Release|Any CPU.ActiveCfg = Release|Any CPU
		{69DDCF66-E8ED-4706-AB52-D49B885DCFD8}.Release|Any CPU.Build.0 = Release|Any CPU
		{69DDCF66-E8ED-4706-AB52-D49B885DCFD8}.Release|x64.ActiveCfg = Release|Any CPU
		{69DDCF66-E8ED-4706-AB52-D49B885DCFD8}.Release|x86.ActiveCfg = Release|Any CPU
		{373AE121-FC34-421C-B4B5-E083C0C1037F}.Debug|Any CPU.ActiveCfg = Debug|Any CPU
		{373AE121-FC34-421C-B4B5-E083C0C1037F}.Debug|Any CPU.Build.0 = Debug|Any CPU
		{373AE121-FC34-421C-B4B5-E083C0C1037F}.Debug|x64.ActiveCfg = Debug|Any CPU
		{373AE121-FC34-421C-B4B5-E083C0C1037F}.Debug|x86.ActiveCfg = Debug|Any CPU
		{373AE121-FC34-421C-B4B5-E083C0C1037F}.Release|Any CPU.ActiveCfg = Release|Any CPU
		{373AE121-FC34-421C-B4B5-E083C0C1037F}.Release|x64.ActiveCfg = Release|Any CPU
		{373AE121-FC34-421C-B4B5-E083C0C1037F}.Release|x86.ActiveCfg = Release|Any CPU
		{F1667046-D7D6-4983-BBD3-B39F8D257592}.Debug|Any CPU.ActiveCfg = Debug|Any CPU
		{F1667046-D7D6-4983-BBD3-B39F8D257592}.Debug|x64.ActiveCfg = Debug|Any CPU
		{F1667046-D7D6-4983-BBD3-B39F8D257592}.Debug|x86.ActiveCfg = Debug|Any CPU
		{F1667046-D7D6-4983-BBD3-B39F8D257592}.Release|Any CPU.ActiveCfg = Release|Any CPU
		{F1667046-D7D6-4983-BBD3-B39F8D257592}.Release|x64.ActiveCfg = Release|Any CPU
		{F1667046-D7D6-4983-BBD3-B39F8D257592}.Release|x86.ActiveCfg = Release|Any CPU
		{9EEBC1D8-E069-460B-8D45-DEFB49BF83C2}.Debug|Any CPU.ActiveCfg = Debug|Any CPU
		{9EEBC1D8-E069-460B-8D45-DEFB49BF83C2}.Debug|x64.ActiveCfg = Debug|Any CPU
		{9EEBC1D8-E069-460B-8D45-DEFB49BF83C2}.Debug|x86.ActiveCfg = Debug|Any CPU
		{9EEBC1D8-E069-460B-8D45-DEFB49BF83C2}.Release|Any CPU.ActiveCfg = Release|Any CPU
		{9EEBC1D8-E069-460B-8D45-DEFB49BF83C2}.Release|x64.ActiveCfg = Release|Any CPU
		{9EEBC1D8-E069-460B-8D45-DEFB49BF83C2}.Release|x86.ActiveCfg = Release|Any CPU
		{E6C47AA1-8569-455C-B06E-F22D0D2BBD1F}.Debug|Any CPU.ActiveCfg = Debug|Win32
		{E6C47AA1-8569-455C-B06E-F22D0D2BBD1F}.Debug|x64.ActiveCfg = Debug|Win32
		{E6C47AA1-8569-455C-B06E-F22D0D2BBD1F}.Debug|x86.ActiveCfg = Debug|Win32
		{E6C47AA1-8569-455C-B06E-F22D0D2BBD1F}.Release|Any CPU.ActiveCfg = Release|Win32
		{E6C47AA1-8569-455C-B06E-F22D0D2BBD1F}.Release|x64.ActiveCfg = Release|Win32
		{E6C47AA1-8569-455C-B06E-F22D0D2BBD1F}.Release|x86.ActiveCfg = Release|Win32
		{168C7B27-3B32-4F3E-B8E6-99382C8E601C}.Debug|Any CPU.ActiveCfg = Debug|Any CPU
		{168C7B27-3B32-4F3E-B8E6-99382C8E601C}.Debug|Any CPU.Build.0 = Debug|Any CPU
		{168C7B27-3B32-4F3E-B8E6-99382C8E601C}.Debug|x64.ActiveCfg = Debug|Any CPU
		{168C7B27-3B32-4F3E-B8E6-99382C8E601C}.Debug|x86.ActiveCfg = Debug|Any CPU
		{168C7B27-3B32-4F3E-B8E6-99382C8E601C}.Debug|x86.Build.0 = Debug|Any CPU
		{168C7B27-3B32-4F3E-B8E6-99382C8E601C}.Release|Any CPU.ActiveCfg = Release|Any CPU
		{168C7B27-3B32-4F3E-B8E6-99382C8E601C}.Release|Any CPU.Build.0 = Release|Any CPU
		{168C7B27-3B32-4F3E-B8E6-99382C8E601C}.Release|x64.ActiveCfg = Release|Any CPU
		{168C7B27-3B32-4F3E-B8E6-99382C8E601C}.Release|x86.ActiveCfg = Release|Any CPU
		{168C7B27-3B32-4F3E-B8E6-99382C8E601C}.Release|x86.Build.0 = Release|Any CPU
		{2C19F8F2-6D71-4209-B5C7-B153AAFDAC59}.Debug|Any CPU.ActiveCfg = Debug|Win32
		{2C19F8F2-6D71-4209-B5C7-B153AAFDAC59}.Debug|x64.ActiveCfg = Debug|Win32
		{2C19F8F2-6D71-4209-B5C7-B153AAFDAC59}.Debug|x86.ActiveCfg = Debug|Win32
		{2C19F8F2-6D71-4209-B5C7-B153AAFDAC59}.Debug|x86.Build.0 = Debug|Win32
		{2C19F8F2-6D71-4209-B5C7-B153AAFDAC59}.Release|Any CPU.ActiveCfg = Release|Win32
		{2C19F8F2-6D71-4209-B5C7-B153AAFDAC59}.Release|x64.ActiveCfg = Release|Win32
		{2C19F8F2-6D71-4209-B5C7-B153AAFDAC59}.Release|x86.ActiveCfg = Release|Win32
		{2C19F8F2-6D71-4209-B5C7-B153AAFDAC59}.Release|x86.Build.0 = Release|Win32
		{10559875-C9A1-484C-BCFA-8DC53A428F1C}.Debug|Any CPU.ActiveCfg = Debug|x64
		{10559875-C9A1-484C-BCFA-8DC53A428F1C}.Debug|Any CPU.Build.0 = Debug|x64
		{10559875-C9A1-484C-BCFA-8DC53A428F1C}.Debug|x64.ActiveCfg = Debug|x64
		{10559875-C9A1-484C-BCFA-8DC53A428F1C}.Debug|x64.Build.0 = Debug|x64
		{10559875-C9A1-484C-BCFA-8DC53A428F1C}.Debug|x86.ActiveCfg = Debug|Win32
		{10559875-C9A1-484C-BCFA-8DC53A428F1C}.Debug|x86.Build.0 = Debug|Win32
		{10559875-C9A1-484C-BCFA-8DC53A428F1C}.Release|Any CPU.ActiveCfg = Release|x64
		{10559875-C9A1-484C-BCFA-8DC53A428F1C}.Release|Any CPU.Build.0 = Release|x64
		{10559875-C9A1-484C-BCFA-8DC53A428F1C}.Release|x64.ActiveCfg = Release|x64
		{10559875-C9A1-484C-BCFA-8DC53A428F1C}.Release|x64.Build.0 = Release|x64
		{10559875-C9A1-484C-BCFA-8DC53A428F1C}.Release|x86.ActiveCfg = Release|Win32
		{10559875-C9A1-484C-BCFA-8DC53A428F1C}.Release|x86.Build.0 = Release|Win32
		{9763935B-D7BB-4111-8C86-F8619124985F}.Debug|Any CPU.ActiveCfg = Debug|Win32
		{9763935B-D7BB-4111-8C86-F8619124985F}.Debug|x64.ActiveCfg = Debug|Win32
		{9763935B-D7BB-4111-8C86-F8619124985F}.Debug|x86.ActiveCfg = Debug|Win32
		{9763935B-D7BB-4111-8C86-F8619124985F}.Debug|x86.Build.0 = Debug|Win32
		{9763935B-D7BB-4111-8C86-F8619124985F}.Release|Any CPU.ActiveCfg = Release|Win32
		{9763935B-D7BB-4111-8C86-F8619124985F}.Release|x64.ActiveCfg = Release|Win32
		{9763935B-D7BB-4111-8C86-F8619124985F}.Release|x86.ActiveCfg = Release|Win32
		{9763935B-D7BB-4111-8C86-F8619124985F}.Release|x86.Build.0 = Release|Win32
		{190BC611-EE00-4B10-87F2-A7E73B639E59}.Debug|Any CPU.ActiveCfg = Release|x64
		{190BC611-EE00-4B10-87F2-A7E73B639E59}.Debug|Any CPU.Build.0 = Release|x64
		{190BC611-EE00-4B10-87F2-A7E73B639E59}.Debug|Any CPU.Deploy.0 = Release|x64
		{190BC611-EE00-4B10-87F2-A7E73B639E59}.Debug|x64.ActiveCfg = Debug|x64
		{190BC611-EE00-4B10-87F2-A7E73B639E59}.Debug|x64.Build.0 = Debug|x64
		{190BC611-EE00-4B10-87F2-A7E73B639E59}.Debug|x86.ActiveCfg = Release|Win32
		{190BC611-EE00-4B10-87F2-A7E73B639E59}.Debug|x86.Build.0 = Release|Win32
		{190BC611-EE00-4B10-87F2-A7E73B639E59}.Release|Any CPU.ActiveCfg = Release|x64
		{190BC611-EE00-4B10-87F2-A7E73B639E59}.Release|Any CPU.Build.0 = Release|x64
		{190BC611-EE00-4B10-87F2-A7E73B639E59}.Release|x64.ActiveCfg = Release|x64
		{190BC611-EE00-4B10-87F2-A7E73B639E59}.Release|x64.Build.0 = Release|x64
		{190BC611-EE00-4B10-87F2-A7E73B639E59}.Release|x86.ActiveCfg = Release|Win32
		{190BC611-EE00-4B10-87F2-A7E73B639E59}.Release|x86.Build.0 = Release|Win32
		{417FF287-D121-46DA-BE0D-A6E6019A5B7B}.Debug|Any CPU.ActiveCfg = Debug|Any CPU
		{417FF287-D121-46DA-BE0D-A6E6019A5B7B}.Debug|Any CPU.Build.0 = Debug|Any CPU
		{417FF287-D121-46DA-BE0D-A6E6019A5B7B}.Debug|x64.ActiveCfg = Debug|Any CPU
		{417FF287-D121-46DA-BE0D-A6E6019A5B7B}.Debug|x86.ActiveCfg = Debug|Any CPU
		{417FF287-D121-46DA-BE0D-A6E6019A5B7B}.Debug|x86.Build.0 = Debug|Any CPU
		{417FF287-D121-46DA-BE0D-A6E6019A5B7B}.Release|Any CPU.ActiveCfg = Release|Any CPU
		{417FF287-D121-46DA-BE0D-A6E6019A5B7B}.Release|Any CPU.Build.0 = Release|Any CPU
		{417FF287-D121-46DA-BE0D-A6E6019A5B7B}.Release|x64.ActiveCfg = Release|Any CPU
		{417FF287-D121-46DA-BE0D-A6E6019A5B7B}.Release|x86.ActiveCfg = Release|Any CPU
		{417FF287-D121-46DA-BE0D-A6E6019A5B7B}.Release|x86.Build.0 = Release|Any CPU
		{FC071F03-B2EB-4895-A8BF-F29D1F209155}.Debug|Any CPU.ActiveCfg = Debug|Any CPU
		{FC071F03-B2EB-4895-A8BF-F29D1F209155}.Debug|Any CPU.Build.0 = Debug|Any CPU
		{FC071F03-B2EB-4895-A8BF-F29D1F209155}.Debug|x64.ActiveCfg = Debug|Any CPU
		{FC071F03-B2EB-4895-A8BF-F29D1F209155}.Debug|x86.ActiveCfg = Debug|Any CPU
		{FC071F03-B2EB-4895-A8BF-F29D1F209155}.Debug|x86.Build.0 = Debug|Any CPU
		{FC071F03-B2EB-4895-A8BF-F29D1F209155}.Release|Any CPU.ActiveCfg = Release|Any CPU
		{FC071F03-B2EB-4895-A8BF-F29D1F209155}.Release|Any CPU.Build.0 = Release|Any CPU
		{FC071F03-B2EB-4895-A8BF-F29D1F209155}.Release|x64.ActiveCfg = Release|Any CPU
		{FC071F03-B2EB-4895-A8BF-F29D1F209155}.Release|x86.ActiveCfg = Release|Any CPU
		{FC071F03-B2EB-4895-A8BF-F29D1F209155}.Release|x86.Build.0 = Release|Any CPU
		{90405A15-35EC-41F6-AB6A-7F2B9AE54B53}.Debug|Any CPU.ActiveCfg = Release|Win32
		{90405A15-35EC-41F6-AB6A-7F2B9AE54B53}.Debug|Any CPU.Build.0 = Release|Win32
		{90405A15-35EC-41F6-AB6A-7F2B9AE54B53}.Debug|x64.ActiveCfg = Release|Win32
		{90405A15-35EC-41F6-AB6A-7F2B9AE54B53}.Debug|x64.Build.0 = Release|Win32
		{90405A15-35EC-41F6-AB6A-7F2B9AE54B53}.Debug|x86.ActiveCfg = Release|Win32
		{90405A15-35EC-41F6-AB6A-7F2B9AE54B53}.Debug|x86.Build.0 = Release|Win32
		{90405A15-35EC-41F6-AB6A-7F2B9AE54B53}.Release|Any CPU.ActiveCfg = Release|Win32
		{90405A15-35EC-41F6-AB6A-7F2B9AE54B53}.Release|Any CPU.Build.0 = Release|Win32
		{90405A15-35EC-41F6-AB6A-7F2B9AE54B53}.Release|x64.ActiveCfg = Release|Win32
		{90405A15-35EC-41F6-AB6A-7F2B9AE54B53}.Release|x86.ActiveCfg = Release|Win32
		{90405A15-35EC-41F6-AB6A-7F2B9AE54B53}.Release|x86.Build.0 = Release|Win32
		{C84FD40F-6D87-43FA-BBAD-5CA3C8B98E44}.Debug|Any CPU.ActiveCfg = Debug|Any CPU
		{C84FD40F-6D87-43FA-BBAD-5CA3C8B98E44}.Debug|Any CPU.Build.0 = Debug|Any CPU
		{C84FD40F-6D87-43FA-BBAD-5CA3C8B98E44}.Debug|x64.ActiveCfg = Debug|Any CPU
		{C84FD40F-6D87-43FA-BBAD-5CA3C8B98E44}.Debug|x64.Build.0 = Debug|Any CPU
		{C84FD40F-6D87-43FA-BBAD-5CA3C8B98E44}.Debug|x86.ActiveCfg = Debug|Any CPU
		{C84FD40F-6D87-43FA-BBAD-5CA3C8B98E44}.Debug|x86.Build.0 = Debug|Any CPU
		{C84FD40F-6D87-43FA-BBAD-5CA3C8B98E44}.Release|Any CPU.ActiveCfg = Release|Any CPU
		{C84FD40F-6D87-43FA-BBAD-5CA3C8B98E44}.Release|Any CPU.Build.0 = Release|Any CPU
		{C84FD40F-6D87-43FA-BBAD-5CA3C8B98E44}.Release|x64.ActiveCfg = Release|Any CPU
		{C84FD40F-6D87-43FA-BBAD-5CA3C8B98E44}.Release|x64.Build.0 = Release|Any CPU
		{C84FD40F-6D87-43FA-BBAD-5CA3C8B98E44}.Release|x86.ActiveCfg = Release|Any CPU
		{C84FD40F-6D87-43FA-BBAD-5CA3C8B98E44}.Release|x86.Build.0 = Release|Any CPU
		{FBE04237-9C7B-4973-9C60-505975998B39}.Debug|Any CPU.ActiveCfg = Debug|x64
		{FBE04237-9C7B-4973-9C60-505975998B39}.Debug|Any CPU.Build.0 = Debug|x64
		{FBE04237-9C7B-4973-9C60-505975998B39}.Debug|x64.ActiveCfg = Debug|x64
		{FBE04237-9C7B-4973-9C60-505975998B39}.Debug|x64.Build.0 = Debug|x64
		{FBE04237-9C7B-4973-9C60-505975998B39}.Debug|x86.ActiveCfg = Debug|Win32
		{FBE04237-9C7B-4973-9C60-505975998B39}.Debug|x86.Build.0 = Debug|Win32
		{FBE04237-9C7B-4973-9C60-505975998B39}.Release|Any CPU.ActiveCfg = Release|x64
		{FBE04237-9C7B-4973-9C60-505975998B39}.Release|Any CPU.Build.0 = Release|x64
		{FBE04237-9C7B-4973-9C60-505975998B39}.Release|x64.ActiveCfg = Release|x64
		{FBE04237-9C7B-4973-9C60-505975998B39}.Release|x64.Build.0 = Release|x64
		{FBE04237-9C7B-4973-9C60-505975998B39}.Release|x86.ActiveCfg = Release|Win32
		{FBE04237-9C7B-4973-9C60-505975998B39}.Release|x86.Build.0 = Release|Win32
		{A55580DD-000F-4D1A-848F-6259541283A7}.Debug|Any CPU.ActiveCfg = Debug|Any CPU
		{A55580DD-000F-4D1A-848F-6259541283A7}.Debug|Any CPU.Build.0 = Debug|Any CPU
		{A55580DD-000F-4D1A-848F-6259541283A7}.Debug|x64.ActiveCfg = Debug|Any CPU
		{A55580DD-000F-4D1A-848F-6259541283A7}.Debug|x64.Build.0 = Debug|Any CPU
		{A55580DD-000F-4D1A-848F-6259541283A7}.Debug|x86.ActiveCfg = Debug|Any CPU
		{A55580DD-000F-4D1A-848F-6259541283A7}.Debug|x86.Build.0 = Debug|Any CPU
		{A55580DD-000F-4D1A-848F-6259541283A7}.Release|Any CPU.ActiveCfg = Release|Any CPU
		{A55580DD-000F-4D1A-848F-6259541283A7}.Release|Any CPU.Build.0 = Release|Any CPU
		{A55580DD-000F-4D1A-848F-6259541283A7}.Release|x64.ActiveCfg = Release|Any CPU
		{A55580DD-000F-4D1A-848F-6259541283A7}.Release|x64.Build.0 = Release|Any CPU
		{A55580DD-000F-4D1A-848F-6259541283A7}.Release|x86.ActiveCfg = Release|Any CPU
		{A55580DD-000F-4D1A-848F-6259541283A7}.Release|x86.Build.0 = Release|Any CPU
		{C5AA84F9-BBE8-45AA-9E7A-E2BD14729E69}.Debug|Any CPU.ActiveCfg = Debug|Any CPU
		{C5AA84F9-BBE8-45AA-9E7A-E2BD14729E69}.Debug|Any CPU.Build.0 = Debug|Any CPU
		{C5AA84F9-BBE8-45AA-9E7A-E2BD14729E69}.Debug|x64.ActiveCfg = Debug|Any CPU
		{C5AA84F9-BBE8-45AA-9E7A-E2BD14729E69}.Debug|x64.Build.0 = Debug|Any CPU
		{C5AA84F9-BBE8-45AA-9E7A-E2BD14729E69}.Debug|x86.ActiveCfg = Debug|Any CPU
		{C5AA84F9-BBE8-45AA-9E7A-E2BD14729E69}.Debug|x86.Build.0 = Debug|Any CPU
		{C5AA84F9-BBE8-45AA-9E7A-E2BD14729E69}.Release|Any CPU.ActiveCfg = Release|Any CPU
		{C5AA84F9-BBE8-45AA-9E7A-E2BD14729E69}.Release|Any CPU.Build.0 = Release|Any CPU
		{C5AA84F9-BBE8-45AA-9E7A-E2BD14729E69}.Release|x64.ActiveCfg = Release|Any CPU
		{C5AA84F9-BBE8-45AA-9E7A-E2BD14729E69}.Release|x64.Build.0 = Release|Any CPU
		{C5AA84F9-BBE8-45AA-9E7A-E2BD14729E69}.Release|x86.ActiveCfg = Release|Any CPU
		{C5AA84F9-BBE8-45AA-9E7A-E2BD14729E69}.Release|x86.Build.0 = Release|Any CPU
		{558F9F62-2162-424B-B4E9-81FB15CCB333}.Debug|Any CPU.ActiveCfg = Debug|Any CPU
		{558F9F62-2162-424B-B4E9-81FB15CCB333}.Debug|Any CPU.Build.0 = Debug|Any CPU
		{558F9F62-2162-424B-B4E9-81FB15CCB333}.Debug|x64.ActiveCfg = Debug|Any CPU
		{558F9F62-2162-424B-B4E9-81FB15CCB333}.Debug|x64.Build.0 = Debug|Any CPU
		{558F9F62-2162-424B-B4E9-81FB15CCB333}.Debug|x86.ActiveCfg = Debug|Any CPU
		{558F9F62-2162-424B-B4E9-81FB15CCB333}.Debug|x86.Build.0 = Debug|Any CPU
		{558F9F62-2162-424B-B4E9-81FB15CCB333}.Release|Any CPU.ActiveCfg = Release|Any CPU
		{558F9F62-2162-424B-B4E9-81FB15CCB333}.Release|Any CPU.Build.0 = Release|Any CPU
		{558F9F62-2162-424B-B4E9-81FB15CCB333}.Release|x64.ActiveCfg = Release|Any CPU
		{558F9F62-2162-424B-B4E9-81FB15CCB333}.Release|x64.Build.0 = Release|Any CPU
		{558F9F62-2162-424B-B4E9-81FB15CCB333}.Release|x86.ActiveCfg = Release|Any CPU
		{558F9F62-2162-424B-B4E9-81FB15CCB333}.Release|x86.Build.0 = Release|Any CPU
		{A894075F-9B2D-46C9-9B75-2721313402E6}.Debug|Any CPU.ActiveCfg = Debug|Any CPU
		{A894075F-9B2D-46C9-9B75-2721313402E6}.Debug|Any CPU.Build.0 = Debug|Any CPU
		{A894075F-9B2D-46C9-9B75-2721313402E6}.Debug|x64.ActiveCfg = Debug|Any CPU
		{A894075F-9B2D-46C9-9B75-2721313402E6}.Debug|x64.Build.0 = Debug|Any CPU
		{A894075F-9B2D-46C9-9B75-2721313402E6}.Debug|x86.ActiveCfg = Debug|Any CPU
		{A894075F-9B2D-46C9-9B75-2721313402E6}.Debug|x86.Build.0 = Debug|Any CPU
		{A894075F-9B2D-46C9-9B75-2721313402E6}.Release|Any CPU.ActiveCfg = Release|Any CPU
		{A894075F-9B2D-46C9-9B75-2721313402E6}.Release|Any CPU.Build.0 = Release|Any CPU
		{A894075F-9B2D-46C9-9B75-2721313402E6}.Release|x64.ActiveCfg = Release|Any CPU
		{A894075F-9B2D-46C9-9B75-2721313402E6}.Release|x64.Build.0 = Release|Any CPU
		{A894075F-9B2D-46C9-9B75-2721313402E6}.Release|x86.ActiveCfg = Release|Any CPU
		{A894075F-9B2D-46C9-9B75-2721313402E6}.Release|x86.Build.0 = Release|Any CPU
		{C33E7E9C-C8BD-4986-B57C-B6DC587F1659}.Debug|Any CPU.ActiveCfg = Debug|Any CPU
		{C33E7E9C-C8BD-4986-B57C-B6DC587F1659}.Debug|Any CPU.Build.0 = Debug|Any CPU
		{C33E7E9C-C8BD-4986-B57C-B6DC587F1659}.Debug|x64.ActiveCfg = Debug|Any CPU
		{C33E7E9C-C8BD-4986-B57C-B6DC587F1659}.Debug|x64.Build.0 = Debug|Any CPU
		{C33E7E9C-C8BD-4986-B57C-B6DC587F1659}.Debug|x86.ActiveCfg = Debug|Any CPU
		{C33E7E9C-C8BD-4986-B57C-B6DC587F1659}.Debug|x86.Build.0 = Debug|Any CPU
		{C33E7E9C-C8BD-4986-B57C-B6DC587F1659}.Release|Any CPU.ActiveCfg = Release|Any CPU
		{C33E7E9C-C8BD-4986-B57C-B6DC587F1659}.Release|Any CPU.Build.0 = Release|Any CPU
		{C33E7E9C-C8BD-4986-B57C-B6DC587F1659}.Release|x64.ActiveCfg = Release|Any CPU
		{C33E7E9C-C8BD-4986-B57C-B6DC587F1659}.Release|x64.Build.0 = Release|Any CPU
		{C33E7E9C-C8BD-4986-B57C-B6DC587F1659}.Release|x86.ActiveCfg = Release|Any CPU
		{C33E7E9C-C8BD-4986-B57C-B6DC587F1659}.Release|x86.Build.0 = Release|Any CPU
		{12BD5B1F-8293-4633-9A70-2D2847F79F72}.Debug|Any CPU.ActiveCfg = Debug|Any CPU
		{12BD5B1F-8293-4633-9A70-2D2847F79F72}.Debug|Any CPU.Build.0 = Debug|Any CPU
		{12BD5B1F-8293-4633-9A70-2D2847F79F72}.Debug|x64.ActiveCfg = Debug|Any CPU
		{12BD5B1F-8293-4633-9A70-2D2847F79F72}.Debug|x64.Build.0 = Debug|Any CPU
		{12BD5B1F-8293-4633-9A70-2D2847F79F72}.Debug|x86.ActiveCfg = Debug|Any CPU
		{12BD5B1F-8293-4633-9A70-2D2847F79F72}.Debug|x86.Build.0 = Debug|Any CPU
		{12BD5B1F-8293-4633-9A70-2D2847F79F72}.Release|Any CPU.ActiveCfg = Release|Any CPU
		{12BD5B1F-8293-4633-9A70-2D2847F79F72}.Release|Any CPU.Build.0 = Release|Any CPU
		{12BD5B1F-8293-4633-9A70-2D2847F79F72}.Release|x64.ActiveCfg = Release|Any CPU
		{12BD5B1F-8293-4633-9A70-2D2847F79F72}.Release|x64.Build.0 = Release|Any CPU
		{12BD5B1F-8293-4633-9A70-2D2847F79F72}.Release|x86.ActiveCfg = Release|Any CPU
		{12BD5B1F-8293-4633-9A70-2D2847F79F72}.Release|x86.Build.0 = Release|Any CPU
		{114577ED-CA38-4EA9-9460-ACCE3839B613}.Debug|Any CPU.ActiveCfg = Debug|Any CPU
		{114577ED-CA38-4EA9-9460-ACCE3839B613}.Debug|Any CPU.Build.0 = Debug|Any CPU
		{114577ED-CA38-4EA9-9460-ACCE3839B613}.Debug|x64.ActiveCfg = Debug|Any CPU
		{114577ED-CA38-4EA9-9460-ACCE3839B613}.Debug|x64.Build.0 = Debug|Any CPU
		{114577ED-CA38-4EA9-9460-ACCE3839B613}.Debug|x86.ActiveCfg = Debug|Any CPU
		{114577ED-CA38-4EA9-9460-ACCE3839B613}.Debug|x86.Build.0 = Debug|Any CPU
		{114577ED-CA38-4EA9-9460-ACCE3839B613}.Release|Any CPU.ActiveCfg = Release|Any CPU
		{114577ED-CA38-4EA9-9460-ACCE3839B613}.Release|Any CPU.Build.0 = Release|Any CPU
		{114577ED-CA38-4EA9-9460-ACCE3839B613}.Release|x64.ActiveCfg = Release|Any CPU
		{114577ED-CA38-4EA9-9460-ACCE3839B613}.Release|x64.Build.0 = Release|Any CPU
		{114577ED-CA38-4EA9-9460-ACCE3839B613}.Release|x86.ActiveCfg = Release|Any CPU
		{114577ED-CA38-4EA9-9460-ACCE3839B613}.Release|x86.Build.0 = Release|Any CPU
		{4AD4FBAB-3A07-4736-A7C1-742F059F611D}.Debug|Any CPU.ActiveCfg = Debug|Any CPU
		{4AD4FBAB-3A07-4736-A7C1-742F059F611D}.Debug|Any CPU.Build.0 = Debug|Any CPU
		{4AD4FBAB-3A07-4736-A7C1-742F059F611D}.Debug|x64.ActiveCfg = Debug|Any CPU
		{4AD4FBAB-3A07-4736-A7C1-742F059F611D}.Debug|x64.Build.0 = Debug|Any CPU
		{4AD4FBAB-3A07-4736-A7C1-742F059F611D}.Debug|x86.ActiveCfg = Debug|Any CPU
		{4AD4FBAB-3A07-4736-A7C1-742F059F611D}.Debug|x86.Build.0 = Debug|Any CPU
		{4AD4FBAB-3A07-4736-A7C1-742F059F611D}.Release|Any CPU.ActiveCfg = Release|Any CPU
		{4AD4FBAB-3A07-4736-A7C1-742F059F611D}.Release|Any CPU.Build.0 = Release|Any CPU
		{4AD4FBAB-3A07-4736-A7C1-742F059F611D}.Release|x64.ActiveCfg = Release|Any CPU
		{4AD4FBAB-3A07-4736-A7C1-742F059F611D}.Release|x64.Build.0 = Release|Any CPU
		{4AD4FBAB-3A07-4736-A7C1-742F059F611D}.Release|x86.ActiveCfg = Release|Any CPU
		{4AD4FBAB-3A07-4736-A7C1-742F059F611D}.Release|x86.Build.0 = Release|Any CPU
		{26889614-06D2-43D3-999F-340AEF54D68E}.Debug|Any CPU.ActiveCfg = Debug|Any CPU
		{26889614-06D2-43D3-999F-340AEF54D68E}.Debug|Any CPU.Build.0 = Debug|Any CPU
		{26889614-06D2-43D3-999F-340AEF54D68E}.Debug|x64.ActiveCfg = Debug|Any CPU
		{26889614-06D2-43D3-999F-340AEF54D68E}.Debug|x64.Build.0 = Debug|Any CPU
		{26889614-06D2-43D3-999F-340AEF54D68E}.Debug|x86.ActiveCfg = Debug|Any CPU
		{26889614-06D2-43D3-999F-340AEF54D68E}.Debug|x86.Build.0 = Debug|Any CPU
		{26889614-06D2-43D3-999F-340AEF54D68E}.Release|Any CPU.ActiveCfg = Release|Any CPU
		{26889614-06D2-43D3-999F-340AEF54D68E}.Release|Any CPU.Build.0 = Release|Any CPU
		{26889614-06D2-43D3-999F-340AEF54D68E}.Release|x64.ActiveCfg = Release|Any CPU
		{26889614-06D2-43D3-999F-340AEF54D68E}.Release|x64.Build.0 = Release|Any CPU
		{26889614-06D2-43D3-999F-340AEF54D68E}.Release|x86.ActiveCfg = Release|Any CPU
		{26889614-06D2-43D3-999F-340AEF54D68E}.Release|x86.Build.0 = Release|Any CPU
		{1A8A8590-2D47-44E1-820E-28ED976688DD}.Debug|Any CPU.ActiveCfg = Debug|Any CPU
		{1A8A8590-2D47-44E1-820E-28ED976688DD}.Debug|Any CPU.Build.0 = Debug|Any CPU
		{1A8A8590-2D47-44E1-820E-28ED976688DD}.Debug|x64.ActiveCfg = Debug|Any CPU
		{1A8A8590-2D47-44E1-820E-28ED976688DD}.Debug|x64.Build.0 = Debug|Any CPU
		{1A8A8590-2D47-44E1-820E-28ED976688DD}.Debug|x86.ActiveCfg = Debug|Any CPU
		{1A8A8590-2D47-44E1-820E-28ED976688DD}.Debug|x86.Build.0 = Debug|Any CPU
		{1A8A8590-2D47-44E1-820E-28ED976688DD}.Release|Any CPU.ActiveCfg = Release|Any CPU
		{1A8A8590-2D47-44E1-820E-28ED976688DD}.Release|Any CPU.Build.0 = Release|Any CPU
		{1A8A8590-2D47-44E1-820E-28ED976688DD}.Release|x64.ActiveCfg = Release|Any CPU
		{1A8A8590-2D47-44E1-820E-28ED976688DD}.Release|x64.Build.0 = Release|Any CPU
		{1A8A8590-2D47-44E1-820E-28ED976688DD}.Release|x86.ActiveCfg = Release|Any CPU
		{1A8A8590-2D47-44E1-820E-28ED976688DD}.Release|x86.Build.0 = Release|Any CPU
		{5DCF20C5-9BBD-44E2-96BE-323A845B99F4}.Debug|Any CPU.ActiveCfg = Release|x64
		{5DCF20C5-9BBD-44E2-96BE-323A845B99F4}.Debug|Any CPU.Build.0 = Release|x64
		{5DCF20C5-9BBD-44E2-96BE-323A845B99F4}.Debug|x64.ActiveCfg = Debug|x64
		{5DCF20C5-9BBD-44E2-96BE-323A845B99F4}.Debug|x64.Build.0 = Debug|x64
		{5DCF20C5-9BBD-44E2-96BE-323A845B99F4}.Debug|x86.ActiveCfg = Release|Win32
		{5DCF20C5-9BBD-44E2-96BE-323A845B99F4}.Debug|x86.Build.0 = Release|Win32
		{5DCF20C5-9BBD-44E2-96BE-323A845B99F4}.Release|Any CPU.ActiveCfg = Release|x64
		{5DCF20C5-9BBD-44E2-96BE-323A845B99F4}.Release|Any CPU.Build.0 = Release|x64
		{5DCF20C5-9BBD-44E2-96BE-323A845B99F4}.Release|x64.ActiveCfg = Release|x64
		{5DCF20C5-9BBD-44E2-96BE-323A845B99F4}.Release|x64.Build.0 = Release|x64
		{5DCF20C5-9BBD-44E2-96BE-323A845B99F4}.Release|x86.ActiveCfg = Release|Win32
		{5DCF20C5-9BBD-44E2-96BE-323A845B99F4}.Release|x86.Build.0 = Release|Win32
		{F0A6D0C8-4158-4D83-8AFD-10576BD7D859}.Debug|Any CPU.ActiveCfg = Debug|Any CPU
		{F0A6D0C8-4158-4D83-8AFD-10576BD7D859}.Debug|Any CPU.Build.0 = Debug|Any CPU
		{F0A6D0C8-4158-4D83-8AFD-10576BD7D859}.Debug|x64.ActiveCfg = Debug|Any CPU
		{F0A6D0C8-4158-4D83-8AFD-10576BD7D859}.Debug|x64.Build.0 = Debug|Any CPU
		{F0A6D0C8-4158-4D83-8AFD-10576BD7D859}.Debug|x86.ActiveCfg = Debug|Any CPU
		{F0A6D0C8-4158-4D83-8AFD-10576BD7D859}.Debug|x86.Build.0 = Debug|Any CPU
		{F0A6D0C8-4158-4D83-8AFD-10576BD7D859}.Release|Any CPU.ActiveCfg = Release|Any CPU
		{F0A6D0C8-4158-4D83-8AFD-10576BD7D859}.Release|Any CPU.Build.0 = Release|Any CPU
		{F0A6D0C8-4158-4D83-8AFD-10576BD7D859}.Release|x64.ActiveCfg = Release|Any CPU
		{F0A6D0C8-4158-4D83-8AFD-10576BD7D859}.Release|x64.Build.0 = Release|Any CPU
		{F0A6D0C8-4158-4D83-8AFD-10576BD7D859}.Release|x86.ActiveCfg = Release|Any CPU
		{F0A6D0C8-4158-4D83-8AFD-10576BD7D859}.Release|x86.Build.0 = Release|Any CPU
		{48FE3170-3687-4894-94C3-E886B911EAA0}.Debug|Any CPU.ActiveCfg = Debug|Any CPU
		{48FE3170-3687-4894-94C3-E886B911EAA0}.Debug|Any CPU.Build.0 = Debug|Any CPU
		{48FE3170-3687-4894-94C3-E886B911EAA0}.Debug|x64.ActiveCfg = Debug|Any CPU
		{48FE3170-3687-4894-94C3-E886B911EAA0}.Debug|x64.Build.0 = Debug|Any CPU
		{48FE3170-3687-4894-94C3-E886B911EAA0}.Debug|x86.ActiveCfg = Debug|Any CPU
		{48FE3170-3687-4894-94C3-E886B911EAA0}.Debug|x86.Build.0 = Debug|Any CPU
		{48FE3170-3687-4894-94C3-E886B911EAA0}.Release|Any CPU.ActiveCfg = Release|Any CPU
		{48FE3170-3687-4894-94C3-E886B911EAA0}.Release|Any CPU.Build.0 = Release|Any CPU
		{48FE3170-3687-4894-94C3-E886B911EAA0}.Release|x64.ActiveCfg = Release|Any CPU
		{48FE3170-3687-4894-94C3-E886B911EAA0}.Release|x64.Build.0 = Release|Any CPU
		{48FE3170-3687-4894-94C3-E886B911EAA0}.Release|x86.ActiveCfg = Release|Any CPU
		{48FE3170-3687-4894-94C3-E886B911EAA0}.Release|x86.Build.0 = Release|Any CPU
		{55C9E760-5732-4623-B30B-A9D8BA01D3AE}.Debug|Any CPU.ActiveCfg = Debug|Any CPU
		{55C9E760-5732-4623-B30B-A9D8BA01D3AE}.Debug|Any CPU.Build.0 = Debug|Any CPU
		{55C9E760-5732-4623-B30B-A9D8BA01D3AE}.Debug|x64.ActiveCfg = Debug|x64
		{55C9E760-5732-4623-B30B-A9D8BA01D3AE}.Debug|x64.Build.0 = Debug|x64
		{55C9E760-5732-4623-B30B-A9D8BA01D3AE}.Debug|x86.ActiveCfg = Debug|Any CPU
		{55C9E760-5732-4623-B30B-A9D8BA01D3AE}.Debug|x86.Build.0 = Debug|Any CPU
		{55C9E760-5732-4623-B30B-A9D8BA01D3AE}.Release|Any CPU.ActiveCfg = Release|Any CPU
		{55C9E760-5732-4623-B30B-A9D8BA01D3AE}.Release|Any CPU.Build.0 = Release|Any CPU
		{55C9E760-5732-4623-B30B-A9D8BA01D3AE}.Release|x64.ActiveCfg = Release|x64
		{55C9E760-5732-4623-B30B-A9D8BA01D3AE}.Release|x64.Build.0 = Release|x64
		{55C9E760-5732-4623-B30B-A9D8BA01D3AE}.Release|x86.ActiveCfg = Release|Any CPU
		{55C9E760-5732-4623-B30B-A9D8BA01D3AE}.Release|x86.Build.0 = Release|Any CPU
		{99763C5A-4F8A-455E-80A4-8760CB149290}.Debug|Any CPU.ActiveCfg = Debug|Any CPU
		{99763C5A-4F8A-455E-80A4-8760CB149290}.Debug|Any CPU.Build.0 = Debug|Any CPU
		{99763C5A-4F8A-455E-80A4-8760CB149290}.Debug|x64.ActiveCfg = Debug|Any CPU
		{99763C5A-4F8A-455E-80A4-8760CB149290}.Debug|x64.Build.0 = Debug|Any CPU
		{99763C5A-4F8A-455E-80A4-8760CB149290}.Debug|x86.ActiveCfg = Debug|Any CPU
		{99763C5A-4F8A-455E-80A4-8760CB149290}.Debug|x86.Build.0 = Debug|Any CPU
		{99763C5A-4F8A-455E-80A4-8760CB149290}.Release|Any CPU.ActiveCfg = Release|Any CPU
		{99763C5A-4F8A-455E-80A4-8760CB149290}.Release|Any CPU.Build.0 = Release|Any CPU
		{99763C5A-4F8A-455E-80A4-8760CB149290}.Release|x64.ActiveCfg = Release|Any CPU
		{99763C5A-4F8A-455E-80A4-8760CB149290}.Release|x64.Build.0 = Release|Any CPU
		{99763C5A-4F8A-455E-80A4-8760CB149290}.Release|x86.ActiveCfg = Release|Any CPU
		{99763C5A-4F8A-455E-80A4-8760CB149290}.Release|x86.Build.0 = Release|Any CPU
	EndGlobalSection
	GlobalSection(SolutionProperties) = preSolution
		HideSolutionNode = FALSE
	EndGlobalSection
	GlobalSection(NestedProjects) = preSolution
		{E40D1949-97DE-43E0-80AE-D7EBFFD18C32} = {A237D0C7-1BDE-4828-AAF9-E4B2579DAA92}
		{9D4A6C32-247C-42CB-B9B8-12C6AE764AD5} = {A237D0C7-1BDE-4828-AAF9-E4B2579DAA92}
		{69DDCF66-E8ED-4706-AB52-D49B885DCFD8} = {A237D0C7-1BDE-4828-AAF9-E4B2579DAA92}
		{373AE121-FC34-421C-B4B5-E083C0C1037F} = {A237D0C7-1BDE-4828-AAF9-E4B2579DAA92}
		{F1667046-D7D6-4983-BBD3-B39F8D257592} = {A237D0C7-1BDE-4828-AAF9-E4B2579DAA92}
		{9EEBC1D8-E069-460B-8D45-DEFB49BF83C2} = {4B65F34E-129D-46F9-9464-25737BC43029}
		{E6C47AA1-8569-455C-B06E-F22D0D2BBD1F} = {4B65F34E-129D-46F9-9464-25737BC43029}
		{168C7B27-3B32-4F3E-B8E6-99382C8E601C} = {A237D0C7-1BDE-4828-AAF9-E4B2579DAA92}
		{2C19F8F2-6D71-4209-B5C7-B153AAFDAC59} = {A237D0C7-1BDE-4828-AAF9-E4B2579DAA92}
		{10559875-C9A1-484C-BCFA-8DC53A428F1C} = {0C880B80-8ECC-4252-A9C9-00BAF5C58A3C}
		{9763935B-D7BB-4111-8C86-F8619124985F} = {A237D0C7-1BDE-4828-AAF9-E4B2579DAA92}
		{190BC611-EE00-4B10-87F2-A7E73B639E59} = {016834A7-5E0C-4356-81F4-E4034CD56BBD}
		{417FF287-D121-46DA-BE0D-A6E6019A5B7B} = {A237D0C7-1BDE-4828-AAF9-E4B2579DAA92}
		{FC071F03-B2EB-4895-A8BF-F29D1F209155} = {A237D0C7-1BDE-4828-AAF9-E4B2579DAA92}
		{90405A15-35EC-41F6-AB6A-7F2B9AE54B53} = {EC35AA9D-EAEC-4472-B134-C754B21C96C8}
		{EC35AA9D-EAEC-4472-B134-C754B21C96C8} = {82D5A236-3610-446D-95BA-3888BF6E8F25}
		{C84FD40F-6D87-43FA-BBAD-5CA3C8B98E44} = {4B65F34E-129D-46F9-9464-25737BC43029}
		{FBE04237-9C7B-4973-9C60-505975998B39} = {016834A7-5E0C-4356-81F4-E4034CD56BBD}
		{A55580DD-000F-4D1A-848F-6259541283A7} = {4B65F34E-129D-46F9-9464-25737BC43029}
		{C5AA84F9-BBE8-45AA-9E7A-E2BD14729E69} = {0C880B80-8ECC-4252-A9C9-00BAF5C58A3C}
		{558F9F62-2162-424B-B4E9-81FB15CCB333} = {016834A7-5E0C-4356-81F4-E4034CD56BBD}
		{A894075F-9B2D-46C9-9B75-2721313402E6} = {016834A7-5E0C-4356-81F4-E4034CD56BBD}
		{C33E7E9C-C8BD-4986-B57C-B6DC587F1659} = {0C880B80-8ECC-4252-A9C9-00BAF5C58A3C}
		{12BD5B1F-8293-4633-9A70-2D2847F79F72} = {EC35AA9D-EAEC-4472-B134-C754B21C96C8}
		{114577ED-CA38-4EA9-9460-ACCE3839B613} = {82D5A236-3610-446D-95BA-3888BF6E8F25}
		{4AD4FBAB-3A07-4736-A7C1-742F059F611D} = {82D5A236-3610-446D-95BA-3888BF6E8F25}
		{26889614-06D2-43D3-999F-340AEF54D68E} = {016834A7-5E0C-4356-81F4-E4034CD56BBD}
		{1A8A8590-2D47-44E1-820E-28ED976688DD} = {A237D0C7-1BDE-4828-AAF9-E4B2579DAA92}
		{5DCF20C5-9BBD-44E2-96BE-323A845B99F4} = {EC35AA9D-EAEC-4472-B134-C754B21C96C8}
		{F0A6D0C8-4158-4D83-8AFD-10576BD7D859} = {A237D0C7-1BDE-4828-AAF9-E4B2579DAA92}
		{48FE3170-3687-4894-94C3-E886B911EAA0} = {A237D0C7-1BDE-4828-AAF9-E4B2579DAA92}
		{55C9E760-5732-4623-B30B-A9D8BA01D3AE} = {A237D0C7-1BDE-4828-AAF9-E4B2579DAA92}
		{99763C5A-4F8A-455E-80A4-8760CB149290} = {A237D0C7-1BDE-4828-AAF9-E4B2579DAA92}
	EndGlobalSection
	GlobalSection(ExtensibilityGlobals) = postSolution
		SolutionGuid = {F4DC626A-22DF-4C8A-9686-8A694050B23E}
	EndGlobalSection
EndGlobal
