
Microsoft Visual Studio Solution File, Format Version 12.00
# Visual Studio 15
VisualStudioVersion = 15.0.26020.0
MinimumVisualStudioVersion = 10.0.40219.1
Project("{FAE04EC0-301F-11D3-BF4B-00C04F79EFBC}") = "Test old", "Test Projects\Test\Test old.csproj", "{E40D1949-97DE-43E0-80AE-D7EBFFD18C32}"
EndProject
Project("{FAE04EC0-301F-11D3-BF4B-00C04F79EFBC}") = "Wpf", "Test Projects\Wpf\Wpf.csproj", "{9D4A6C32-247C-42CB-B9B8-12C6AE764AD5}"
EndProject
Project("{FAE04EC0-301F-11D3-BF4B-00C04F79EFBC}") = "WinForms", "Test Projects\WinForms\WinForms.csproj", "{69DDCF66-E8ED-4706-AB52-D49B885DCFD8}"
EndProject
Project("{FAE04EC0-301F-11D3-BF4B-00C04F79EFBC}") = "ScriptClass", "Test Projects\ScriptClass\ScriptClass.csproj", "{373AE121-FC34-421C-B4B5-E083C0C1037F}"
EndProject
Project("{2150E333-8FDC-42A3-9474-1A3956D46DE8}") = "Test Projects", "Test Projects", "{A237D0C7-1BDE-4828-AAF9-E4B2579DAA92}"
EndProject
Project("{8BC9CEB8-8B4A-11D0-8D11-00A0C91BC942}") = "UnmanagedDll", "Test Projects\UnmanagedDll\UnmanagedDll.vcxproj", "{9763935B-D7BB-4111-8C86-F8619124985F}"
EndProject
Project("{2150E333-8FDC-42A3-9474-1A3956D46DE8}") = "App", "App", "{82D5A236-3610-446D-95BA-3888BF6E8F25}"
EndProject
Project("{2150E333-8FDC-42A3-9474-1A3956D46DE8}") = "Dll", "Dll", "{0C880B80-8ECC-4252-A9C9-00BAF5C58A3C}"
EndProject
Project("{F184B08F-C81C-45F6-A57F-5ABD9991F28F}") = "VB", "Test Projects\VB\VB.vbproj", "{F1667046-D7D6-4983-BBD3-B39F8D257592}"
EndProject
Project("{FAE04EC0-301F-11D3-BF4B-00C04F79EFBC}") = "CatkeysTasks", "Tasks\CatkeysTasks.csproj", "{A868D5B1-56FF-4179-A2EF-8C54F9C156D3}"
EndProject
Project("{FAE04EC0-301F-11D3-BF4B-00C04F79EFBC}") = "Catkeys.Compiler", "Compiler\Catkeys.Compiler.csproj", "{FA2B1C48-26C0-4AF9-82E8-B3E192FB4BE2}"
EndProject
Project("{FAE04EC0-301F-11D3-BF4B-00C04F79EFBC}") = "Catkeys.Triggers", "Triggers\Catkeys.Triggers.csproj", "{C8CED7D2-876D-48BE-9A2A-142864271C25}"
EndProject
Project("{FAE04EC0-301F-11D3-BF4B-00C04F79EFBC}") = "Catkeys", "Catkeys\Catkeys.csproj", "{D3087FAC-A12D-4365-A620-7574CD89B17F}"
EndProject
Project("{2150E333-8FDC-42A3-9474-1A3956D46DE8}") = "Other", "Other", "{4B65F34E-129D-46F9-9464-25737BC43029}"
EndProject
Project("{FAE04EC0-301F-11D3-BF4B-00C04F79EFBC}") = "SdkConverter", "Other\SdkConverter\SdkConverter.csproj", "{9EEBC1D8-E069-460B-8D45-DEFB49BF83C2}"
EndProject
Project("{8BC9CEB8-8B4A-11D0-8D11-00A0C91BC942}") = "SdkConverter C++ code test", "Other\SdkPreprocess\SdkPreprocess.vcxproj", "{E6C47AA1-8569-455C-B06E-F22D0D2BBD1F}"
EndProject
Project("{FAE04EC0-301F-11D3-BF4B-00C04F79EFBC}") = "Tests", "Tests\Tests.csproj", "{55C9E760-5732-4623-B30B-A9D8BA01D3AE}"
EndProject
Project("{FAE04EC0-301F-11D3-BF4B-00C04F79EFBC}") = "SQLite", "SQLite\SQLite.csproj", "{CDABAF39-0826-49E5-A550-7E300A01FCDC}"
EndProject
Project("{FAE04EC0-301F-11D3-BF4B-00C04F79EFBC}") = "ScintillaNET", "ScintillaNET\ScintillaNET.csproj", "{22AE2386-60F1-476E-9303-61CDB0AAC4CF}"
EndProject
Project("{FAE04EC0-301F-11D3-BF4B-00C04F79EFBC}") = "Editor", "Editor\Editor.csproj", "{466DE975-A615-4871-98BA-07C13E192953}"
EndProject
Project("{FAE04EC0-301F-11D3-BF4B-00C04F79EFBC}") = "G.Controls", "G.Controls\G.Controls.csproj", "{4C53EA3E-D770-41AC-9A19-381B840CD14A}"
EndProject
Project("{2150E333-8FDC-42A3-9474-1A3956D46DE8}") = "Help", "Help", "{63A18AE7-A97F-4D92-939A-6FE708D79F6E}"
EndProject
Project("{FAE04EC0-301F-11D3-BF4B-00C04F79EFBC}") = "LineBreaks", "Help\LineBreaks\LineBreaks.csproj", "{5E4EF1F4-388E-4FFE-B896-C126116FEEA5}"
EndProject
Project("{E24C65DC-7377-472B-9ABA-BC803B73C61A}") = "HelpHtml", "Help\HelpHtml\", "{5F2E4298-39D0-4F15-8D9F-558414281BF4}"
	ProjectSection(WebsiteProperties) = preProject
		TargetFrameworkMoniker = ".NETFramework,Version%3Dv4.5"
		Debug.AspNetCompiler.VirtualPath = "/localhost_65384"
		Debug.AspNetCompiler.PhysicalPath = "Help\HelpHtml\"
		Debug.AspNetCompiler.TargetPath = "PrecompiledWeb\localhost_65384\"
		Debug.AspNetCompiler.Updateable = "true"
		Debug.AspNetCompiler.ForceOverwrite = "true"
		Debug.AspNetCompiler.FixedNames = "false"
		Debug.AspNetCompiler.Debug = "True"
		Release.AspNetCompiler.VirtualPath = "/localhost_65384"
		Release.AspNetCompiler.PhysicalPath = "Help\HelpHtml\"
		Release.AspNetCompiler.TargetPath = "PrecompiledWeb\localhost_65384\"
		Release.AspNetCompiler.Updateable = "true"
		Release.AspNetCompiler.ForceOverwrite = "true"
		Release.AspNetCompiler.FixedNames = "false"
		Release.AspNetCompiler.Debug = "False"
		VWDPort = "65384"
		SlnRelativePath = "Help\HelpHtml\"
		DefaultWebSiteLanguage = "Visual C#"
	EndProjectSection
EndProject
Global
	GlobalSection(SolutionConfigurationPlatforms) = preSolution
		Debug|Any CPU = Debug|Any CPU
		Debug|x64 = Debug|x64
		Debug|x86 = Debug|x86
		Release|Any CPU = Release|Any CPU
		Release|x64 = Release|x64
		Release|x86 = Release|x86
	EndGlobalSection
	GlobalSection(ProjectConfigurationPlatforms) = postSolution
		{E40D1949-97DE-43E0-80AE-D7EBFFD18C32}.Debug|Any CPU.ActiveCfg = Debug|Any CPU
		{E40D1949-97DE-43E0-80AE-D7EBFFD18C32}.Debug|x64.ActiveCfg = Debug|Any CPU
		{E40D1949-97DE-43E0-80AE-D7EBFFD18C32}.Debug|x86.ActiveCfg = Debug|Any CPU
		{E40D1949-97DE-43E0-80AE-D7EBFFD18C32}.Release|Any CPU.ActiveCfg = Release|Any CPU
		{E40D1949-97DE-43E0-80AE-D7EBFFD18C32}.Release|x64.ActiveCfg = Release|Any CPU
		{E40D1949-97DE-43E0-80AE-D7EBFFD18C32}.Release|x86.ActiveCfg = Release|Any CPU
		{9D4A6C32-247C-42CB-B9B8-12C6AE764AD5}.Debug|Any CPU.ActiveCfg = Debug|Any CPU
		{9D4A6C32-247C-42CB-B9B8-12C6AE764AD5}.Debug|x64.ActiveCfg = Debug|Any CPU
		{9D4A6C32-247C-42CB-B9B8-12C6AE764AD5}.Debug|x86.ActiveCfg = Debug|Any CPU
		{9D4A6C32-247C-42CB-B9B8-12C6AE764AD5}.Release|Any CPU.ActiveCfg = Release|Any CPU
		{9D4A6C32-247C-42CB-B9B8-12C6AE764AD5}.Release|x64.ActiveCfg = Release|Any CPU
		{9D4A6C32-247C-42CB-B9B8-12C6AE764AD5}.Release|x86.ActiveCfg = Release|Any CPU
		{69DDCF66-E8ED-4706-AB52-D49B885DCFD8}.Debug|Any CPU.ActiveCfg = Debug|Any CPU
		{69DDCF66-E8ED-4706-AB52-D49B885DCFD8}.Debug|Any CPU.Build.0 = Debug|Any CPU
		{69DDCF66-E8ED-4706-AB52-D49B885DCFD8}.Debug|x64.ActiveCfg = Debug|Any CPU
		{69DDCF66-E8ED-4706-AB52-D49B885DCFD8}.Debug|x86.ActiveCfg = Debug|Any CPU
		{69DDCF66-E8ED-4706-AB52-D49B885DCFD8}.Release|Any CPU.ActiveCfg = Release|Any CPU
		{69DDCF66-E8ED-4706-AB52-D49B885DCFD8}.Release|Any CPU.Build.0 = Release|Any CPU
		{69DDCF66-E8ED-4706-AB52-D49B885DCFD8}.Release|x64.ActiveCfg = Release|Any CPU
		{69DDCF66-E8ED-4706-AB52-D49B885DCFD8}.Release|x86.ActiveCfg = Release|Any CPU
		{373AE121-FC34-421C-B4B5-E083C0C1037F}.Debug|Any CPU.ActiveCfg = Debug|Any CPU
		{373AE121-FC34-421C-B4B5-E083C0C1037F}.Debug|x64.ActiveCfg = Debug|Any CPU
		{373AE121-FC34-421C-B4B5-E083C0C1037F}.Debug|x86.ActiveCfg = Debug|Any CPU
		{373AE121-FC34-421C-B4B5-E083C0C1037F}.Release|Any CPU.ActiveCfg = Release|Any CPU
		{373AE121-FC34-421C-B4B5-E083C0C1037F}.Release|x64.ActiveCfg = Release|Any CPU
		{373AE121-FC34-421C-B4B5-E083C0C1037F}.Release|x86.ActiveCfg = Release|Any CPU
		{9763935B-D7BB-4111-8C86-F8619124985F}.Debug|Any CPU.ActiveCfg = Debug|x64
		{9763935B-D7BB-4111-8C86-F8619124985F}.Debug|x64.ActiveCfg = Debug|x64
		{9763935B-D7BB-4111-8C86-F8619124985F}.Debug|x86.ActiveCfg = Debug|Win32
		{9763935B-D7BB-4111-8C86-F8619124985F}.Release|Any CPU.ActiveCfg = Release|x64
		{9763935B-D7BB-4111-8C86-F8619124985F}.Release|x64.ActiveCfg = Release|x64
		{9763935B-D7BB-4111-8C86-F8619124985F}.Release|x86.ActiveCfg = Release|Win32
		{F1667046-D7D6-4983-BBD3-B39F8D257592}.Debug|Any CPU.ActiveCfg = Debug|Any CPU
		{F1667046-D7D6-4983-BBD3-B39F8D257592}.Debug|x64.ActiveCfg = Debug|Any CPU
		{F1667046-D7D6-4983-BBD3-B39F8D257592}.Debug|x86.ActiveCfg = Debug|Any CPU
		{F1667046-D7D6-4983-BBD3-B39F8D257592}.Release|Any CPU.ActiveCfg = Release|Any CPU
		{F1667046-D7D6-4983-BBD3-B39F8D257592}.Release|x64.ActiveCfg = Release|Any CPU
		{F1667046-D7D6-4983-BBD3-B39F8D257592}.Release|x86.ActiveCfg = Release|Any CPU
		{A868D5B1-56FF-4179-A2EF-8C54F9C156D3}.Debug|Any CPU.ActiveCfg = Debug|Any CPU
		{A868D5B1-56FF-4179-A2EF-8C54F9C156D3}.Debug|Any CPU.Build.0 = Debug|Any CPU
		{A868D5B1-56FF-4179-A2EF-8C54F9C156D3}.Debug|x64.ActiveCfg = Debug|Any CPU
		{A868D5B1-56FF-4179-A2EF-8C54F9C156D3}.Debug|x64.Build.0 = Debug|Any CPU
		{A868D5B1-56FF-4179-A2EF-8C54F9C156D3}.Debug|x86.ActiveCfg = Debug|x86
		{A868D5B1-56FF-4179-A2EF-8C54F9C156D3}.Debug|x86.Build.0 = Debug|x86
		{A868D5B1-56FF-4179-A2EF-8C54F9C156D3}.Release|Any CPU.ActiveCfg = Release|Any CPU
		{A868D5B1-56FF-4179-A2EF-8C54F9C156D3}.Release|Any CPU.Build.0 = Release|Any CPU
		{A868D5B1-56FF-4179-A2EF-8C54F9C156D3}.Release|x64.ActiveCfg = Release|Any CPU
		{A868D5B1-56FF-4179-A2EF-8C54F9C156D3}.Release|x64.Build.0 = Release|Any CPU
		{A868D5B1-56FF-4179-A2EF-8C54F9C156D3}.Release|x86.ActiveCfg = Release|x86
		{A868D5B1-56FF-4179-A2EF-8C54F9C156D3}.Release|x86.Build.0 = Release|x86
		{FA2B1C48-26C0-4AF9-82E8-B3E192FB4BE2}.Debug|Any CPU.ActiveCfg = Debug|Any CPU
		{FA2B1C48-26C0-4AF9-82E8-B3E192FB4BE2}.Debug|Any CPU.Build.0 = Debug|Any CPU
		{FA2B1C48-26C0-4AF9-82E8-B3E192FB4BE2}.Debug|x64.ActiveCfg = Debug|Any CPU
		{FA2B1C48-26C0-4AF9-82E8-B3E192FB4BE2}.Debug|x64.Build.0 = Debug|Any CPU
		{FA2B1C48-26C0-4AF9-82E8-B3E192FB4BE2}.Debug|x86.ActiveCfg = Debug|x86
		{FA2B1C48-26C0-4AF9-82E8-B3E192FB4BE2}.Debug|x86.Build.0 = Debug|x86
		{FA2B1C48-26C0-4AF9-82E8-B3E192FB4BE2}.Release|Any CPU.ActiveCfg = Release|Any CPU
		{FA2B1C48-26C0-4AF9-82E8-B3E192FB4BE2}.Release|Any CPU.Build.0 = Release|Any CPU
		{FA2B1C48-26C0-4AF9-82E8-B3E192FB4BE2}.Release|x64.ActiveCfg = Release|Any CPU
		{FA2B1C48-26C0-4AF9-82E8-B3E192FB4BE2}.Release|x64.Build.0 = Release|Any CPU
		{FA2B1C48-26C0-4AF9-82E8-B3E192FB4BE2}.Release|x86.ActiveCfg = Release|x86
		{FA2B1C48-26C0-4AF9-82E8-B3E192FB4BE2}.Release|x86.Build.0 = Release|x86
		{C8CED7D2-876D-48BE-9A2A-142864271C25}.Debug|Any CPU.ActiveCfg = Debug|Any CPU
		{C8CED7D2-876D-48BE-9A2A-142864271C25}.Debug|Any CPU.Build.0 = Debug|Any CPU
		{C8CED7D2-876D-48BE-9A2A-142864271C25}.Debug|x64.ActiveCfg = Debug|Any CPU
		{C8CED7D2-876D-48BE-9A2A-142864271C25}.Debug|x64.Build.0 = Debug|Any CPU
		{C8CED7D2-876D-48BE-9A2A-142864271C25}.Debug|x86.ActiveCfg = Debug|x86
		{C8CED7D2-876D-48BE-9A2A-142864271C25}.Debug|x86.Build.0 = Debug|x86
		{C8CED7D2-876D-48BE-9A2A-142864271C25}.Release|Any CPU.ActiveCfg = Release|Any CPU
		{C8CED7D2-876D-48BE-9A2A-142864271C25}.Release|Any CPU.Build.0 = Release|Any CPU
		{C8CED7D2-876D-48BE-9A2A-142864271C25}.Release|x64.ActiveCfg = Release|Any CPU
		{C8CED7D2-876D-48BE-9A2A-142864271C25}.Release|x64.Build.0 = Release|Any CPU
		{C8CED7D2-876D-48BE-9A2A-142864271C25}.Release|x86.ActiveCfg = Release|x86
		{C8CED7D2-876D-48BE-9A2A-142864271C25}.Release|x86.Build.0 = Release|x86
		{D3087FAC-A12D-4365-A620-7574CD89B17F}.Debug|Any CPU.ActiveCfg = Debug|Any CPU
		{D3087FAC-A12D-4365-A620-7574CD89B17F}.Debug|Any CPU.Build.0 = Debug|Any CPU
		{D3087FAC-A12D-4365-A620-7574CD89B17F}.Debug|x64.ActiveCfg = Debug|Any CPU
		{D3087FAC-A12D-4365-A620-7574CD89B17F}.Debug|x64.Build.0 = Debug|Any CPU
		{D3087FAC-A12D-4365-A620-7574CD89B17F}.Debug|x86.ActiveCfg = Debug|x86
		{D3087FAC-A12D-4365-A620-7574CD89B17F}.Debug|x86.Build.0 = Debug|x86
		{D3087FAC-A12D-4365-A620-7574CD89B17F}.Release|Any CPU.ActiveCfg = Release|Any CPU
		{D3087FAC-A12D-4365-A620-7574CD89B17F}.Release|Any CPU.Build.0 = Release|Any CPU
		{D3087FAC-A12D-4365-A620-7574CD89B17F}.Release|x64.ActiveCfg = Release|Any CPU
		{D3087FAC-A12D-4365-A620-7574CD89B17F}.Release|x64.Build.0 = Release|Any CPU
		{D3087FAC-A12D-4365-A620-7574CD89B17F}.Release|x86.ActiveCfg = Release|x86
		{D3087FAC-A12D-4365-A620-7574CD89B17F}.Release|x86.Build.0 = Release|x86
		{9EEBC1D8-E069-460B-8D45-DEFB49BF83C2}.Debug|Any CPU.ActiveCfg = Debug|Any CPU
		{9EEBC1D8-E069-460B-8D45-DEFB49BF83C2}.Debug|x64.ActiveCfg = Debug|Any CPU
		{9EEBC1D8-E069-460B-8D45-DEFB49BF83C2}.Debug|x64.Build.0 = Debug|Any CPU
		{9EEBC1D8-E069-460B-8D45-DEFB49BF83C2}.Debug|x86.ActiveCfg = Debug|Any CPU
		{9EEBC1D8-E069-460B-8D45-DEFB49BF83C2}.Debug|x86.Build.0 = Debug|Any CPU
		{9EEBC1D8-E069-460B-8D45-DEFB49BF83C2}.Release|Any CPU.ActiveCfg = Release|Any CPU
		{9EEBC1D8-E069-460B-8D45-DEFB49BF83C2}.Release|x64.ActiveCfg = Release|Any CPU
		{9EEBC1D8-E069-460B-8D45-DEFB49BF83C2}.Release|x64.Build.0 = Release|Any CPU
		{9EEBC1D8-E069-460B-8D45-DEFB49BF83C2}.Release|x86.ActiveCfg = Release|Any CPU
		{9EEBC1D8-E069-460B-8D45-DEFB49BF83C2}.Release|x86.Build.0 = Release|Any CPU
		{E6C47AA1-8569-455C-B06E-F22D0D2BBD1F}.Debug|Any CPU.ActiveCfg = Debug|Win32
		{E6C47AA1-8569-455C-B06E-F22D0D2BBD1F}.Debug|x64.ActiveCfg = Debug|x64
		{E6C47AA1-8569-455C-B06E-F22D0D2BBD1F}.Debug|x86.ActiveCfg = Debug|Win32
		{E6C47AA1-8569-455C-B06E-F22D0D2BBD1F}.Release|Any CPU.ActiveCfg = Release|Win32
		{E6C47AA1-8569-455C-B06E-F22D0D2BBD1F}.Release|x64.ActiveCfg = Release|x64
		{E6C47AA1-8569-455C-B06E-F22D0D2BBD1F}.Release|x86.ActiveCfg = Release|Win32
		{55C9E760-5732-4623-B30B-A9D8BA01D3AE}.Debug|Any CPU.ActiveCfg = Debug|Any CPU
		{55C9E760-5732-4623-B30B-A9D8BA01D3AE}.Debug|Any CPU.Build.0 = Debug|Any CPU
		{55C9E760-5732-4623-B30B-A9D8BA01D3AE}.Debug|x64.ActiveCfg = Debug|Any CPU
		{55C9E760-5732-4623-B30B-A9D8BA01D3AE}.Debug|x64.Build.0 = Debug|Any CPU
		{55C9E760-5732-4623-B30B-A9D8BA01D3AE}.Debug|x86.ActiveCfg = Debug|Any CPU
		{55C9E760-5732-4623-B30B-A9D8BA01D3AE}.Debug|x86.Build.0 = Debug|Any CPU
		{55C9E760-5732-4623-B30B-A9D8BA01D3AE}.Release|Any CPU.ActiveCfg = Release|Any CPU
		{55C9E760-5732-4623-B30B-A9D8BA01D3AE}.Release|Any CPU.Build.0 = Release|Any CPU
		{55C9E760-5732-4623-B30B-A9D8BA01D3AE}.Release|x64.ActiveCfg = Release|Any CPU
		{55C9E760-5732-4623-B30B-A9D8BA01D3AE}.Release|x64.Build.0 = Release|Any CPU
		{55C9E760-5732-4623-B30B-A9D8BA01D3AE}.Release|x86.ActiveCfg = Release|x86
		{55C9E760-5732-4623-B30B-A9D8BA01D3AE}.Release|x86.Build.0 = Release|x86
		{CDABAF39-0826-49E5-A550-7E300A01FCDC}.Debug|Any CPU.ActiveCfg = Debug|Any CPU
		{CDABAF39-0826-49E5-A550-7E300A01FCDC}.Debug|x64.ActiveCfg = Debug|Any CPU
		{CDABAF39-0826-49E5-A550-7E300A01FCDC}.Debug|x64.Build.0 = Debug|Any CPU
		{CDABAF39-0826-49E5-A550-7E300A01FCDC}.Debug|x86.ActiveCfg = Debug|Any CPU
		{CDABAF39-0826-49E5-A550-7E300A01FCDC}.Debug|x86.Build.0 = Debug|Any CPU
		{CDABAF39-0826-49E5-A550-7E300A01FCDC}.Release|Any CPU.ActiveCfg = Release|Any CPU
		{CDABAF39-0826-49E5-A550-7E300A01FCDC}.Release|x64.ActiveCfg = Release|Any CPU
		{CDABAF39-0826-49E5-A550-7E300A01FCDC}.Release|x64.Build.0 = Release|Any CPU
		{CDABAF39-0826-49E5-A550-7E300A01FCDC}.Release|x86.ActiveCfg = Release|Any CPU
		{CDABAF39-0826-49E5-A550-7E300A01FCDC}.Release|x86.Build.0 = Release|Any CPU
		{22AE2386-60F1-476E-9303-61CDB0AAC4CF}.Debug|Any CPU.ActiveCfg = Debug|Any CPU
		{22AE2386-60F1-476E-9303-61CDB0AAC4CF}.Debug|Any CPU.Build.0 = Debug|Any CPU
		{22AE2386-60F1-476E-9303-61CDB0AAC4CF}.Debug|x64.ActiveCfg = Debug|Any CPU
		{22AE2386-60F1-476E-9303-61CDB0AAC4CF}.Debug|x86.ActiveCfg = Debug|x86
		{22AE2386-60F1-476E-9303-61CDB0AAC4CF}.Debug|x86.Build.0 = Debug|x86
		{22AE2386-60F1-476E-9303-61CDB0AAC4CF}.Release|Any CPU.ActiveCfg = Release|Any CPU
		{22AE2386-60F1-476E-9303-61CDB0AAC4CF}.Release|Any CPU.Build.0 = Release|Any CPU
		{22AE2386-60F1-476E-9303-61CDB0AAC4CF}.Release|x64.ActiveCfg = Release|Any CPU
		{22AE2386-60F1-476E-9303-61CDB0AAC4CF}.Release|x86.ActiveCfg = Release|x86
		{22AE2386-60F1-476E-9303-61CDB0AAC4CF}.Release|x86.Build.0 = Release|x86
		{466DE975-A615-4871-98BA-07C13E192953}.Debug|Any CPU.ActiveCfg = Debug|Any CPU
		{466DE975-A615-4871-98BA-07C13E192953}.Debug|Any CPU.Build.0 = Debug|Any CPU
		{466DE975-A615-4871-98BA-07C13E192953}.Debug|x64.ActiveCfg = Debug|Any CPU
		{466DE975-A615-4871-98BA-07C13E192953}.Debug|x64.Build.0 = Debug|Any CPU
		{466DE975-A615-4871-98BA-07C13E192953}.Debug|x86.ActiveCfg = Debug|Any CPU
		{466DE975-A615-4871-98BA-07C13E192953}.Debug|x86.Build.0 = Debug|Any CPU
		{466DE975-A615-4871-98BA-07C13E192953}.Release|Any CPU.ActiveCfg = Release|Any CPU
		{466DE975-A615-4871-98BA-07C13E192953}.Release|Any CPU.Build.0 = Release|Any CPU
		{466DE975-A615-4871-98BA-07C13E192953}.Release|x64.ActiveCfg = Release|Any CPU
		{466DE975-A615-4871-98BA-07C13E192953}.Release|x64.Build.0 = Release|Any CPU
		{466DE975-A615-4871-98BA-07C13E192953}.Release|x86.ActiveCfg = Release|x86
		{466DE975-A615-4871-98BA-07C13E192953}.Release|x86.Build.0 = Release|x86
		{4C53EA3E-D770-41AC-9A19-381B840CD14A}.Debug|Any CPU.ActiveCfg = Debug|Any CPU
		{4C53EA3E-D770-41AC-9A19-381B840CD14A}.Debug|Any CPU.Build.0 = Debug|Any CPU
		{4C53EA3E-D770-41AC-9A19-381B840CD14A}.Debug|x64.ActiveCfg = Debug|Any CPU
		{4C53EA3E-D770-41AC-9A19-381B840CD14A}.Debug|x64.Build.0 = Debug|Any CPU
		{4C53EA3E-D770-41AC-9A19-381B840CD14A}.Debug|x86.ActiveCfg = Debug|Any CPU
		{4C53EA3E-D770-41AC-9A19-381B840CD14A}.Debug|x86.Build.0 = Debug|Any CPU
		{4C53EA3E-D770-41AC-9A19-381B840CD14A}.Release|Any CPU.ActiveCfg = Release|Any CPU
		{4C53EA3E-D770-41AC-9A19-381B840CD14A}.Release|Any CPU.Build.0 = Release|Any CPU
		{4C53EA3E-D770-41AC-9A19-381B840CD14A}.Release|x64.ActiveCfg = Release|Any CPU
		{4C53EA3E-D770-41AC-9A19-381B840CD14A}.Release|x64.Build.0 = Release|Any CPU
		{4C53EA3E-D770-41AC-9A19-381B840CD14A}.Release|x86.ActiveCfg = Release|Any CPU
		{4C53EA3E-D770-41AC-9A19-381B840CD14A}.Release|x86.Build.0 = Release|Any CPU
		{5E4EF1F4-388E-4FFE-B896-C126116FEEA5}.Debug|Any CPU.ActiveCfg = Debug|Any CPU
		{5E4EF1F4-388E-4FFE-B896-C126116FEEA5}.Debug|x64.ActiveCfg = Debug|Any CPU
		{5E4EF1F4-388E-4FFE-B896-C126116FEEA5}.Debug|x64.Build.0 = Debug|Any CPU
		{5E4EF1F4-388E-4FFE-B896-C126116FEEA5}.Debug|x86.ActiveCfg = Debug|Any CPU
		{5E4EF1F4-388E-4FFE-B896-C126116FEEA5}.Debug|x86.Build.0 = Debug|Any CPU
		{5E4EF1F4-388E-4FFE-B896-C126116FEEA5}.Release|Any CPU.ActiveCfg = Release|Any CPU
		{5E4EF1F4-388E-4FFE-B896-C126116FEEA5}.Release|Any CPU.Build.0 = Release|Any CPU
		{5E4EF1F4-388E-4FFE-B896-C126116FEEA5}.Release|x64.ActiveCfg = Release|Any CPU
		{5E4EF1F4-388E-4FFE-B896-C126116FEEA5}.Release|x64.Build.0 = Release|Any CPU
		{5E4EF1F4-388E-4FFE-B896-C126116FEEA5}.Release|x86.ActiveCfg = Release|Any CPU
		{5E4EF1F4-388E-4FFE-B896-C126116FEEA5}.Release|x86.Build.0 = Release|Any CPU
		{5F2E4298-39D0-4F15-8D9F-558414281BF4}.Debug|Any CPU.ActiveCfg = Debug|Any CPU
		{5F2E4298-39D0-4F15-8D9F-558414281BF4}.Debug|Any CPU.Build.0 = Debug|Any CPU
		{5F2E4298-39D0-4F15-8D9F-558414281BF4}.Debug|x64.ActiveCfg = Debug|Any CPU
		{5F2E4298-39D0-4F15-8D9F-558414281BF4}.Debug|x64.Build.0 = Debug|Any CPU
		{5F2E4298-39D0-4F15-8D9F-558414281BF4}.Debug|x86.ActiveCfg = Debug|Any CPU
		{5F2E4298-39D0-4F15-8D9F-558414281BF4}.Debug|x86.Build.0 = Debug|Any CPU
		{5F2E4298-39D0-4F15-8D9F-558414281BF4}.Release|Any CPU.ActiveCfg = Debug|Any CPU
		{5F2E4298-39D0-4F15-8D9F-558414281BF4}.Release|Any CPU.Build.0 = Debug|Any CPU
		{5F2E4298-39D0-4F15-8D9F-558414281BF4}.Release|x64.ActiveCfg = Debug|Any CPU
		{5F2E4298-39D0-4F15-8D9F-558414281BF4}.Release|x64.Build.0 = Debug|Any CPU
		{5F2E4298-39D0-4F15-8D9F-558414281BF4}.Release|x86.ActiveCfg = Debug|Any CPU
		{5F2E4298-39D0-4F15-8D9F-558414281BF4}.Release|x86.Build.0 = Debug|Any CPU
	EndGlobalSection
	GlobalSection(SolutionProperties) = preSolution
		HideSolutionNode = FALSE
	EndGlobalSection
	GlobalSection(NestedProjects) = preSolution
		{E40D1949-97DE-43E0-80AE-D7EBFFD18C32} = {A237D0C7-1BDE-4828-AAF9-E4B2579DAA92}
		{9D4A6C32-247C-42CB-B9B8-12C6AE764AD5} = {A237D0C7-1BDE-4828-AAF9-E4B2579DAA92}
		{69DDCF66-E8ED-4706-AB52-D49B885DCFD8} = {A237D0C7-1BDE-4828-AAF9-E4B2579DAA92}
		{373AE121-FC34-421C-B4B5-E083C0C1037F} = {A237D0C7-1BDE-4828-AAF9-E4B2579DAA92}
		{9763935B-D7BB-4111-8C86-F8619124985F} = {A237D0C7-1BDE-4828-AAF9-E4B2579DAA92}
		{F1667046-D7D6-4983-BBD3-B39F8D257592} = {A237D0C7-1BDE-4828-AAF9-E4B2579DAA92}
		{A868D5B1-56FF-4179-A2EF-8C54F9C156D3} = {82D5A236-3610-446D-95BA-3888BF6E8F25}
		{FA2B1C48-26C0-4AF9-82E8-B3E192FB4BE2} = {0C880B80-8ECC-4252-A9C9-00BAF5C58A3C}
		{C8CED7D2-876D-48BE-9A2A-142864271C25} = {0C880B80-8ECC-4252-A9C9-00BAF5C58A3C}
		{D3087FAC-A12D-4365-A620-7574CD89B17F} = {0C880B80-8ECC-4252-A9C9-00BAF5C58A3C}
		{9EEBC1D8-E069-460B-8D45-DEFB49BF83C2} = {4B65F34E-129D-46F9-9464-25737BC43029}
		{E6C47AA1-8569-455C-B06E-F22D0D2BBD1F} = {4B65F34E-129D-46F9-9464-25737BC43029}
		{55C9E760-5732-4623-B30B-A9D8BA01D3AE} = {82D5A236-3610-446D-95BA-3888BF6E8F25}
		{CDABAF39-0826-49E5-A550-7E300A01FCDC} = {0C880B80-8ECC-4252-A9C9-00BAF5C58A3C}
		{22AE2386-60F1-476E-9303-61CDB0AAC4CF} = {0C880B80-8ECC-4252-A9C9-00BAF5C58A3C}
		{466DE975-A615-4871-98BA-07C13E192953} = {82D5A236-3610-446D-95BA-3888BF6E8F25}
		{4C53EA3E-D770-41AC-9A19-381B840CD14A} = {0C880B80-8ECC-4252-A9C9-00BAF5C58A3C}
		{5E4EF1F4-388E-4FFE-B896-C126116FEEA5} = {63A18AE7-A97F-4D92-939A-6FE708D79F6E}
		{5F2E4298-39D0-4F15-8D9F-558414281BF4} = {63A18AE7-A97F-4D92-939A-6FE708D79F6E}
	EndGlobalSection
EndGlobal
